// !$*UTF8*$!
{
	archiveVersion = 1;
	classes = {
	};
	objectVersion = 46;
	objects = {

/* Begin PBXBuildFile section */
		3C141D46156B679C000D884E /* image_loading.png in Resources */ = {isa = PBXBuildFile; fileRef = 3C141D45156B679C000D884E /* image_loading.png */; };
		3C1F96001559981C0062C7E1 /* Location.m in Sources */ = {isa = PBXBuildFile; fileRef = 3C1F95FF1559981C0062C7E1 /* Location.m */; };
		3C1F96021559CE280062C7E1 /* LocationCell.xib in Resources */ = {isa = PBXBuildFile; fileRef = 3C1F96011559CE280062C7E1 /* LocationCell.xib */; };
		3C1F9604155A074A0062C7E1 /* FindMenuViewController.xib in Resources */ = {isa = PBXBuildFile; fileRef = 3C1F9603155A074A0062C7E1 /* FindMenuViewController.xib */; };
		3C2086FB15620E8400A16BF0 /* CurrentMenuView.xib in Resources */ = {isa = PBXBuildFile; fileRef = 3C2086FA15620E8400A16BF0 /* CurrentMenuView.xib */; };
		3C2086FD1562248600A16BF0 /* MostLikedView.xib in Resources */ = {isa = PBXBuildFile; fileRef = 3C2086FC1562248600A16BF0 /* MostLikedView.xib */; };
		3C2086FF156224C400A16BF0 /* RestaurantView.xib in Resources */ = {isa = PBXBuildFile; fileRef = 3C2086FE156224C400A16BF0 /* RestaurantView.xib */; };
		3C2087031562261C00A16BF0 /* AllMenusView.xib in Resources */ = {isa = PBXBuildFile; fileRef = 3C2087021562261C00A16BF0 /* AllMenusView.xib */; };
		3C208706156235EE00A16BF0 /* OrderedDictionary.m in Sources */ = {isa = PBXBuildFile; fileRef = 3C208705156235EE00A16BF0 /* OrderedDictionary.m */; };
		3C20870815635E3D00A16BF0 /* MenuItemCell.xib in Resources */ = {isa = PBXBuildFile; fileRef = 3C20870715635E3D00A16BF0 /* MenuItemCell.xib */; };
		3C256E131558FEE50092FD9C /* find_menu@2x.png in Resources */ = {isa = PBXBuildFile; fileRef = 3C256E121558FEE50092FD9C /* find_menu@2x.png */; };
		3C256E171558FEF50092FD9C /* view_profile@2x.png in Resources */ = {isa = PBXBuildFile; fileRef = 3C256E151558FEF50092FD9C /* view_profile@2x.png */; };
		3C256E181558FEF50092FD9C /* take_photo@2x.png in Resources */ = {isa = PBXBuildFile; fileRef = 3C256E161558FEF50092FD9C /* take_photo@2x.png */; };
		3C5D56B41564E31E003F3EC7 /* QuartzCore.framework in Frameworks */ = {isa = PBXBuildFile; fileRef = 3C5D56B31564E31E003F3EC7 /* QuartzCore.framework */; };
		3C5D56BC15660634003F3EC7 /* add_photo.png in Resources */ = {isa = PBXBuildFile; fileRef = 3C5D56BA15660634003F3EC7 /* add_photo.png */; };
		3C5D56BD15660634003F3EC7 /* add_photo@2x.png in Resources */ = {isa = PBXBuildFile; fileRef = 3C5D56BB15660634003F3EC7 /* add_photo@2x.png */; };
		3C5D56C0156614D9003F3EC7 /* Restaurant.m in Sources */ = {isa = PBXBuildFile; fileRef = 3C5D56BF156614D9003F3EC7 /* Restaurant.m */; };
		3C5F9D7E155E6760002ED96E /* MenuItem.m in Sources */ = {isa = PBXBuildFile; fileRef = 3C5F9D7D155E6760002ED96E /* MenuItem.m */; };
		3C5F9D8A1561897F002ED96E /* nav_bar_background.png in Resources */ = {isa = PBXBuildFile; fileRef = 3C5F9D891561897F002ED96E /* nav_bar_background.png */; };
		3C5F9D8C15618A2F002ED96E /* nav_bar_background@2x.png in Resources */ = {isa = PBXBuildFile; fileRef = 3C5F9D8B15618A2F002ED96E /* nav_bar_background@2x.png */; };
		3C9594351550C7D100627182 /* UIKit.framework in Frameworks */ = {isa = PBXBuildFile; fileRef = 3C9594341550C7D100627182 /* UIKit.framework */; };
		3C9594371550C7D100627182 /* Foundation.framework in Frameworks */ = {isa = PBXBuildFile; fileRef = 3C9594361550C7D100627182 /* Foundation.framework */; };
		3C9594391550C7D100627182 /* CoreGraphics.framework in Frameworks */ = {isa = PBXBuildFile; fileRef = 3C9594381550C7D100627182 /* CoreGraphics.framework */; };
		3C95943F1550C7D100627182 /* InfoPlist.strings in Resources */ = {isa = PBXBuildFile; fileRef = 3C95943D1550C7D100627182 /* InfoPlist.strings */; };
		3C9594411550C7D100627182 /* main.m in Sources */ = {isa = PBXBuildFile; fileRef = 3C9594401550C7D100627182 /* main.m */; };
		3C9594451550C7D100627182 /* AppDelegate.m in Sources */ = {isa = PBXBuildFile; fileRef = 3C9594441550C7D100627182 /* AppDelegate.m */; };
		3C95945B15521F1D00627182 /* IIViewDeckController.m in Sources */ = {isa = PBXBuildFile; fileRef = 3C95945A15521F1D00627182 /* IIViewDeckController.m */; };
		3C95945E15521F3600627182 /* WrapController.m in Sources */ = {isa = PBXBuildFile; fileRef = 3C95945D15521F3600627182 /* WrapController.m */; };
		3C9594671552211300627182 /* NavController.m in Sources */ = {isa = PBXBuildFile; fileRef = 3C9594651552211300627182 /* NavController.m */; };
		3C9594681552211300627182 /* NavController.xib in Resources */ = {isa = PBXBuildFile; fileRef = 3C9594661552211300627182 /* NavController.xib */; };
		3C959478155252BA00627182 /* menu_header_separator.png in Resources */ = {isa = PBXBuildFile; fileRef = 3C959477155252BA00627182 /* menu_header_separator.png */; };
		3C95947C1552554600627182 /* menu_separator.png in Resources */ = {isa = PBXBuildFile; fileRef = 3C95947B1552554600627182 /* menu_separator.png */; };
		3C95948C1552851C00627182 /* ImageUtil.m in Sources */ = {isa = PBXBuildFile; fileRef = 3C95948B1552851C00627182 /* ImageUtil.m */; };
		3C95949B155338FA00627182 /* FindMenuViewController.m in Sources */ = {isa = PBXBuildFile; fileRef = 3C959499155338FA00627182 /* FindMenuViewController.m */; };
		3C9594AB15536CA300627182 /* UIColor+ExtendedColor.m in Sources */ = {isa = PBXBuildFile; fileRef = 3C9594AA15536CA300627182 /* UIColor+ExtendedColor.m */; };
		3C9594B71553870500627182 /* CoreLocation.framework in Frameworks */ = {isa = PBXBuildFile; fileRef = 3C9594B61553870500627182 /* CoreLocation.framework */; };
		3C9594C21553B7B200627182 /* nav_menu_icon.png in Resources */ = {isa = PBXBuildFile; fileRef = 3C9594C11553B7B200627182 /* nav_menu_icon.png */; };
		3C9594C41553B95B00627182 /* nav_menu_icon@2x.png in Resources */ = {isa = PBXBuildFile; fileRef = 3C9594C31553B95A00627182 /* nav_menu_icon@2x.png */; };
		3C9594CE15589E2600627182 /* ViewProfileViewController.m in Sources */ = {isa = PBXBuildFile; fileRef = 3C9594CC15589E2600627182 /* ViewProfileViewController.m */; };
		3C9594CF15589E2600627182 /* ViewProfileViewController.xib in Resources */ = {isa = PBXBuildFile; fileRef = 3C9594CD15589E2600627182 /* ViewProfileViewController.xib */; };
		3C9594D515589FE900627182 /* TakePhotoViewController.m in Sources */ = {isa = PBXBuildFile; fileRef = 3C9594D315589FE900627182 /* TakePhotoViewController.m */; };
		3C9594D615589FE900627182 /* TakePhotoViewController.xib in Resources */ = {isa = PBXBuildFile; fileRef = 3C9594D415589FE900627182 /* TakePhotoViewController.xib */; };
		3C9594D91558B9D600627182 /* find_menu_nav.png in Resources */ = {isa = PBXBuildFile; fileRef = 3C9594D81558B9D600627182 /* find_menu_nav.png */; };
		3C9594DB1558BA3E00627182 /* take_photo_nav.png in Resources */ = {isa = PBXBuildFile; fileRef = 3C9594DA1558BA3E00627182 /* take_photo_nav.png */; };
		3C9594DD1558BA5500627182 /* view_profile_nav.png in Resources */ = {isa = PBXBuildFile; fileRef = 3C9594DC1558BA5500627182 /* view_profile_nav.png */; };
		3C9594E31558BE9C00627182 /* HomeViewController.m in Sources */ = {isa = PBXBuildFile; fileRef = 3C9594E11558BE9A00627182 /* HomeViewController.m */; };
		3C9594E41558BE9C00627182 /* HomeViewController.xib in Resources */ = {isa = PBXBuildFile; fileRef = 3C9594E21558BE9B00627182 /* HomeViewController.xib */; };
		3C99ACCC155C6D0100656885 /* RootMenuViewController.m in Sources */ = {isa = PBXBuildFile; fileRef = 3C99ACCA155C6D0100656885 /* RootMenuViewController.m */; };
		3C99ACCD155C6D0100656885 /* RootMenuViewController.xib in Resources */ = {isa = PBXBuildFile; fileRef = 3C99ACCB155C6D0100656885 /* RootMenuViewController.xib */; };
		3C99ACD3155C6DDA00656885 /* menu_icon.png in Resources */ = {isa = PBXBuildFile; fileRef = 3C99ACCF155C6DDA00656885 /* menu_icon.png */; };
		3C99ACD4155C6DDA00656885 /* menu_icon@2x.png in Resources */ = {isa = PBXBuildFile; fileRef = 3C99ACD0155C6DDA00656885 /* menu_icon@2x.png */; };
		3C99ACD9155C6EAA00656885 /* camera_icon.png in Resources */ = {isa = PBXBuildFile; fileRef = 3C99ACD7155C6EAA00656885 /* camera_icon.png */; };
		3C99ACDA155C6EAA00656885 /* camera_icon@2x.png in Resources */ = {isa = PBXBuildFile; fileRef = 3C99ACD8155C6EAA00656885 /* camera_icon@2x.png */; };
		3C99ACDD155C6F7400656885 /* restaurant_icon.png in Resources */ = {isa = PBXBuildFile; fileRef = 3C99ACDB155C6F7400656885 /* restaurant_icon.png */; };
		3C99ACDE155C6F7400656885 /* restaurant_icon@2x.png in Resources */ = {isa = PBXBuildFile; fileRef = 3C99ACDC155C6F7400656885 /* restaurant_icon@2x.png */; };
		3C99ACE1155C700D00656885 /* like_icon.png in Resources */ = {isa = PBXBuildFile; fileRef = 3C99ACDF155C700D00656885 /* like_icon.png */; };
		3C99ACE2155C700D00656885 /* like_icon@2x.png in Resources */ = {isa = PBXBuildFile; fileRef = 3C99ACE0155C700D00656885 /* like_icon@2x.png */; };
		3C99ACE9155C73B100656885 /* more_menu_icon.png in Resources */ = {isa = PBXBuildFile; fileRef = 3C99ACE7155C73B000656885 /* more_menu_icon.png */; };
		3C99ACEA155C73B100656885 /* more_menu_icon@2x.png in Resources */ = {isa = PBXBuildFile; fileRef = 3C99ACE8155C73B000656885 /* more_menu_icon@2x.png */; };
		3C99ACF8155CE34D00656885 /* nav_logo.png in Resources */ = {isa = PBXBuildFile; fileRef = 3C99ACF7155CE34D00656885 /* nav_logo.png */; };
		3C99ACFA155CE43200656885 /* nav_logo@2x.png in Resources */ = {isa = PBXBuildFile; fileRef = 3C99ACF9155CE43200656885 /* nav_logo@2x.png */; };
		3C99AD0E155DE25700656885 /* libSDWebImage.a in Frameworks */ = {isa = PBXBuildFile; fileRef = 3C99AD0D155DE25700656885 /* libSDWebImage.a */; };
		3C9CBA39155A313A007023D2 /* MapKit.framework in Frameworks */ = {isa = PBXBuildFile; fileRef = 3C9CBA38155A313A007023D2 /* MapKit.framework */; };
		3CD8BDC71558C4A600890F62 /* find_menu.png in Resources */ = {isa = PBXBuildFile; fileRef = 3CD8BDC61558C4A600890F62 /* find_menu.png */; };
		3CD8BDC91558C4B900890F62 /* take_photo.png in Resources */ = {isa = PBXBuildFile; fileRef = 3CD8BDC81558C4B900890F62 /* take_photo.png */; };
		3CD8BDCB1558C4C700890F62 /* view_profile.png in Resources */ = {isa = PBXBuildFile; fileRef = 3CD8BDCA1558C4C700890F62 /* view_profile.png */; };
		3CD8BDD01558D0AE00890F62 /* Segoe Print.ttf in Resources */ = {isa = PBXBuildFile; fileRef = 3CD8BDCF1558D0AE00890F62 /* Segoe Print.ttf */; };
		3CD8BDD51558DBEC00890F62 /* arrow.png in Resources */ = {isa = PBXBuildFile; fileRef = 3CD8BDD31558DBEC00890F62 /* arrow.png */; };
		3CD8BDD61558DBEC00890F62 /* arrow@2x.png in Resources */ = {isa = PBXBuildFile; fileRef = 3CD8BDD41558DBEC00890F62 /* arrow@2x.png */; };
		3CFD3756156B9F1E006CEC4F /* sweep_2.png in Resources */ = {isa = PBXBuildFile; fileRef = 3CFD36D6156B9F1D006CEC4F /* sweep_2.png */; };
		3CFD3757156B9F1E006CEC4F /* sweep_3.png in Resources */ = {isa = PBXBuildFile; fileRef = 3CFD36D7156B9F1D006CEC4F /* sweep_3.png */; };
		3CFD3758156B9F1E006CEC4F /* sweep_4.png in Resources */ = {isa = PBXBuildFile; fileRef = 3CFD36D8156B9F1D006CEC4F /* sweep_4.png */; };
		3CFD3759156B9F1E006CEC4F /* sweep_5.png in Resources */ = {isa = PBXBuildFile; fileRef = 3CFD36D9156B9F1D006CEC4F /* sweep_5.png */; };
		3CFD375A156B9F1E006CEC4F /* sweep_6.png in Resources */ = {isa = PBXBuildFile; fileRef = 3CFD36DA156B9F1D006CEC4F /* sweep_6.png */; };
		3CFD375B156B9F1E006CEC4F /* sweep_7.png in Resources */ = {isa = PBXBuildFile; fileRef = 3CFD36DB156B9F1D006CEC4F /* sweep_7.png */; };
		3CFD375C156B9F1E006CEC4F /* sweep_8.png in Resources */ = {isa = PBXBuildFile; fileRef = 3CFD36DC156B9F1D006CEC4F /* sweep_8.png */; };
		3CFD375D156B9F1E006CEC4F /* sweep_9.png in Resources */ = {isa = PBXBuildFile; fileRef = 3CFD36DD156B9F1D006CEC4F /* sweep_9.png */; };
		3CFD375E156B9F1E006CEC4F /* sweep_10.png in Resources */ = {isa = PBXBuildFile; fileRef = 3CFD36DE156B9F1D006CEC4F /* sweep_10.png */; };
		3CFD375F156B9F1E006CEC4F /* sweep_11.png in Resources */ = {isa = PBXBuildFile; fileRef = 3CFD36DF156B9F1D006CEC4F /* sweep_11.png */; };
		3CFD3760156B9F1E006CEC4F /* sweep_12.png in Resources */ = {isa = PBXBuildFile; fileRef = 3CFD36E0156B9F1D006CEC4F /* sweep_12.png */; };
		3CFD3761156B9F1E006CEC4F /* sweep_13.png in Resources */ = {isa = PBXBuildFile; fileRef = 3CFD36E1156B9F1D006CEC4F /* sweep_13.png */; };
		3CFD3762156B9F1E006CEC4F /* sweep_14.png in Resources */ = {isa = PBXBuildFile; fileRef = 3CFD36E2156B9F1D006CEC4F /* sweep_14.png */; };
		3CFD3763156B9F1E006CEC4F /* sweep_15.png in Resources */ = {isa = PBXBuildFile; fileRef = 3CFD36E3156B9F1D006CEC4F /* sweep_15.png */; };
		3CFD3764156B9F1E006CEC4F /* sweep_16.png in Resources */ = {isa = PBXBuildFile; fileRef = 3CFD36E4156B9F1D006CEC4F /* sweep_16.png */; };
		3CFD3765156B9F1E006CEC4F /* sweep_17.png in Resources */ = {isa = PBXBuildFile; fileRef = 3CFD36E5156B9F1D006CEC4F /* sweep_17.png */; };
		3CFD3766156B9F1E006CEC4F /* sweep_18.png in Resources */ = {isa = PBXBuildFile; fileRef = 3CFD36E6156B9F1D006CEC4F /* sweep_18.png */; };
		3CFD3767156B9F1E006CEC4F /* sweep_19.png in Resources */ = {isa = PBXBuildFile; fileRef = 3CFD36E7156B9F1D006CEC4F /* sweep_19.png */; };
		3CFD3768156B9F1E006CEC4F /* sweep_20.png in Resources */ = {isa = PBXBuildFile; fileRef = 3CFD36E8156B9F1D006CEC4F /* sweep_20.png */; };
		3CFD3769156B9F1E006CEC4F /* sweep_21.png in Resources */ = {isa = PBXBuildFile; fileRef = 3CFD36E9156B9F1D006CEC4F /* sweep_21.png */; };
		3CFD376A156B9F1E006CEC4F /* sweep_22.png in Resources */ = {isa = PBXBuildFile; fileRef = 3CFD36EA156B9F1D006CEC4F /* sweep_22.png */; };
		3CFD376B156B9F1E006CEC4F /* sweep_23.png in Resources */ = {isa = PBXBuildFile; fileRef = 3CFD36EB156B9F1D006CEC4F /* sweep_23.png */; };
		3CFD376C156B9F1E006CEC4F /* sweep_24.png in Resources */ = {isa = PBXBuildFile; fileRef = 3CFD36EC156B9F1D006CEC4F /* sweep_24.png */; };
		3CFD376D156B9F1E006CEC4F /* sweep_25.png in Resources */ = {isa = PBXBuildFile; fileRef = 3CFD36ED156B9F1D006CEC4F /* sweep_25.png */; };
		3CFD376E156B9F1E006CEC4F /* sweep_26.png in Resources */ = {isa = PBXBuildFile; fileRef = 3CFD36EE156B9F1D006CEC4F /* sweep_26.png */; };
		3CFD376F156B9F1E006CEC4F /* sweep_27.png in Resources */ = {isa = PBXBuildFile; fileRef = 3CFD36EF156B9F1D006CEC4F /* sweep_27.png */; };
		3CFD3770156B9F1E006CEC4F /* sweep_28.png in Resources */ = {isa = PBXBuildFile; fileRef = 3CFD36F0156B9F1D006CEC4F /* sweep_28.png */; };
		3CFD3771156B9F1E006CEC4F /* sweep_29.png in Resources */ = {isa = PBXBuildFile; fileRef = 3CFD36F1156B9F1D006CEC4F /* sweep_29.png */; };
		3CFD3772156B9F1E006CEC4F /* sweep_30.png in Resources */ = {isa = PBXBuildFile; fileRef = 3CFD36F2156B9F1D006CEC4F /* sweep_30.png */; };
		3CFD3773156B9F1E006CEC4F /* sweep_31.png in Resources */ = {isa = PBXBuildFile; fileRef = 3CFD36F3156B9F1D006CEC4F /* sweep_31.png */; };
		3CFD3774156B9F1E006CEC4F /* sweep_32.png in Resources */ = {isa = PBXBuildFile; fileRef = 3CFD36F4156B9F1D006CEC4F /* sweep_32.png */; };
		3CFD3775156B9F1E006CEC4F /* sweep_33.png in Resources */ = {isa = PBXBuildFile; fileRef = 3CFD36F5156B9F1D006CEC4F /* sweep_33.png */; };
		3CFD3776156B9F1E006CEC4F /* sweep_34.png in Resources */ = {isa = PBXBuildFile; fileRef = 3CFD36F6156B9F1D006CEC4F /* sweep_34.png */; };
		3CFD3777156B9F1E006CEC4F /* sweep_35.png in Resources */ = {isa = PBXBuildFile; fileRef = 3CFD36F7156B9F1D006CEC4F /* sweep_35.png */; };
		3CFD3778156B9F1E006CEC4F /* sweep_36.png in Resources */ = {isa = PBXBuildFile; fileRef = 3CFD36F8156B9F1D006CEC4F /* sweep_36.png */; };
		3CFD3779156B9F1E006CEC4F /* sweep_37.png in Resources */ = {isa = PBXBuildFile; fileRef = 3CFD36F9156B9F1D006CEC4F /* sweep_37.png */; };
		3CFD377A156B9F1E006CEC4F /* sweep_38.png in Resources */ = {isa = PBXBuildFile; fileRef = 3CFD36FA156B9F1D006CEC4F /* sweep_38.png */; };
		3CFD377B156B9F1E006CEC4F /* sweep_39.png in Resources */ = {isa = PBXBuildFile; fileRef = 3CFD36FB156B9F1D006CEC4F /* sweep_39.png */; };
		3CFD377C156B9F1E006CEC4F /* sweep_40.png in Resources */ = {isa = PBXBuildFile; fileRef = 3CFD36FC156B9F1D006CEC4F /* sweep_40.png */; };
		3CFD377D156B9F1E006CEC4F /* sweep_41.png in Resources */ = {isa = PBXBuildFile; fileRef = 3CFD36FD156B9F1D006CEC4F /* sweep_41.png */; };
		3CFD377E156B9F1E006CEC4F /* sweep_42.png in Resources */ = {isa = PBXBuildFile; fileRef = 3CFD36FE156B9F1D006CEC4F /* sweep_42.png */; };
		3CFD377F156B9F1E006CEC4F /* sweep_43.png in Resources */ = {isa = PBXBuildFile; fileRef = 3CFD36FF156B9F1D006CEC4F /* sweep_43.png */; };
		3CFD3780156B9F1E006CEC4F /* sweep_44.png in Resources */ = {isa = PBXBuildFile; fileRef = 3CFD3700156B9F1D006CEC4F /* sweep_44.png */; };
		3CFD3781156B9F1E006CEC4F /* sweep_45.png in Resources */ = {isa = PBXBuildFile; fileRef = 3CFD3701156B9F1D006CEC4F /* sweep_45.png */; };
		3CFD3782156B9F1E006CEC4F /* sweep_46.png in Resources */ = {isa = PBXBuildFile; fileRef = 3CFD3702156B9F1D006CEC4F /* sweep_46.png */; };
		3CFD3783156B9F1E006CEC4F /* sweep_47.png in Resources */ = {isa = PBXBuildFile; fileRef = 3CFD3703156B9F1D006CEC4F /* sweep_47.png */; };
		3CFD3784156B9F1E006CEC4F /* sweep_48.png in Resources */ = {isa = PBXBuildFile; fileRef = 3CFD3704156B9F1D006CEC4F /* sweep_48.png */; };
		3CFD3785156B9F1E006CEC4F /* sweep_49.png in Resources */ = {isa = PBXBuildFile; fileRef = 3CFD3705156B9F1D006CEC4F /* sweep_49.png */; };
		3CFD3786156B9F1E006CEC4F /* sweep_50.png in Resources */ = {isa = PBXBuildFile; fileRef = 3CFD3706156B9F1D006CEC4F /* sweep_50.png */; };
		3CFD3787156B9F1E006CEC4F /* sweep_51.png in Resources */ = {isa = PBXBuildFile; fileRef = 3CFD3707156B9F1D006CEC4F /* sweep_51.png */; };
		3CFD3788156B9F1E006CEC4F /* sweep_52.png in Resources */ = {isa = PBXBuildFile; fileRef = 3CFD3708156B9F1D006CEC4F /* sweep_52.png */; };
		3CFD3789156B9F1E006CEC4F /* sweep_53.png in Resources */ = {isa = PBXBuildFile; fileRef = 3CFD3709156B9F1D006CEC4F /* sweep_53.png */; };
		3CFD378A156B9F1E006CEC4F /* sweep_54.png in Resources */ = {isa = PBXBuildFile; fileRef = 3CFD370A156B9F1D006CEC4F /* sweep_54.png */; };
		3CFD378B156B9F1E006CEC4F /* sweep_55.png in Resources */ = {isa = PBXBuildFile; fileRef = 3CFD370B156B9F1D006CEC4F /* sweep_55.png */; };
		3CFD378C156B9F1E006CEC4F /* sweep_56.png in Resources */ = {isa = PBXBuildFile; fileRef = 3CFD370C156B9F1D006CEC4F /* sweep_56.png */; };
		3CFD378D156B9F1E006CEC4F /* sweep_57.png in Resources */ = {isa = PBXBuildFile; fileRef = 3CFD370D156B9F1D006CEC4F /* sweep_57.png */; };
		3CFD378E156B9F1E006CEC4F /* sweep_58.png in Resources */ = {isa = PBXBuildFile; fileRef = 3CFD370E156B9F1D006CEC4F /* sweep_58.png */; };
		3CFD378F156B9F1E006CEC4F /* sweep_59.png in Resources */ = {isa = PBXBuildFile; fileRef = 3CFD370F156B9F1D006CEC4F /* sweep_59.png */; };
		3CFD3790156B9F1E006CEC4F /* sweep_60.png in Resources */ = {isa = PBXBuildFile; fileRef = 3CFD3710156B9F1D006CEC4F /* sweep_60.png */; };
		3CFD3791156B9F1E006CEC4F /* sweep_61.png in Resources */ = {isa = PBXBuildFile; fileRef = 3CFD3711156B9F1D006CEC4F /* sweep_61.png */; };
		3CFD3792156B9F1E006CEC4F /* sweep_62.png in Resources */ = {isa = PBXBuildFile; fileRef = 3CFD3712156B9F1D006CEC4F /* sweep_62.png */; };
		3CFD3793156B9F1E006CEC4F /* sweep_63.png in Resources */ = {isa = PBXBuildFile; fileRef = 3CFD3713156B9F1D006CEC4F /* sweep_63.png */; };
		3CFD3794156B9F1E006CEC4F /* sweep_64.png in Resources */ = {isa = PBXBuildFile; fileRef = 3CFD3714156B9F1D006CEC4F /* sweep_64.png */; };
		3CFD3795156B9F1E006CEC4F /* sweep.png in Resources */ = {isa = PBXBuildFile; fileRef = 3CFD3715156B9F1D006CEC4F /* sweep.png */; };
		3CFD3796156B9F1E006CEC4F /* unsweep_2.png in Resources */ = {isa = PBXBuildFile; fileRef = 3CFD3716156B9F1D006CEC4F /* unsweep_2.png */; };
		3CFD3797156B9F1E006CEC4F /* unsweep_3.png in Resources */ = {isa = PBXBuildFile; fileRef = 3CFD3717156B9F1D006CEC4F /* unsweep_3.png */; };
		3CFD3798156B9F1E006CEC4F /* unsweep_4.png in Resources */ = {isa = PBXBuildFile; fileRef = 3CFD3718156B9F1D006CEC4F /* unsweep_4.png */; };
		3CFD3799156B9F1E006CEC4F /* unsweep_5.png in Resources */ = {isa = PBXBuildFile; fileRef = 3CFD3719156B9F1D006CEC4F /* unsweep_5.png */; };
		3CFD379A156B9F1E006CEC4F /* unsweep_6.png in Resources */ = {isa = PBXBuildFile; fileRef = 3CFD371A156B9F1D006CEC4F /* unsweep_6.png */; };
		3CFD379B156B9F1E006CEC4F /* unsweep_7.png in Resources */ = {isa = PBXBuildFile; fileRef = 3CFD371B156B9F1D006CEC4F /* unsweep_7.png */; };
		3CFD379C156B9F1E006CEC4F /* unsweep_8.png in Resources */ = {isa = PBXBuildFile; fileRef = 3CFD371C156B9F1D006CEC4F /* unsweep_8.png */; };
		3CFD379D156B9F1E006CEC4F /* unsweep_9.png in Resources */ = {isa = PBXBuildFile; fileRef = 3CFD371D156B9F1D006CEC4F /* unsweep_9.png */; };
		3CFD379E156B9F1E006CEC4F /* unsweep_10.png in Resources */ = {isa = PBXBuildFile; fileRef = 3CFD371E156B9F1D006CEC4F /* unsweep_10.png */; };
		3CFD379F156B9F1E006CEC4F /* unsweep_11.png in Resources */ = {isa = PBXBuildFile; fileRef = 3CFD371F156B9F1D006CEC4F /* unsweep_11.png */; };
		3CFD37A0156B9F1E006CEC4F /* unsweep_12.png in Resources */ = {isa = PBXBuildFile; fileRef = 3CFD3720156B9F1D006CEC4F /* unsweep_12.png */; };
		3CFD37A1156B9F1E006CEC4F /* unsweep_13.png in Resources */ = {isa = PBXBuildFile; fileRef = 3CFD3721156B9F1D006CEC4F /* unsweep_13.png */; };
		3CFD37A2156B9F1E006CEC4F /* unsweep_14.png in Resources */ = {isa = PBXBuildFile; fileRef = 3CFD3722156B9F1D006CEC4F /* unsweep_14.png */; };
		3CFD37A3156B9F1E006CEC4F /* unsweep_15.png in Resources */ = {isa = PBXBuildFile; fileRef = 3CFD3723156B9F1D006CEC4F /* unsweep_15.png */; };
		3CFD37A4156B9F1E006CEC4F /* unsweep_16.png in Resources */ = {isa = PBXBuildFile; fileRef = 3CFD3724156B9F1D006CEC4F /* unsweep_16.png */; };
		3CFD37A5156B9F1E006CEC4F /* unsweep_17.png in Resources */ = {isa = PBXBuildFile; fileRef = 3CFD3725156B9F1D006CEC4F /* unsweep_17.png */; };
		3CFD37A6156B9F1E006CEC4F /* unsweep_18.png in Resources */ = {isa = PBXBuildFile; fileRef = 3CFD3726156B9F1D006CEC4F /* unsweep_18.png */; };
		3CFD37A7156B9F1E006CEC4F /* unsweep_19.png in Resources */ = {isa = PBXBuildFile; fileRef = 3CFD3727156B9F1D006CEC4F /* unsweep_19.png */; };
		3CFD37A8156B9F1E006CEC4F /* unsweep_20.png in Resources */ = {isa = PBXBuildFile; fileRef = 3CFD3728156B9F1D006CEC4F /* unsweep_20.png */; };
		3CFD37A9156B9F1E006CEC4F /* unsweep_21.png in Resources */ = {isa = PBXBuildFile; fileRef = 3CFD3729156B9F1D006CEC4F /* unsweep_21.png */; };
		3CFD37AA156B9F1E006CEC4F /* unsweep_22.png in Resources */ = {isa = PBXBuildFile; fileRef = 3CFD372A156B9F1D006CEC4F /* unsweep_22.png */; };
		3CFD37AB156B9F1E006CEC4F /* unsweep_23.png in Resources */ = {isa = PBXBuildFile; fileRef = 3CFD372B156B9F1D006CEC4F /* unsweep_23.png */; };
		3CFD37AC156B9F1E006CEC4F /* unsweep_24.png in Resources */ = {isa = PBXBuildFile; fileRef = 3CFD372C156B9F1D006CEC4F /* unsweep_24.png */; };
		3CFD37AD156B9F1E006CEC4F /* unsweep_25.png in Resources */ = {isa = PBXBuildFile; fileRef = 3CFD372D156B9F1D006CEC4F /* unsweep_25.png */; };
		3CFD37AE156B9F1E006CEC4F /* unsweep_26.png in Resources */ = {isa = PBXBuildFile; fileRef = 3CFD372E156B9F1D006CEC4F /* unsweep_26.png */; };
		3CFD37AF156B9F1E006CEC4F /* unsweep_27.png in Resources */ = {isa = PBXBuildFile; fileRef = 3CFD372F156B9F1D006CEC4F /* unsweep_27.png */; };
		3CFD37B0156B9F1E006CEC4F /* unsweep_28.png in Resources */ = {isa = PBXBuildFile; fileRef = 3CFD3730156B9F1D006CEC4F /* unsweep_28.png */; };
		3CFD37B1156B9F1E006CEC4F /* unsweep_29.png in Resources */ = {isa = PBXBuildFile; fileRef = 3CFD3731156B9F1D006CEC4F /* unsweep_29.png */; };
		3CFD37B2156B9F1E006CEC4F /* unsweep_30.png in Resources */ = {isa = PBXBuildFile; fileRef = 3CFD3732156B9F1D006CEC4F /* unsweep_30.png */; };
		3CFD37B3156B9F1E006CEC4F /* unsweep_31.png in Resources */ = {isa = PBXBuildFile; fileRef = 3CFD3733156B9F1D006CEC4F /* unsweep_31.png */; };
		3CFD37B4156B9F1E006CEC4F /* unsweep_32.png in Resources */ = {isa = PBXBuildFile; fileRef = 3CFD3734156B9F1D006CEC4F /* unsweep_32.png */; };
		3CFD37B5156B9F1E006CEC4F /* unsweep_33.png in Resources */ = {isa = PBXBuildFile; fileRef = 3CFD3735156B9F1D006CEC4F /* unsweep_33.png */; };
		3CFD37B6156B9F1E006CEC4F /* unsweep_34.png in Resources */ = {isa = PBXBuildFile; fileRef = 3CFD3736156B9F1D006CEC4F /* unsweep_34.png */; };
		3CFD37B7156B9F1E006CEC4F /* unsweep_35.png in Resources */ = {isa = PBXBuildFile; fileRef = 3CFD3737156B9F1D006CEC4F /* unsweep_35.png */; };
		3CFD37B8156B9F1E006CEC4F /* unsweep_36.png in Resources */ = {isa = PBXBuildFile; fileRef = 3CFD3738156B9F1D006CEC4F /* unsweep_36.png */; };
		3CFD37B9156B9F1E006CEC4F /* unsweep_37.png in Resources */ = {isa = PBXBuildFile; fileRef = 3CFD3739156B9F1D006CEC4F /* unsweep_37.png */; };
		3CFD37BA156B9F1E006CEC4F /* unsweep_38.png in Resources */ = {isa = PBXBuildFile; fileRef = 3CFD373A156B9F1D006CEC4F /* unsweep_38.png */; };
		3CFD37BB156B9F1E006CEC4F /* unsweep_39.png in Resources */ = {isa = PBXBuildFile; fileRef = 3CFD373B156B9F1D006CEC4F /* unsweep_39.png */; };
		3CFD37BC156B9F1E006CEC4F /* unsweep_40.png in Resources */ = {isa = PBXBuildFile; fileRef = 3CFD373C156B9F1D006CEC4F /* unsweep_40.png */; };
		3CFD37BD156B9F1E006CEC4F /* unsweep_41.png in Resources */ = {isa = PBXBuildFile; fileRef = 3CFD373D156B9F1D006CEC4F /* unsweep_41.png */; };
		3CFD37BE156B9F1E006CEC4F /* unsweep_42.png in Resources */ = {isa = PBXBuildFile; fileRef = 3CFD373E156B9F1D006CEC4F /* unsweep_42.png */; };
		3CFD37BF156B9F1E006CEC4F /* unsweep_43.png in Resources */ = {isa = PBXBuildFile; fileRef = 3CFD373F156B9F1D006CEC4F /* unsweep_43.png */; };
		3CFD37C0156B9F1E006CEC4F /* unsweep_44.png in Resources */ = {isa = PBXBuildFile; fileRef = 3CFD3740156B9F1D006CEC4F /* unsweep_44.png */; };
		3CFD37C1156B9F1E006CEC4F /* unsweep_45.png in Resources */ = {isa = PBXBuildFile; fileRef = 3CFD3741156B9F1D006CEC4F /* unsweep_45.png */; };
		3CFD37C2156B9F1E006CEC4F /* unsweep_46.png in Resources */ = {isa = PBXBuildFile; fileRef = 3CFD3742156B9F1D006CEC4F /* unsweep_46.png */; };
		3CFD37C3156B9F1E006CEC4F /* unsweep_47.png in Resources */ = {isa = PBXBuildFile; fileRef = 3CFD3743156B9F1D006CEC4F /* unsweep_47.png */; };
		3CFD37C4156B9F1E006CEC4F /* unsweep_48.png in Resources */ = {isa = PBXBuildFile; fileRef = 3CFD3744156B9F1D006CEC4F /* unsweep_48.png */; };
		3CFD37C5156B9F1E006CEC4F /* unsweep_49.png in Resources */ = {isa = PBXBuildFile; fileRef = 3CFD3745156B9F1D006CEC4F /* unsweep_49.png */; };
		3CFD37C6156B9F1E006CEC4F /* unsweep_50.png in Resources */ = {isa = PBXBuildFile; fileRef = 3CFD3746156B9F1D006CEC4F /* unsweep_50.png */; };
		3CFD37C7156B9F1E006CEC4F /* unsweep_51.png in Resources */ = {isa = PBXBuildFile; fileRef = 3CFD3747156B9F1D006CEC4F /* unsweep_51.png */; };
		3CFD37C8156B9F1E006CEC4F /* unsweep_52.png in Resources */ = {isa = PBXBuildFile; fileRef = 3CFD3748156B9F1D006CEC4F /* unsweep_52.png */; };
		3CFD37C9156B9F1E006CEC4F /* unsweep_53.png in Resources */ = {isa = PBXBuildFile; fileRef = 3CFD3749156B9F1D006CEC4F /* unsweep_53.png */; };
		3CFD37CA156B9F1E006CEC4F /* unsweep_54.png in Resources */ = {isa = PBXBuildFile; fileRef = 3CFD374A156B9F1D006CEC4F /* unsweep_54.png */; };
		3CFD37CB156B9F1E006CEC4F /* unsweep_55.png in Resources */ = {isa = PBXBuildFile; fileRef = 3CFD374B156B9F1D006CEC4F /* unsweep_55.png */; };
		3CFD37CC156B9F1E006CEC4F /* unsweep_56.png in Resources */ = {isa = PBXBuildFile; fileRef = 3CFD374C156B9F1D006CEC4F /* unsweep_56.png */; };
		3CFD37CD156B9F1E006CEC4F /* unsweep_57.png in Resources */ = {isa = PBXBuildFile; fileRef = 3CFD374D156B9F1D006CEC4F /* unsweep_57.png */; };
		3CFD37CE156B9F1E006CEC4F /* unsweep_58.png in Resources */ = {isa = PBXBuildFile; fileRef = 3CFD374E156B9F1D006CEC4F /* unsweep_58.png */; };
		3CFD37CF156B9F1E006CEC4F /* unsweep_59.png in Resources */ = {isa = PBXBuildFile; fileRef = 3CFD374F156B9F1D006CEC4F /* unsweep_59.png */; };
		3CFD37D0156B9F1E006CEC4F /* unsweep_60.png in Resources */ = {isa = PBXBuildFile; fileRef = 3CFD3750156B9F1D006CEC4F /* unsweep_60.png */; };
		3CFD37D1156B9F1E006CEC4F /* unsweep_61.png in Resources */ = {isa = PBXBuildFile; fileRef = 3CFD3751156B9F1D006CEC4F /* unsweep_61.png */; };
		3CFD37D2156B9F1E006CEC4F /* unsweep_62.png in Resources */ = {isa = PBXBuildFile; fileRef = 3CFD3752156B9F1D006CEC4F /* unsweep_62.png */; };
		3CFD37D3156B9F1E006CEC4F /* unsweep_63.png in Resources */ = {isa = PBXBuildFile; fileRef = 3CFD3753156B9F1D006CEC4F /* unsweep_63.png */; };
		3CFD37D4156B9F1E006CEC4F /* unsweep_64.png in Resources */ = {isa = PBXBuildFile; fileRef = 3CFD3754156B9F1D006CEC4F /* unsweep_64.png */; };
		3CFD37D5156B9F1E006CEC4F /* unsweep.png in Resources */ = {isa = PBXBuildFile; fileRef = 3CFD3755156B9F1D006CEC4F /* unsweep.png */; };
/* End PBXBuildFile section */

/* Begin PBXFileReference section */
		3C141D45156B679C000D884E /* image_loading.png */ = {isa = PBXFileReference; lastKnownFileType = image.png; path = image_loading.png; sourceTree = "<group>"; };
		3C1F95FE1559981C0062C7E1 /* Location.h */ = {isa = PBXFileReference; fileEncoding = 4; lastKnownFileType = sourcecode.c.h; path = Location.h; sourceTree = "<group>"; };
		3C1F95FF1559981C0062C7E1 /* Location.m */ = {isa = PBXFileReference; fileEncoding = 4; lastKnownFileType = sourcecode.c.objc; path = Location.m; sourceTree = "<group>"; };
		3C1F96011559CE280062C7E1 /* LocationCell.xib */ = {isa = PBXFileReference; fileEncoding = 4; lastKnownFileType = file.xib; path = LocationCell.xib; sourceTree = "<group>"; };
		3C1F9603155A074A0062C7E1 /* FindMenuViewController.xib */ = {isa = PBXFileReference; fileEncoding = 4; lastKnownFileType = file.xib; path = FindMenuViewController.xib; sourceTree = "<group>"; };
		3C2086FA15620E8400A16BF0 /* CurrentMenuView.xib */ = {isa = PBXFileReference; fileEncoding = 4; lastKnownFileType = file.xib; path = CurrentMenuView.xib; sourceTree = "<group>"; };
		3C2086FC1562248600A16BF0 /* MostLikedView.xib */ = {isa = PBXFileReference; fileEncoding = 4; lastKnownFileType = file.xib; path = MostLikedView.xib; sourceTree = "<group>"; };
		3C2086FE156224C400A16BF0 /* RestaurantView.xib */ = {isa = PBXFileReference; fileEncoding = 4; lastKnownFileType = file.xib; path = RestaurantView.xib; sourceTree = "<group>"; };
		3C2087021562261C00A16BF0 /* AllMenusView.xib */ = {isa = PBXFileReference; fileEncoding = 4; lastKnownFileType = file.xib; path = AllMenusView.xib; sourceTree = "<group>"; };
		3C208704156235EE00A16BF0 /* OrderedDictionary.h */ = {isa = PBXFileReference; fileEncoding = 4; lastKnownFileType = sourcecode.c.h; path = OrderedDictionary.h; sourceTree = "<group>"; };
		3C208705156235EE00A16BF0 /* OrderedDictionary.m */ = {isa = PBXFileReference; fileEncoding = 4; lastKnownFileType = sourcecode.c.objc; path = OrderedDictionary.m; sourceTree = "<group>"; };
		3C20870715635E3D00A16BF0 /* MenuItemCell.xib */ = {isa = PBXFileReference; fileEncoding = 4; lastKnownFileType = file.xib; path = MenuItemCell.xib; sourceTree = "<group>"; };
		3C256E121558FEE50092FD9C /* find_menu@2x.png */ = {isa = PBXFileReference; lastKnownFileType = image.png; path = "find_menu@2x.png"; sourceTree = "<group>"; };
		3C256E151558FEF50092FD9C /* view_profile@2x.png */ = {isa = PBXFileReference; lastKnownFileType = image.png; path = "view_profile@2x.png"; sourceTree = "<group>"; };
		3C256E161558FEF50092FD9C /* take_photo@2x.png */ = {isa = PBXFileReference; lastKnownFileType = image.png; path = "take_photo@2x.png"; sourceTree = "<group>"; };
		3C5D56B31564E31E003F3EC7 /* QuartzCore.framework */ = {isa = PBXFileReference; lastKnownFileType = wrapper.framework; name = QuartzCore.framework; path = System/Library/Frameworks/QuartzCore.framework; sourceTree = SDKROOT; };
		3C5D56BA15660634003F3EC7 /* add_photo.png */ = {isa = PBXFileReference; lastKnownFileType = image.png; path = add_photo.png; sourceTree = "<group>"; };
		3C5D56BB15660634003F3EC7 /* add_photo@2x.png */ = {isa = PBXFileReference; lastKnownFileType = image.png; path = "add_photo@2x.png"; sourceTree = "<group>"; };
		3C5D56BE156614D8003F3EC7 /* Restaurant.h */ = {isa = PBXFileReference; fileEncoding = 4; lastKnownFileType = sourcecode.c.h; path = Restaurant.h; sourceTree = "<group>"; };
		3C5D56BF156614D9003F3EC7 /* Restaurant.m */ = {isa = PBXFileReference; fileEncoding = 4; lastKnownFileType = sourcecode.c.objc; path = Restaurant.m; sourceTree = "<group>"; };
		3C5F9D7C155E6760002ED96E /* MenuItem.h */ = {isa = PBXFileReference; fileEncoding = 4; lastKnownFileType = sourcecode.c.h; path = MenuItem.h; sourceTree = "<group>"; };
		3C5F9D7D155E6760002ED96E /* MenuItem.m */ = {isa = PBXFileReference; fileEncoding = 4; lastKnownFileType = sourcecode.c.objc; path = MenuItem.m; sourceTree = "<group>"; };
		3C5F9D891561897F002ED96E /* nav_bar_background.png */ = {isa = PBXFileReference; lastKnownFileType = image.png; path = nav_bar_background.png; sourceTree = "<group>"; };
		3C5F9D8B15618A2F002ED96E /* nav_bar_background@2x.png */ = {isa = PBXFileReference; lastKnownFileType = image.png; path = "nav_bar_background@2x.png"; sourceTree = "<group>"; };
		3C9594301550C7D100627182 /* MenuPics.app */ = {isa = PBXFileReference; explicitFileType = wrapper.application; includeInIndex = 0; path = MenuPics.app; sourceTree = BUILT_PRODUCTS_DIR; };
		3C9594341550C7D100627182 /* UIKit.framework */ = {isa = PBXFileReference; lastKnownFileType = wrapper.framework; name = UIKit.framework; path = System/Library/Frameworks/UIKit.framework; sourceTree = SDKROOT; };
		3C9594361550C7D100627182 /* Foundation.framework */ = {isa = PBXFileReference; lastKnownFileType = wrapper.framework; name = Foundation.framework; path = System/Library/Frameworks/Foundation.framework; sourceTree = SDKROOT; };
		3C9594381550C7D100627182 /* CoreGraphics.framework */ = {isa = PBXFileReference; lastKnownFileType = wrapper.framework; name = CoreGraphics.framework; path = System/Library/Frameworks/CoreGraphics.framework; sourceTree = SDKROOT; };
		3C95943C1550C7D100627182 /* MenuPics-Info.plist */ = {isa = PBXFileReference; lastKnownFileType = text.plist.xml; path = "MenuPics-Info.plist"; sourceTree = "<group>"; };
		3C95943E1550C7D100627182 /* en */ = {isa = PBXFileReference; lastKnownFileType = text.plist.strings; name = en; path = en.lproj/InfoPlist.strings; sourceTree = "<group>"; };
		3C9594401550C7D100627182 /* main.m */ = {isa = PBXFileReference; lastKnownFileType = sourcecode.c.objc; path = main.m; sourceTree = "<group>"; };
		3C9594421550C7D100627182 /* MenuPics-Prefix.pch */ = {isa = PBXFileReference; lastKnownFileType = sourcecode.c.h; path = "MenuPics-Prefix.pch"; sourceTree = "<group>"; };
		3C9594431550C7D100627182 /* AppDelegate.h */ = {isa = PBXFileReference; lastKnownFileType = sourcecode.c.h; path = AppDelegate.h; sourceTree = "<group>"; };
		3C9594441550C7D100627182 /* AppDelegate.m */ = {isa = PBXFileReference; lastKnownFileType = sourcecode.c.objc; path = AppDelegate.m; sourceTree = "<group>"; };
		3C95945915521F1D00627182 /* IIViewDeckController.h */ = {isa = PBXFileReference; fileEncoding = 4; lastKnownFileType = sourcecode.c.h; path = IIViewDeckController.h; sourceTree = "<group>"; };
		3C95945A15521F1D00627182 /* IIViewDeckController.m */ = {isa = PBXFileReference; fileEncoding = 4; lastKnownFileType = sourcecode.c.objc; path = IIViewDeckController.m; sourceTree = "<group>"; };
		3C95945C15521F3600627182 /* WrapController.h */ = {isa = PBXFileReference; fileEncoding = 4; lastKnownFileType = sourcecode.c.h; path = WrapController.h; sourceTree = "<group>"; };
		3C95945D15521F3600627182 /* WrapController.m */ = {isa = PBXFileReference; fileEncoding = 4; lastKnownFileType = sourcecode.c.objc; path = WrapController.m; sourceTree = "<group>"; };
		3C9594641552211300627182 /* NavController.h */ = {isa = PBXFileReference; fileEncoding = 4; lastKnownFileType = sourcecode.c.h; path = NavController.h; sourceTree = "<group>"; };
		3C9594651552211300627182 /* NavController.m */ = {isa = PBXFileReference; fileEncoding = 4; lastKnownFileType = sourcecode.c.objc; path = NavController.m; sourceTree = "<group>"; };
		3C9594661552211300627182 /* NavController.xib */ = {isa = PBXFileReference; fileEncoding = 4; lastKnownFileType = file.xib; path = NavController.xib; sourceTree = "<group>"; };
		3C959477155252BA00627182 /* menu_header_separator.png */ = {isa = PBXFileReference; lastKnownFileType = image.png; path = menu_header_separator.png; sourceTree = "<group>"; };
		3C95947B1552554600627182 /* menu_separator.png */ = {isa = PBXFileReference; lastKnownFileType = image.png; path = menu_separator.png; sourceTree = "<group>"; };
		3C95948A1552851C00627182 /* ImageUtil.h */ = {isa = PBXFileReference; fileEncoding = 4; lastKnownFileType = sourcecode.c.h; path = ImageUtil.h; sourceTree = "<group>"; };
		3C95948B1552851C00627182 /* ImageUtil.m */ = {isa = PBXFileReference; fileEncoding = 4; lastKnownFileType = sourcecode.c.objc; path = ImageUtil.m; sourceTree = "<group>"; };
		3C959498155338FA00627182 /* FindMenuViewController.h */ = {isa = PBXFileReference; fileEncoding = 4; lastKnownFileType = sourcecode.c.h; path = FindMenuViewController.h; sourceTree = "<group>"; };
		3C959499155338FA00627182 /* FindMenuViewController.m */ = {isa = PBXFileReference; fileEncoding = 4; lastKnownFileType = sourcecode.c.objc; path = FindMenuViewController.m; sourceTree = "<group>"; };
		3C9594A915536CA300627182 /* UIColor+ExtendedColor.h */ = {isa = PBXFileReference; fileEncoding = 4; lastKnownFileType = sourcecode.c.h; path = "UIColor+ExtendedColor.h"; sourceTree = "<group>"; };
		3C9594AA15536CA300627182 /* UIColor+ExtendedColor.m */ = {isa = PBXFileReference; fileEncoding = 4; lastKnownFileType = sourcecode.c.objc; path = "UIColor+ExtendedColor.m"; sourceTree = "<group>"; };
		3C9594B61553870500627182 /* CoreLocation.framework */ = {isa = PBXFileReference; lastKnownFileType = wrapper.framework; name = CoreLocation.framework; path = System/Library/Frameworks/CoreLocation.framework; sourceTree = SDKROOT; };
		3C9594C11553B7B200627182 /* nav_menu_icon.png */ = {isa = PBXFileReference; lastKnownFileType = image.png; path = nav_menu_icon.png; sourceTree = "<group>"; };
		3C9594C31553B95A00627182 /* nav_menu_icon@2x.png */ = {isa = PBXFileReference; lastKnownFileType = image.png; path = "nav_menu_icon@2x.png"; sourceTree = "<group>"; };
		3C9594CB15589E2600627182 /* ViewProfileViewController.h */ = {isa = PBXFileReference; fileEncoding = 4; lastKnownFileType = sourcecode.c.h; path = ViewProfileViewController.h; sourceTree = "<group>"; };
		3C9594CC15589E2600627182 /* ViewProfileViewController.m */ = {isa = PBXFileReference; fileEncoding = 4; lastKnownFileType = sourcecode.c.objc; path = ViewProfileViewController.m; sourceTree = "<group>"; };
		3C9594CD15589E2600627182 /* ViewProfileViewController.xib */ = {isa = PBXFileReference; fileEncoding = 4; lastKnownFileType = file.xib; path = ViewProfileViewController.xib; sourceTree = "<group>"; };
		3C9594D215589FE900627182 /* TakePhotoViewController.h */ = {isa = PBXFileReference; fileEncoding = 4; lastKnownFileType = sourcecode.c.h; path = TakePhotoViewController.h; sourceTree = "<group>"; };
		3C9594D315589FE900627182 /* TakePhotoViewController.m */ = {isa = PBXFileReference; fileEncoding = 4; lastKnownFileType = sourcecode.c.objc; path = TakePhotoViewController.m; sourceTree = "<group>"; };
		3C9594D415589FE900627182 /* TakePhotoViewController.xib */ = {isa = PBXFileReference; fileEncoding = 4; lastKnownFileType = file.xib; path = TakePhotoViewController.xib; sourceTree = "<group>"; };
		3C9594D81558B9D600627182 /* find_menu_nav.png */ = {isa = PBXFileReference; lastKnownFileType = image.png; path = find_menu_nav.png; sourceTree = "<group>"; };
		3C9594DA1558BA3E00627182 /* take_photo_nav.png */ = {isa = PBXFileReference; lastKnownFileType = image.png; path = take_photo_nav.png; sourceTree = "<group>"; };
		3C9594DC1558BA5500627182 /* view_profile_nav.png */ = {isa = PBXFileReference; lastKnownFileType = image.png; path = view_profile_nav.png; sourceTree = "<group>"; };
		3C9594E01558BE9A00627182 /* HomeViewController.h */ = {isa = PBXFileReference; fileEncoding = 4; lastKnownFileType = sourcecode.c.h; path = HomeViewController.h; sourceTree = "<group>"; };
		3C9594E11558BE9A00627182 /* HomeViewController.m */ = {isa = PBXFileReference; fileEncoding = 4; lastKnownFileType = sourcecode.c.objc; path = HomeViewController.m; sourceTree = "<group>"; };
		3C9594E21558BE9B00627182 /* HomeViewController.xib */ = {isa = PBXFileReference; fileEncoding = 4; lastKnownFileType = file.xib; path = HomeViewController.xib; sourceTree = "<group>"; };
		3C99ACC9155C6D0100656885 /* RootMenuViewController.h */ = {isa = PBXFileReference; fileEncoding = 4; lastKnownFileType = sourcecode.c.h; path = RootMenuViewController.h; sourceTree = "<group>"; };
		3C99ACCA155C6D0100656885 /* RootMenuViewController.m */ = {isa = PBXFileReference; fileEncoding = 4; lastKnownFileType = sourcecode.c.objc; path = RootMenuViewController.m; sourceTree = "<group>"; };
		3C99ACCB155C6D0100656885 /* RootMenuViewController.xib */ = {isa = PBXFileReference; fileEncoding = 4; lastKnownFileType = file.xib; path = RootMenuViewController.xib; sourceTree = "<group>"; };
		3C99ACCF155C6DDA00656885 /* menu_icon.png */ = {isa = PBXFileReference; lastKnownFileType = image.png; path = menu_icon.png; sourceTree = "<group>"; };
		3C99ACD0155C6DDA00656885 /* menu_icon@2x.png */ = {isa = PBXFileReference; lastKnownFileType = image.png; path = "menu_icon@2x.png"; sourceTree = "<group>"; };
		3C99ACD7155C6EAA00656885 /* camera_icon.png */ = {isa = PBXFileReference; lastKnownFileType = image.png; path = camera_icon.png; sourceTree = "<group>"; };
		3C99ACD8155C6EAA00656885 /* camera_icon@2x.png */ = {isa = PBXFileReference; lastKnownFileType = image.png; path = "camera_icon@2x.png"; sourceTree = "<group>"; };
		3C99ACDB155C6F7400656885 /* restaurant_icon.png */ = {isa = PBXFileReference; lastKnownFileType = image.png; path = restaurant_icon.png; sourceTree = "<group>"; };
		3C99ACDC155C6F7400656885 /* restaurant_icon@2x.png */ = {isa = PBXFileReference; lastKnownFileType = image.png; path = "restaurant_icon@2x.png"; sourceTree = "<group>"; };
		3C99ACDF155C700D00656885 /* like_icon.png */ = {isa = PBXFileReference; lastKnownFileType = image.png; path = like_icon.png; sourceTree = "<group>"; };
		3C99ACE0155C700D00656885 /* like_icon@2x.png */ = {isa = PBXFileReference; lastKnownFileType = image.png; path = "like_icon@2x.png"; sourceTree = "<group>"; };
		3C99ACE7155C73B000656885 /* more_menu_icon.png */ = {isa = PBXFileReference; lastKnownFileType = image.png; path = more_menu_icon.png; sourceTree = "<group>"; };
		3C99ACE8155C73B000656885 /* more_menu_icon@2x.png */ = {isa = PBXFileReference; lastKnownFileType = image.png; path = "more_menu_icon@2x.png"; sourceTree = "<group>"; };
		3C99ACF7155CE34D00656885 /* nav_logo.png */ = {isa = PBXFileReference; lastKnownFileType = image.png; path = nav_logo.png; sourceTree = "<group>"; };
		3C99ACF9155CE43200656885 /* nav_logo@2x.png */ = {isa = PBXFileReference; lastKnownFileType = image.png; path = "nav_logo@2x.png"; sourceTree = "<group>"; };
		3C99AD0D155DE25700656885 /* libSDWebImage.a */ = {isa = PBXFileReference; lastKnownFileType = archive.ar; name = libSDWebImage.a; path = "SDWebImage/build/Release-iphoneos/libSDWebImage.a"; sourceTree = "<group>"; };
		3C9CBA38155A313A007023D2 /* MapKit.framework */ = {isa = PBXFileReference; lastKnownFileType = wrapper.framework; name = MapKit.framework; path = System/Library/Frameworks/MapKit.framework; sourceTree = SDKROOT; };
		3CD8BDC61558C4A600890F62 /* find_menu.png */ = {isa = PBXFileReference; lastKnownFileType = image.png; path = find_menu.png; sourceTree = "<group>"; };
		3CD8BDC81558C4B900890F62 /* take_photo.png */ = {isa = PBXFileReference; lastKnownFileType = image.png; path = take_photo.png; sourceTree = "<group>"; };
		3CD8BDCA1558C4C700890F62 /* view_profile.png */ = {isa = PBXFileReference; lastKnownFileType = image.png; path = view_profile.png; sourceTree = "<group>"; };
		3CD8BDCF1558D0AE00890F62 /* Segoe Print.ttf */ = {isa = PBXFileReference; lastKnownFileType = file; path = "Segoe Print.ttf"; sourceTree = "<group>"; };
		3CD8BDD31558DBEC00890F62 /* arrow.png */ = {isa = PBXFileReference; lastKnownFileType = image.png; path = arrow.png; sourceTree = "<group>"; };
		3CD8BDD41558DBEC00890F62 /* arrow@2x.png */ = {isa = PBXFileReference; lastKnownFileType = image.png; path = "arrow@2x.png"; sourceTree = "<group>"; };
		3CFD36D6156B9F1D006CEC4F /* sweep_2.png */ = {isa = PBXFileReference; lastKnownFileType = image.png; path = sweep_2.png; sourceTree = "<group>"; };
		3CFD36D7156B9F1D006CEC4F /* sweep_3.png */ = {isa = PBXFileReference; lastKnownFileType = image.png; path = sweep_3.png; sourceTree = "<group>"; };
		3CFD36D8156B9F1D006CEC4F /* sweep_4.png */ = {isa = PBXFileReference; lastKnownFileType = image.png; path = sweep_4.png; sourceTree = "<group>"; };
		3CFD36D9156B9F1D006CEC4F /* sweep_5.png */ = {isa = PBXFileReference; lastKnownFileType = image.png; path = sweep_5.png; sourceTree = "<group>"; };
		3CFD36DA156B9F1D006CEC4F /* sweep_6.png */ = {isa = PBXFileReference; lastKnownFileType = image.png; path = sweep_6.png; sourceTree = "<group>"; };
		3CFD36DB156B9F1D006CEC4F /* sweep_7.png */ = {isa = PBXFileReference; lastKnownFileType = image.png; path = sweep_7.png; sourceTree = "<group>"; };
		3CFD36DC156B9F1D006CEC4F /* sweep_8.png */ = {isa = PBXFileReference; lastKnownFileType = image.png; path = sweep_8.png; sourceTree = "<group>"; };
		3CFD36DD156B9F1D006CEC4F /* sweep_9.png */ = {isa = PBXFileReference; lastKnownFileType = image.png; path = sweep_9.png; sourceTree = "<group>"; };
		3CFD36DE156B9F1D006CEC4F /* sweep_10.png */ = {isa = PBXFileReference; lastKnownFileType = image.png; path = sweep_10.png; sourceTree = "<group>"; };
		3CFD36DF156B9F1D006CEC4F /* sweep_11.png */ = {isa = PBXFileReference; lastKnownFileType = image.png; path = sweep_11.png; sourceTree = "<group>"; };
		3CFD36E0156B9F1D006CEC4F /* sweep_12.png */ = {isa = PBXFileReference; lastKnownFileType = image.png; path = sweep_12.png; sourceTree = "<group>"; };
		3CFD36E1156B9F1D006CEC4F /* sweep_13.png */ = {isa = PBXFileReference; lastKnownFileType = image.png; path = sweep_13.png; sourceTree = "<group>"; };
		3CFD36E2156B9F1D006CEC4F /* sweep_14.png */ = {isa = PBXFileReference; lastKnownFileType = image.png; path = sweep_14.png; sourceTree = "<group>"; };
		3CFD36E3156B9F1D006CEC4F /* sweep_15.png */ = {isa = PBXFileReference; lastKnownFileType = image.png; path = sweep_15.png; sourceTree = "<group>"; };
		3CFD36E4156B9F1D006CEC4F /* sweep_16.png */ = {isa = PBXFileReference; lastKnownFileType = image.png; path = sweep_16.png; sourceTree = "<group>"; };
		3CFD36E5156B9F1D006CEC4F /* sweep_17.png */ = {isa = PBXFileReference; lastKnownFileType = image.png; path = sweep_17.png; sourceTree = "<group>"; };
		3CFD36E6156B9F1D006CEC4F /* sweep_18.png */ = {isa = PBXFileReference; lastKnownFileType = image.png; path = sweep_18.png; sourceTree = "<group>"; };
		3CFD36E7156B9F1D006CEC4F /* sweep_19.png */ = {isa = PBXFileReference; lastKnownFileType = image.png; path = sweep_19.png; sourceTree = "<group>"; };
		3CFD36E8156B9F1D006CEC4F /* sweep_20.png */ = {isa = PBXFileReference; lastKnownFileType = image.png; path = sweep_20.png; sourceTree = "<group>"; };
		3CFD36E9156B9F1D006CEC4F /* sweep_21.png */ = {isa = PBXFileReference; lastKnownFileType = image.png; path = sweep_21.png; sourceTree = "<group>"; };
		3CFD36EA156B9F1D006CEC4F /* sweep_22.png */ = {isa = PBXFileReference; lastKnownFileType = image.png; path = sweep_22.png; sourceTree = "<group>"; };
		3CFD36EB156B9F1D006CEC4F /* sweep_23.png */ = {isa = PBXFileReference; lastKnownFileType = image.png; path = sweep_23.png; sourceTree = "<group>"; };
		3CFD36EC156B9F1D006CEC4F /* sweep_24.png */ = {isa = PBXFileReference; lastKnownFileType = image.png; path = sweep_24.png; sourceTree = "<group>"; };
		3CFD36ED156B9F1D006CEC4F /* sweep_25.png */ = {isa = PBXFileReference; lastKnownFileType = image.png; path = sweep_25.png; sourceTree = "<group>"; };
		3CFD36EE156B9F1D006CEC4F /* sweep_26.png */ = {isa = PBXFileReference; lastKnownFileType = image.png; path = sweep_26.png; sourceTree = "<group>"; };
		3CFD36EF156B9F1D006CEC4F /* sweep_27.png */ = {isa = PBXFileReference; lastKnownFileType = image.png; path = sweep_27.png; sourceTree = "<group>"; };
		3CFD36F0156B9F1D006CEC4F /* sweep_28.png */ = {isa = PBXFileReference; lastKnownFileType = image.png; path = sweep_28.png; sourceTree = "<group>"; };
		3CFD36F1156B9F1D006CEC4F /* sweep_29.png */ = {isa = PBXFileReference; lastKnownFileType = image.png; path = sweep_29.png; sourceTree = "<group>"; };
		3CFD36F2156B9F1D006CEC4F /* sweep_30.png */ = {isa = PBXFileReference; lastKnownFileType = image.png; path = sweep_30.png; sourceTree = "<group>"; };
		3CFD36F3156B9F1D006CEC4F /* sweep_31.png */ = {isa = PBXFileReference; lastKnownFileType = image.png; path = sweep_31.png; sourceTree = "<group>"; };
		3CFD36F4156B9F1D006CEC4F /* sweep_32.png */ = {isa = PBXFileReference; lastKnownFileType = image.png; path = sweep_32.png; sourceTree = "<group>"; };
		3CFD36F5156B9F1D006CEC4F /* sweep_33.png */ = {isa = PBXFileReference; lastKnownFileType = image.png; path = sweep_33.png; sourceTree = "<group>"; };
		3CFD36F6156B9F1D006CEC4F /* sweep_34.png */ = {isa = PBXFileReference; lastKnownFileType = image.png; path = sweep_34.png; sourceTree = "<group>"; };
		3CFD36F7156B9F1D006CEC4F /* sweep_35.png */ = {isa = PBXFileReference; lastKnownFileType = image.png; path = sweep_35.png; sourceTree = "<group>"; };
		3CFD36F8156B9F1D006CEC4F /* sweep_36.png */ = {isa = PBXFileReference; lastKnownFileType = image.png; path = sweep_36.png; sourceTree = "<group>"; };
		3CFD36F9156B9F1D006CEC4F /* sweep_37.png */ = {isa = PBXFileReference; lastKnownFileType = image.png; path = sweep_37.png; sourceTree = "<group>"; };
		3CFD36FA156B9F1D006CEC4F /* sweep_38.png */ = {isa = PBXFileReference; lastKnownFileType = image.png; path = sweep_38.png; sourceTree = "<group>"; };
		3CFD36FB156B9F1D006CEC4F /* sweep_39.png */ = {isa = PBXFileReference; lastKnownFileType = image.png; path = sweep_39.png; sourceTree = "<group>"; };
		3CFD36FC156B9F1D006CEC4F /* sweep_40.png */ = {isa = PBXFileReference; lastKnownFileType = image.png; path = sweep_40.png; sourceTree = "<group>"; };
		3CFD36FD156B9F1D006CEC4F /* sweep_41.png */ = {isa = PBXFileReference; lastKnownFileType = image.png; path = sweep_41.png; sourceTree = "<group>"; };
		3CFD36FE156B9F1D006CEC4F /* sweep_42.png */ = {isa = PBXFileReference; lastKnownFileType = image.png; path = sweep_42.png; sourceTree = "<group>"; };
		3CFD36FF156B9F1D006CEC4F /* sweep_43.png */ = {isa = PBXFileReference; lastKnownFileType = image.png; path = sweep_43.png; sourceTree = "<group>"; };
		3CFD3700156B9F1D006CEC4F /* sweep_44.png */ = {isa = PBXFileReference; lastKnownFileType = image.png; path = sweep_44.png; sourceTree = "<group>"; };
		3CFD3701156B9F1D006CEC4F /* sweep_45.png */ = {isa = PBXFileReference; lastKnownFileType = image.png; path = sweep_45.png; sourceTree = "<group>"; };
		3CFD3702156B9F1D006CEC4F /* sweep_46.png */ = {isa = PBXFileReference; lastKnownFileType = image.png; path = sweep_46.png; sourceTree = "<group>"; };
		3CFD3703156B9F1D006CEC4F /* sweep_47.png */ = {isa = PBXFileReference; lastKnownFileType = image.png; path = sweep_47.png; sourceTree = "<group>"; };
		3CFD3704156B9F1D006CEC4F /* sweep_48.png */ = {isa = PBXFileReference; lastKnownFileType = image.png; path = sweep_48.png; sourceTree = "<group>"; };
		3CFD3705156B9F1D006CEC4F /* sweep_49.png */ = {isa = PBXFileReference; lastKnownFileType = image.png; path = sweep_49.png; sourceTree = "<group>"; };
		3CFD3706156B9F1D006CEC4F /* sweep_50.png */ = {isa = PBXFileReference; lastKnownFileType = image.png; path = sweep_50.png; sourceTree = "<group>"; };
		3CFD3707156B9F1D006CEC4F /* sweep_51.png */ = {isa = PBXFileReference; lastKnownFileType = image.png; path = sweep_51.png; sourceTree = "<group>"; };
		3CFD3708156B9F1D006CEC4F /* sweep_52.png */ = {isa = PBXFileReference; lastKnownFileType = image.png; path = sweep_52.png; sourceTree = "<group>"; };
		3CFD3709156B9F1D006CEC4F /* sweep_53.png */ = {isa = PBXFileReference; lastKnownFileType = image.png; path = sweep_53.png; sourceTree = "<group>"; };
		3CFD370A156B9F1D006CEC4F /* sweep_54.png */ = {isa = PBXFileReference; lastKnownFileType = image.png; path = sweep_54.png; sourceTree = "<group>"; };
		3CFD370B156B9F1D006CEC4F /* sweep_55.png */ = {isa = PBXFileReference; lastKnownFileType = image.png; path = sweep_55.png; sourceTree = "<group>"; };
		3CFD370C156B9F1D006CEC4F /* sweep_56.png */ = {isa = PBXFileReference; lastKnownFileType = image.png; path = sweep_56.png; sourceTree = "<group>"; };
		3CFD370D156B9F1D006CEC4F /* sweep_57.png */ = {isa = PBXFileReference; lastKnownFileType = image.png; path = sweep_57.png; sourceTree = "<group>"; };
		3CFD370E156B9F1D006CEC4F /* sweep_58.png */ = {isa = PBXFileReference; lastKnownFileType = image.png; path = sweep_58.png; sourceTree = "<group>"; };
		3CFD370F156B9F1D006CEC4F /* sweep_59.png */ = {isa = PBXFileReference; lastKnownFileType = image.png; path = sweep_59.png; sourceTree = "<group>"; };
		3CFD3710156B9F1D006CEC4F /* sweep_60.png */ = {isa = PBXFileReference; lastKnownFileType = image.png; path = sweep_60.png; sourceTree = "<group>"; };
		3CFD3711156B9F1D006CEC4F /* sweep_61.png */ = {isa = PBXFileReference; lastKnownFileType = image.png; path = sweep_61.png; sourceTree = "<group>"; };
		3CFD3712156B9F1D006CEC4F /* sweep_62.png */ = {isa = PBXFileReference; lastKnownFileType = image.png; path = sweep_62.png; sourceTree = "<group>"; };
		3CFD3713156B9F1D006CEC4F /* sweep_63.png */ = {isa = PBXFileReference; lastKnownFileType = image.png; path = sweep_63.png; sourceTree = "<group>"; };
		3CFD3714156B9F1D006CEC4F /* sweep_64.png */ = {isa = PBXFileReference; lastKnownFileType = image.png; path = sweep_64.png; sourceTree = "<group>"; };
		3CFD3715156B9F1D006CEC4F /* sweep.png */ = {isa = PBXFileReference; lastKnownFileType = image.png; path = sweep.png; sourceTree = "<group>"; };
		3CFD3716156B9F1D006CEC4F /* unsweep_2.png */ = {isa = PBXFileReference; lastKnownFileType = image.png; path = unsweep_2.png; sourceTree = "<group>"; };
		3CFD3717156B9F1D006CEC4F /* unsweep_3.png */ = {isa = PBXFileReference; lastKnownFileType = image.png; path = unsweep_3.png; sourceTree = "<group>"; };
		3CFD3718156B9F1D006CEC4F /* unsweep_4.png */ = {isa = PBXFileReference; lastKnownFileType = image.png; path = unsweep_4.png; sourceTree = "<group>"; };
		3CFD3719156B9F1D006CEC4F /* unsweep_5.png */ = {isa = PBXFileReference; lastKnownFileType = image.png; path = unsweep_5.png; sourceTree = "<group>"; };
		3CFD371A156B9F1D006CEC4F /* unsweep_6.png */ = {isa = PBXFileReference; lastKnownFileType = image.png; path = unsweep_6.png; sourceTree = "<group>"; };
		3CFD371B156B9F1D006CEC4F /* unsweep_7.png */ = {isa = PBXFileReference; lastKnownFileType = image.png; path = unsweep_7.png; sourceTree = "<group>"; };
		3CFD371C156B9F1D006CEC4F /* unsweep_8.png */ = {isa = PBXFileReference; lastKnownFileType = image.png; path = unsweep_8.png; sourceTree = "<group>"; };
		3CFD371D156B9F1D006CEC4F /* unsweep_9.png */ = {isa = PBXFileReference; lastKnownFileType = image.png; path = unsweep_9.png; sourceTree = "<group>"; };
		3CFD371E156B9F1D006CEC4F /* unsweep_10.png */ = {isa = PBXFileReference; lastKnownFileType = image.png; path = unsweep_10.png; sourceTree = "<group>"; };
		3CFD371F156B9F1D006CEC4F /* unsweep_11.png */ = {isa = PBXFileReference; lastKnownFileType = image.png; path = unsweep_11.png; sourceTree = "<group>"; };
		3CFD3720156B9F1D006CEC4F /* unsweep_12.png */ = {isa = PBXFileReference; lastKnownFileType = image.png; path = unsweep_12.png; sourceTree = "<group>"; };
		3CFD3721156B9F1D006CEC4F /* unsweep_13.png */ = {isa = PBXFileReference; lastKnownFileType = image.png; path = unsweep_13.png; sourceTree = "<group>"; };
		3CFD3722156B9F1D006CEC4F /* unsweep_14.png */ = {isa = PBXFileReference; lastKnownFileType = image.png; path = unsweep_14.png; sourceTree = "<group>"; };
		3CFD3723156B9F1D006CEC4F /* unsweep_15.png */ = {isa = PBXFileReference; lastKnownFileType = image.png; path = unsweep_15.png; sourceTree = "<group>"; };
		3CFD3724156B9F1D006CEC4F /* unsweep_16.png */ = {isa = PBXFileReference; lastKnownFileType = image.png; path = unsweep_16.png; sourceTree = "<group>"; };
		3CFD3725156B9F1D006CEC4F /* unsweep_17.png */ = {isa = PBXFileReference; lastKnownFileType = image.png; path = unsweep_17.png; sourceTree = "<group>"; };
		3CFD3726156B9F1D006CEC4F /* unsweep_18.png */ = {isa = PBXFileReference; lastKnownFileType = image.png; path = unsweep_18.png; sourceTree = "<group>"; };
		3CFD3727156B9F1D006CEC4F /* unsweep_19.png */ = {isa = PBXFileReference; lastKnownFileType = image.png; path = unsweep_19.png; sourceTree = "<group>"; };
		3CFD3728156B9F1D006CEC4F /* unsweep_20.png */ = {isa = PBXFileReference; lastKnownFileType = image.png; path = unsweep_20.png; sourceTree = "<group>"; };
		3CFD3729156B9F1D006CEC4F /* unsweep_21.png */ = {isa = PBXFileReference; lastKnownFileType = image.png; path = unsweep_21.png; sourceTree = "<group>"; };
		3CFD372A156B9F1D006CEC4F /* unsweep_22.png */ = {isa = PBXFileReference; lastKnownFileType = image.png; path = unsweep_22.png; sourceTree = "<group>"; };
		3CFD372B156B9F1D006CEC4F /* unsweep_23.png */ = {isa = PBXFileReference; lastKnownFileType = image.png; path = unsweep_23.png; sourceTree = "<group>"; };
		3CFD372C156B9F1D006CEC4F /* unsweep_24.png */ = {isa = PBXFileReference; lastKnownFileType = image.png; path = unsweep_24.png; sourceTree = "<group>"; };
		3CFD372D156B9F1D006CEC4F /* unsweep_25.png */ = {isa = PBXFileReference; lastKnownFileType = image.png; path = unsweep_25.png; sourceTree = "<group>"; };
		3CFD372E156B9F1D006CEC4F /* unsweep_26.png */ = {isa = PBXFileReference; lastKnownFileType = image.png; path = unsweep_26.png; sourceTree = "<group>"; };
		3CFD372F156B9F1D006CEC4F /* unsweep_27.png */ = {isa = PBXFileReference; lastKnownFileType = image.png; path = unsweep_27.png; sourceTree = "<group>"; };
		3CFD3730156B9F1D006CEC4F /* unsweep_28.png */ = {isa = PBXFileReference; lastKnownFileType = image.png; path = unsweep_28.png; sourceTree = "<group>"; };
		3CFD3731156B9F1D006CEC4F /* unsweep_29.png */ = {isa = PBXFileReference; lastKnownFileType = image.png; path = unsweep_29.png; sourceTree = "<group>"; };
		3CFD3732156B9F1D006CEC4F /* unsweep_30.png */ = {isa = PBXFileReference; lastKnownFileType = image.png; path = unsweep_30.png; sourceTree = "<group>"; };
		3CFD3733156B9F1D006CEC4F /* unsweep_31.png */ = {isa = PBXFileReference; lastKnownFileType = image.png; path = unsweep_31.png; sourceTree = "<group>"; };
		3CFD3734156B9F1D006CEC4F /* unsweep_32.png */ = {isa = PBXFileReference; lastKnownFileType = image.png; path = unsweep_32.png; sourceTree = "<group>"; };
		3CFD3735156B9F1D006CEC4F /* unsweep_33.png */ = {isa = PBXFileReference; lastKnownFileType = image.png; path = unsweep_33.png; sourceTree = "<group>"; };
		3CFD3736156B9F1D006CEC4F /* unsweep_34.png */ = {isa = PBXFileReference; lastKnownFileType = image.png; path = unsweep_34.png; sourceTree = "<group>"; };
		3CFD3737156B9F1D006CEC4F /* unsweep_35.png */ = {isa = PBXFileReference; lastKnownFileType = image.png; path = unsweep_35.png; sourceTree = "<group>"; };
		3CFD3738156B9F1D006CEC4F /* unsweep_36.png */ = {isa = PBXFileReference; lastKnownFileType = image.png; path = unsweep_36.png; sourceTree = "<group>"; };
		3CFD3739156B9F1D006CEC4F /* unsweep_37.png */ = {isa = PBXFileReference; lastKnownFileType = image.png; path = unsweep_37.png; sourceTree = "<group>"; };
		3CFD373A156B9F1D006CEC4F /* unsweep_38.png */ = {isa = PBXFileReference; lastKnownFileType = image.png; path = unsweep_38.png; sourceTree = "<group>"; };
		3CFD373B156B9F1D006CEC4F /* unsweep_39.png */ = {isa = PBXFileReference; lastKnownFileType = image.png; path = unsweep_39.png; sourceTree = "<group>"; };
		3CFD373C156B9F1D006CEC4F /* unsweep_40.png */ = {isa = PBXFileReference; lastKnownFileType = image.png; path = unsweep_40.png; sourceTree = "<group>"; };
		3CFD373D156B9F1D006CEC4F /* unsweep_41.png */ = {isa = PBXFileReference; lastKnownFileType = image.png; path = unsweep_41.png; sourceTree = "<group>"; };
		3CFD373E156B9F1D006CEC4F /* unsweep_42.png */ = {isa = PBXFileReference; lastKnownFileType = image.png; path = unsweep_42.png; sourceTree = "<group>"; };
		3CFD373F156B9F1D006CEC4F /* unsweep_43.png */ = {isa = PBXFileReference; lastKnownFileType = image.png; path = unsweep_43.png; sourceTree = "<group>"; };
		3CFD3740156B9F1D006CEC4F /* unsweep_44.png */ = {isa = PBXFileReference; lastKnownFileType = image.png; path = unsweep_44.png; sourceTree = "<group>"; };
		3CFD3741156B9F1D006CEC4F /* unsweep_45.png */ = {isa = PBXFileReference; lastKnownFileType = image.png; path = unsweep_45.png; sourceTree = "<group>"; };
		3CFD3742156B9F1D006CEC4F /* unsweep_46.png */ = {isa = PBXFileReference; lastKnownFileType = image.png; path = unsweep_46.png; sourceTree = "<group>"; };
		3CFD3743156B9F1D006CEC4F /* unsweep_47.png */ = {isa = PBXFileReference; lastKnownFileType = image.png; path = unsweep_47.png; sourceTree = "<group>"; };
		3CFD3744156B9F1D006CEC4F /* unsweep_48.png */ = {isa = PBXFileReference; lastKnownFileType = image.png; path = unsweep_48.png; sourceTree = "<group>"; };
		3CFD3745156B9F1D006CEC4F /* unsweep_49.png */ = {isa = PBXFileReference; lastKnownFileType = image.png; path = unsweep_49.png; sourceTree = "<group>"; };
		3CFD3746156B9F1D006CEC4F /* unsweep_50.png */ = {isa = PBXFileReference; lastKnownFileType = image.png; path = unsweep_50.png; sourceTree = "<group>"; };
		3CFD3747156B9F1D006CEC4F /* unsweep_51.png */ = {isa = PBXFileReference; lastKnownFileType = image.png; path = unsweep_51.png; sourceTree = "<group>"; };
		3CFD3748156B9F1D006CEC4F /* unsweep_52.png */ = {isa = PBXFileReference; lastKnownFileType = image.png; path = unsweep_52.png; sourceTree = "<group>"; };
		3CFD3749156B9F1D006CEC4F /* unsweep_53.png */ = {isa = PBXFileReference; lastKnownFileType = image.png; path = unsweep_53.png; sourceTree = "<group>"; };
		3CFD374A156B9F1D006CEC4F /* unsweep_54.png */ = {isa = PBXFileReference; lastKnownFileType = image.png; path = unsweep_54.png; sourceTree = "<group>"; };
		3CFD374B156B9F1D006CEC4F /* unsweep_55.png */ = {isa = PBXFileReference; lastKnownFileType = image.png; path = unsweep_55.png; sourceTree = "<group>"; };
		3CFD374C156B9F1D006CEC4F /* unsweep_56.png */ = {isa = PBXFileReference; lastKnownFileType = image.png; path = unsweep_56.png; sourceTree = "<group>"; };
		3CFD374D156B9F1D006CEC4F /* unsweep_57.png */ = {isa = PBXFileReference; lastKnownFileType = image.png; path = unsweep_57.png; sourceTree = "<group>"; };
		3CFD374E156B9F1D006CEC4F /* unsweep_58.png */ = {isa = PBXFileReference; lastKnownFileType = image.png; path = unsweep_58.png; sourceTree = "<group>"; };
		3CFD374F156B9F1D006CEC4F /* unsweep_59.png */ = {isa = PBXFileReference; lastKnownFileType = image.png; path = unsweep_59.png; sourceTree = "<group>"; };
		3CFD3750156B9F1D006CEC4F /* unsweep_60.png */ = {isa = PBXFileReference; lastKnownFileType = image.png; path = unsweep_60.png; sourceTree = "<group>"; };
		3CFD3751156B9F1D006CEC4F /* unsweep_61.png */ = {isa = PBXFileReference; lastKnownFileType = image.png; path = unsweep_61.png; sourceTree = "<group>"; };
		3CFD3752156B9F1D006CEC4F /* unsweep_62.png */ = {isa = PBXFileReference; lastKnownFileType = image.png; path = unsweep_62.png; sourceTree = "<group>"; };
		3CFD3753156B9F1D006CEC4F /* unsweep_63.png */ = {isa = PBXFileReference; lastKnownFileType = image.png; path = unsweep_63.png; sourceTree = "<group>"; };
		3CFD3754156B9F1D006CEC4F /* unsweep_64.png */ = {isa = PBXFileReference; lastKnownFileType = image.png; path = unsweep_64.png; sourceTree = "<group>"; };
		3CFD3755156B9F1D006CEC4F /* unsweep.png */ = {isa = PBXFileReference; lastKnownFileType = image.png; path = unsweep.png; sourceTree = "<group>"; };
/* End PBXFileReference section */

/* Begin PBXFrameworksBuildPhase section */
		3C95942D1550C7D100627182 /* Frameworks */ = {
			isa = PBXFrameworksBuildPhase;
			buildActionMask = 2147483647;
			files = (
				3C5D56B41564E31E003F3EC7 /* QuartzCore.framework in Frameworks */,
				3C99AD0E155DE25700656885 /* libSDWebImage.a in Frameworks */,
				3C9CBA39155A313A007023D2 /* MapKit.framework in Frameworks */,
				3C9594B71553870500627182 /* CoreLocation.framework in Frameworks */,
				3C9594351550C7D100627182 /* UIKit.framework in Frameworks */,
				3C9594371550C7D100627182 /* Foundation.framework in Frameworks */,
				3C9594391550C7D100627182 /* CoreGraphics.framework in Frameworks */,
			);
			runOnlyForDeploymentPostprocessing = 0;
		};
/* End PBXFrameworksBuildPhase section */

/* Begin PBXGroup section */
		3C141C44156AE526000D884E /* sweep_animation */ = {
			isa = PBXGroup;
			children = (
				3CFD36D6156B9F1D006CEC4F /* sweep_2.png */,
				3CFD36D7156B9F1D006CEC4F /* sweep_3.png */,
				3CFD36D8156B9F1D006CEC4F /* sweep_4.png */,
				3CFD36D9156B9F1D006CEC4F /* sweep_5.png */,
				3CFD36DA156B9F1D006CEC4F /* sweep_6.png */,
				3CFD36DB156B9F1D006CEC4F /* sweep_7.png */,
				3CFD36DC156B9F1D006CEC4F /* sweep_8.png */,
				3CFD36DD156B9F1D006CEC4F /* sweep_9.png */,
				3CFD36DE156B9F1D006CEC4F /* sweep_10.png */,
				3CFD36DF156B9F1D006CEC4F /* sweep_11.png */,
				3CFD36E0156B9F1D006CEC4F /* sweep_12.png */,
				3CFD36E1156B9F1D006CEC4F /* sweep_13.png */,
				3CFD36E2156B9F1D006CEC4F /* sweep_14.png */,
				3CFD36E3156B9F1D006CEC4F /* sweep_15.png */,
				3CFD36E4156B9F1D006CEC4F /* sweep_16.png */,
				3CFD36E5156B9F1D006CEC4F /* sweep_17.png */,
				3CFD36E6156B9F1D006CEC4F /* sweep_18.png */,
				3CFD36E7156B9F1D006CEC4F /* sweep_19.png */,
				3CFD36E8156B9F1D006CEC4F /* sweep_20.png */,
				3CFD36E9156B9F1D006CEC4F /* sweep_21.png */,
				3CFD36EA156B9F1D006CEC4F /* sweep_22.png */,
				3CFD36EB156B9F1D006CEC4F /* sweep_23.png */,
				3CFD36EC156B9F1D006CEC4F /* sweep_24.png */,
				3CFD36ED156B9F1D006CEC4F /* sweep_25.png */,
				3CFD36EE156B9F1D006CEC4F /* sweep_26.png */,
				3CFD36EF156B9F1D006CEC4F /* sweep_27.png */,
				3CFD36F0156B9F1D006CEC4F /* sweep_28.png */,
				3CFD36F1156B9F1D006CEC4F /* sweep_29.png */,
				3CFD36F2156B9F1D006CEC4F /* sweep_30.png */,
				3CFD36F3156B9F1D006CEC4F /* sweep_31.png */,
				3CFD36F4156B9F1D006CEC4F /* sweep_32.png */,
				3CFD36F5156B9F1D006CEC4F /* sweep_33.png */,
				3CFD36F6156B9F1D006CEC4F /* sweep_34.png */,
				3CFD36F7156B9F1D006CEC4F /* sweep_35.png */,
				3CFD36F8156B9F1D006CEC4F /* sweep_36.png */,
				3CFD36F9156B9F1D006CEC4F /* sweep_37.png */,
				3CFD36FA156B9F1D006CEC4F /* sweep_38.png */,
				3CFD36FB156B9F1D006CEC4F /* sweep_39.png */,
				3CFD36FC156B9F1D006CEC4F /* sweep_40.png */,
				3CFD36FD156B9F1D006CEC4F /* sweep_41.png */,
				3CFD36FE156B9F1D006CEC4F /* sweep_42.png */,
				3CFD36FF156B9F1D006CEC4F /* sweep_43.png */,
				3CFD3700156B9F1D006CEC4F /* sweep_44.png */,
				3CFD3701156B9F1D006CEC4F /* sweep_45.png */,
				3CFD3702156B9F1D006CEC4F /* sweep_46.png */,
				3CFD3703156B9F1D006CEC4F /* sweep_47.png */,
				3CFD3704156B9F1D006CEC4F /* sweep_48.png */,
				3CFD3705156B9F1D006CEC4F /* sweep_49.png */,
				3CFD3706156B9F1D006CEC4F /* sweep_50.png */,
				3CFD3707156B9F1D006CEC4F /* sweep_51.png */,
				3CFD3708156B9F1D006CEC4F /* sweep_52.png */,
				3CFD3709156B9F1D006CEC4F /* sweep_53.png */,
				3CFD370A156B9F1D006CEC4F /* sweep_54.png */,
				3CFD370B156B9F1D006CEC4F /* sweep_55.png */,
				3CFD370C156B9F1D006CEC4F /* sweep_56.png */,
				3CFD370D156B9F1D006CEC4F /* sweep_57.png */,
				3CFD370E156B9F1D006CEC4F /* sweep_58.png */,
				3CFD370F156B9F1D006CEC4F /* sweep_59.png */,
				3CFD3710156B9F1D006CEC4F /* sweep_60.png */,
				3CFD3711156B9F1D006CEC4F /* sweep_61.png */,
				3CFD3712156B9F1D006CEC4F /* sweep_62.png */,
				3CFD3713156B9F1D006CEC4F /* sweep_63.png */,
				3CFD3714156B9F1D006CEC4F /* sweep_64.png */,
				3CFD3715156B9F1D006CEC4F /* sweep.png */,
				3CFD3716156B9F1D006CEC4F /* unsweep_2.png */,
				3CFD3717156B9F1D006CEC4F /* unsweep_3.png */,
				3CFD3718156B9F1D006CEC4F /* unsweep_4.png */,
				3CFD3719156B9F1D006CEC4F /* unsweep_5.png */,
				3CFD371A156B9F1D006CEC4F /* unsweep_6.png */,
				3CFD371B156B9F1D006CEC4F /* unsweep_7.png */,
				3CFD371C156B9F1D006CEC4F /* unsweep_8.png */,
				3CFD371D156B9F1D006CEC4F /* unsweep_9.png */,
				3CFD371E156B9F1D006CEC4F /* unsweep_10.png */,
				3CFD371F156B9F1D006CEC4F /* unsweep_11.png */,
				3CFD3720156B9F1D006CEC4F /* unsweep_12.png */,
				3CFD3721156B9F1D006CEC4F /* unsweep_13.png */,
				3CFD3722156B9F1D006CEC4F /* unsweep_14.png */,
				3CFD3723156B9F1D006CEC4F /* unsweep_15.png */,
				3CFD3724156B9F1D006CEC4F /* unsweep_16.png */,
				3CFD3725156B9F1D006CEC4F /* unsweep_17.png */,
				3CFD3726156B9F1D006CEC4F /* unsweep_18.png */,
				3CFD3727156B9F1D006CEC4F /* unsweep_19.png */,
				3CFD3728156B9F1D006CEC4F /* unsweep_20.png */,
				3CFD3729156B9F1D006CEC4F /* unsweep_21.png */,
				3CFD372A156B9F1D006CEC4F /* unsweep_22.png */,
				3CFD372B156B9F1D006CEC4F /* unsweep_23.png */,
				3CFD372C156B9F1D006CEC4F /* unsweep_24.png */,
				3CFD372D156B9F1D006CEC4F /* unsweep_25.png */,
				3CFD372E156B9F1D006CEC4F /* unsweep_26.png */,
				3CFD372F156B9F1D006CEC4F /* unsweep_27.png */,
				3CFD3730156B9F1D006CEC4F /* unsweep_28.png */,
				3CFD3731156B9F1D006CEC4F /* unsweep_29.png */,
				3CFD3732156B9F1D006CEC4F /* unsweep_30.png */,
				3CFD3733156B9F1D006CEC4F /* unsweep_31.png */,
				3CFD3734156B9F1D006CEC4F /* unsweep_32.png */,
				3CFD3735156B9F1D006CEC4F /* unsweep_33.png */,
				3CFD3736156B9F1D006CEC4F /* unsweep_34.png */,
				3CFD3737156B9F1D006CEC4F /* unsweep_35.png */,
				3CFD3738156B9F1D006CEC4F /* unsweep_36.png */,
				3CFD3739156B9F1D006CEC4F /* unsweep_37.png */,
				3CFD373A156B9F1D006CEC4F /* unsweep_38.png */,
				3CFD373B156B9F1D006CEC4F /* unsweep_39.png */,
				3CFD373C156B9F1D006CEC4F /* unsweep_40.png */,
				3CFD373D156B9F1D006CEC4F /* unsweep_41.png */,
				3CFD373E156B9F1D006CEC4F /* unsweep_42.png */,
				3CFD373F156B9F1D006CEC4F /* unsweep_43.png */,
				3CFD3740156B9F1D006CEC4F /* unsweep_44.png */,
				3CFD3741156B9F1D006CEC4F /* unsweep_45.png */,
				3CFD3742156B9F1D006CEC4F /* unsweep_46.png */,
				3CFD3743156B9F1D006CEC4F /* unsweep_47.png */,
				3CFD3744156B9F1D006CEC4F /* unsweep_48.png */,
				3CFD3745156B9F1D006CEC4F /* unsweep_49.png */,
				3CFD3746156B9F1D006CEC4F /* unsweep_50.png */,
				3CFD3747156B9F1D006CEC4F /* unsweep_51.png */,
				3CFD3748156B9F1D006CEC4F /* unsweep_52.png */,
				3CFD3749156B9F1D006CEC4F /* unsweep_53.png */,
				3CFD374A156B9F1D006CEC4F /* unsweep_54.png */,
				3CFD374B156B9F1D006CEC4F /* unsweep_55.png */,
				3CFD374C156B9F1D006CEC4F /* unsweep_56.png */,
				3CFD374D156B9F1D006CEC4F /* unsweep_57.png */,
				3CFD374E156B9F1D006CEC4F /* unsweep_58.png */,
				3CFD374F156B9F1D006CEC4F /* unsweep_59.png */,
				3CFD3750156B9F1D006CEC4F /* unsweep_60.png */,
				3CFD3751156B9F1D006CEC4F /* unsweep_61.png */,
				3CFD3752156B9F1D006CEC4F /* unsweep_62.png */,
				3CFD3753156B9F1D006CEC4F /* unsweep_63.png */,
				3CFD3754156B9F1D006CEC4F /* unsweep_64.png */,
				3CFD3755156B9F1D006CEC4F /* unsweep.png */,
			);
			name = sweep_animation;
			sourceTree = "<group>";
		};
		3C1F95FB155997CE0062C7E1 /* Images */ = {
			isa = PBXGroup;
			children = (
			);
			name = Images;
			sourceTree = "<group>";
		};
		3C1F95FD155997D70062C7E1 /* Records */ = {
			isa = PBXGroup;
			children = (
				3C1F95FE1559981C0062C7E1 /* Location.h */,
				3C1F95FF1559981C0062C7E1 /* Location.m */,
			);
			name = Records;
			sourceTree = "<group>";
		};
		3C5F9D851561852F002ED96E /* CurrentMenu */ = {
			isa = PBXGroup;
			children = (
				3C2086FA15620E8400A16BF0 /* CurrentMenuView.xib */,
			);
			name = CurrentMenu;
			sourceTree = "<group>";
		};
		3C5F9D861561853C002ED96E /* MostLiked */ = {
			isa = PBXGroup;
			children = (
				3C2086FC1562248600A16BF0 /* MostLikedView.xib */,
			);
			name = MostLiked;
			sourceTree = "<group>";
		};
		3C5F9D871561854E002ED96E /* Restaurant */ = {
			isa = PBXGroup;
			children = (
				3C2086FE156224C400A16BF0 /* RestaurantView.xib */,
			);
			name = Restaurant;
			sourceTree = "<group>";
		};
		3C5F9D8815618559002ED96E /* AllMenus */ = {
			isa = PBXGroup;
			children = (
				3C2087021562261C00A16BF0 /* AllMenusView.xib */,
			);
			name = AllMenus;
			sourceTree = "<group>";
		};
		3C9594251550C7D000627182 = {
			isa = PBXGroup;
			children = (
				3C95943A1550C7D100627182 /* MenuPics */,
				3C9594331550C7D100627182 /* Frameworks */,
				3C9594311550C7D100627182 /* Products */,
			);
			sourceTree = "<group>";
		};
		3C9594311550C7D100627182 /* Products */ = {
			isa = PBXGroup;
			children = (
				3C9594301550C7D100627182 /* MenuPics.app */,
			);
			name = Products;
			sourceTree = "<group>";
		};
		3C9594331550C7D100627182 /* Frameworks */ = {
			isa = PBXGroup;
			children = (
				3C99AD0D155DE25700656885 /* libSDWebImage.a */,
				3C5D56B31564E31E003F3EC7 /* QuartzCore.framework */,
				3C9CBA38155A313A007023D2 /* MapKit.framework */,
				3C9594341550C7D100627182 /* UIKit.framework */,
				3C9594B61553870500627182 /* CoreLocation.framework */,
				3C9594361550C7D100627182 /* Foundation.framework */,
				3C9594381550C7D100627182 /* CoreGraphics.framework */,
			);
			name = Frameworks;
			sourceTree = "<group>";
		};
		3C95943A1550C7D100627182 /* MenuPics */ = {
			isa = PBXGroup;
			children = (
				3C95948D15531C7900627182 /* FindMenu */,
				3C9594D015589EEB00627182 /* TakePhoto */,
				3C9594A215533E3F00627182 /* ViewProfile */,
				3C99ACC7155C6CCC00656885 /* Menu */,
				3C9594511550E83700627182 /* Shell */,
				3C959489155284CE00627182 /* Util */,
				3C95943B1550C7D100627182 /* Supporting Files */,
			);
			path = MenuPics;
			sourceTree = "<group>";
		};
		3C95943B1550C7D100627182 /* Supporting Files */ = {
			isa = PBXGroup;
			children = (
				3C95943C1550C7D100627182 /* MenuPics-Info.plist */,
				3C95943D1550C7D100627182 /* InfoPlist.strings */,
				3C9594401550C7D100627182 /* main.m */,
				3C9594421550C7D100627182 /* MenuPics-Prefix.pch */,
			);
			name = "Supporting Files";
			sourceTree = "<group>";
		};
		3C9594511550E83700627182 /* Shell */ = {
			isa = PBXGroup;
			children = (
				3CD8BDCC1558C76000890F62 /* Fonts */,
				3C95949F15533DEB00627182 /* Images */,
				3C9594431550C7D100627182 /* AppDelegate.h */,
				3C9594441550C7D100627182 /* AppDelegate.m */,
				3C9594A915536CA300627182 /* UIColor+ExtendedColor.h */,
				3C9594AA15536CA300627182 /* UIColor+ExtendedColor.m */,
				3C9594691552213800627182 /* ViewDeck */,
				3CD8BDC31558C45800890F62 /* Home */,
				3C959463155220E100627182 /* Navigation */,
			);
			name = Shell;
			sourceTree = "<group>";
		};
		3C959463155220E100627182 /* Navigation */ = {
			isa = PBXGroup;
			children = (
				3C9594D71558B9C800627182 /* Images */,
				3C9594641552211300627182 /* NavController.h */,
				3C9594651552211300627182 /* NavController.m */,
				3C9594661552211300627182 /* NavController.xib */,
			);
			name = Navigation;
			sourceTree = "<group>";
		};
		3C9594691552213800627182 /* ViewDeck */ = {
			isa = PBXGroup;
			children = (
				3C95945915521F1D00627182 /* IIViewDeckController.h */,
				3C95945A15521F1D00627182 /* IIViewDeckController.m */,
				3C95945C15521F3600627182 /* WrapController.h */,
				3C95945D15521F3600627182 /* WrapController.m */,
			);
			name = ViewDeck;
			sourceTree = "<group>";
		};
		3C959489155284CE00627182 /* Util */ = {
			isa = PBXGroup;
			children = (
				3C95948A1552851C00627182 /* ImageUtil.h */,
				3C95948B1552851C00627182 /* ImageUtil.m */,
			);
			name = Util;
			sourceTree = "<group>";
		};
		3C95948D15531C7900627182 /* FindMenu */ = {
			isa = PBXGroup;
			children = (
				3C1F95FB155997CE0062C7E1 /* Images */,
				3C1F95FD155997D70062C7E1 /* Records */,
				3C959498155338FA00627182 /* FindMenuViewController.h */,
				3C959499155338FA00627182 /* FindMenuViewController.m */,
				3C1F9603155A074A0062C7E1 /* FindMenuViewController.xib */,
				3C1F96011559CE280062C7E1 /* LocationCell.xib */,
			);
			name = FindMenu;
			sourceTree = "<group>";
		};
		3C95949F15533DEB00627182 /* Images */ = {
			isa = PBXGroup;
			children = (
				3C141C44156AE526000D884E /* sweep_animation */,
				3C141D45156B679C000D884E /* image_loading.png */,
				3C99ACF7155CE34D00656885 /* nav_logo.png */,
				3C99ACF9155CE43200656885 /* nav_logo@2x.png */,
				3C5F9D891561897F002ED96E /* nav_bar_background.png */,
				3C5F9D8B15618A2F002ED96E /* nav_bar_background@2x.png */,
				3C9594C11553B7B200627182 /* nav_menu_icon.png */,
				3C9594C31553B95A00627182 /* nav_menu_icon@2x.png */,
				3C959477155252BA00627182 /* menu_header_separator.png */,
				3C95947B1552554600627182 /* menu_separator.png */,
			);
			name = Images;
			sourceTree = "<group>";
		};
		3C9594A215533E3F00627182 /* ViewProfile */ = {
			isa = PBXGroup;
			children = (
				3C9594CB15589E2600627182 /* ViewProfileViewController.h */,
				3C9594CC15589E2600627182 /* ViewProfileViewController.m */,
				3C9594CD15589E2600627182 /* ViewProfileViewController.xib */,
			);
			name = ViewProfile;
			sourceTree = "<group>";
		};
		3C9594D015589EEB00627182 /* TakePhoto */ = {
			isa = PBXGroup;
			children = (
				3C9594D115589FBA00627182 /* Images */,
				3C9594D215589FE900627182 /* TakePhotoViewController.h */,
				3C9594D315589FE900627182 /* TakePhotoViewController.m */,
				3C9594D415589FE900627182 /* TakePhotoViewController.xib */,
			);
			name = TakePhoto;
			sourceTree = "<group>";
		};
		3C9594D115589FBA00627182 /* Images */ = {
			isa = PBXGroup;
			children = (
			);
			name = Images;
			sourceTree = "<group>";
		};
		3C9594D71558B9C800627182 /* Images */ = {
			isa = PBXGroup;
			children = (
				3C9594DC1558BA5500627182 /* view_profile_nav.png */,
				3C9594DA1558BA3E00627182 /* take_photo_nav.png */,
				3C9594D81558B9D600627182 /* find_menu_nav.png */,
			);
			name = Images;
			sourceTree = "<group>";
		};
		3C99ACC7155C6CCC00656885 /* Menu */ = {
			isa = PBXGroup;
			children = (
				3C99ACCE155C6DA100656885 /* Images */,
				3C99ACC9155C6D0100656885 /* RootMenuViewController.h */,
				3C99ACCA155C6D0100656885 /* RootMenuViewController.m */,
				3C99ACCB155C6D0100656885 /* RootMenuViewController.xib */,
				3C208704156235EE00A16BF0 /* OrderedDictionary.h */,
				3C208705156235EE00A16BF0 /* OrderedDictionary.m */,
				3C5F9D7C155E6760002ED96E /* MenuItem.h */,
				3C5F9D7D155E6760002ED96E /* MenuItem.m */,
				3C5D56BE156614D8003F3EC7 /* Restaurant.h */,
				3C5D56BF156614D9003F3EC7 /* Restaurant.m */,
				3C20870715635E3D00A16BF0 /* MenuItemCell.xib */,
				3C5F9D851561852F002ED96E /* CurrentMenu */,
				3C5F9D861561853C002ED96E /* MostLiked */,
				3C5F9D871561854E002ED96E /* Restaurant */,
				3C5F9D8815618559002ED96E /* AllMenus */,
			);
			name = Menu;
			sourceTree = "<group>";
		};
		3C99ACCE155C6DA100656885 /* Images */ = {
			isa = PBXGroup;
			children = (
				3C5D56BA15660634003F3EC7 /* add_photo.png */,
				3C5D56BB15660634003F3EC7 /* add_photo@2x.png */,
				3C99ACDF155C700D00656885 /* like_icon.png */,
				3C99ACE0155C700D00656885 /* like_icon@2x.png */,
				3C99ACDB155C6F7400656885 /* restaurant_icon.png */,
				3C99ACDC155C6F7400656885 /* restaurant_icon@2x.png */,
				3C99ACD7155C6EAA00656885 /* camera_icon.png */,
				3C99ACD8155C6EAA00656885 /* camera_icon@2x.png */,
				3C99ACCF155C6DDA00656885 /* menu_icon.png */,
				3C99ACD0155C6DDA00656885 /* menu_icon@2x.png */,
				3C99ACE7155C73B000656885 /* more_menu_icon.png */,
				3C99ACE8155C73B000656885 /* more_menu_icon@2x.png */,
			);
			name = Images;
			sourceTree = "<group>";
		};
		3CD8BDC31558C45800890F62 /* Home */ = {
			isa = PBXGroup;
			children = (
				3CD8BDC51558C47500890F62 /* Images */,
				3C9594E01558BE9A00627182 /* HomeViewController.h */,
				3C9594E11558BE9A00627182 /* HomeViewController.m */,
				3C9594E21558BE9B00627182 /* HomeViewController.xib */,
			);
			name = Home;
			sourceTree = "<group>";
		};
		3CD8BDC51558C47500890F62 /* Images */ = {
			isa = PBXGroup;
			children = (
				3CD8BDD31558DBEC00890F62 /* arrow.png */,
				3CD8BDD41558DBEC00890F62 /* arrow@2x.png */,
				3CD8BDC61558C4A600890F62 /* find_menu.png */,
				3C256E121558FEE50092FD9C /* find_menu@2x.png */,
				3CD8BDC81558C4B900890F62 /* take_photo.png */,
				3C256E161558FEF50092FD9C /* take_photo@2x.png */,
				3CD8BDCA1558C4C700890F62 /* view_profile.png */,
				3C256E151558FEF50092FD9C /* view_profile@2x.png */,
			);
			name = Images;
			sourceTree = "<group>";
		};
		3CD8BDCC1558C76000890F62 /* Fonts */ = {
			isa = PBXGroup;
			children = (
				3CD8BDCF1558D0AE00890F62 /* Segoe Print.ttf */,
			);
			name = Fonts;
			sourceTree = "<group>";
		};
/* End PBXGroup section */

/* Begin PBXNativeTarget section */
		3C95942F1550C7D100627182 /* MenuPics */ = {
			isa = PBXNativeTarget;
			buildConfigurationList = 3C95944E1550C7D100627182 /* Build configuration list for PBXNativeTarget "MenuPics" */;
			buildPhases = (
				3C95942C1550C7D100627182 /* Sources */,
				3C95942D1550C7D100627182 /* Frameworks */,
				3C95942E1550C7D100627182 /* Resources */,
			);
			buildRules = (
			);
			dependencies = (
			);
			name = MenuPics;
			productName = MenuPics;
			productReference = 3C9594301550C7D100627182 /* MenuPics.app */;
			productType = "com.apple.product-type.application";
		};
/* End PBXNativeTarget section */

/* Begin PBXProject section */
		3C9594271550C7D000627182 /* Project object */ = {
			isa = PBXProject;
			attributes = {
				LastUpgradeCheck = 0430;
				ORGANIZATIONNAME = "InfoIt Labs, Inc.";
			};
			buildConfigurationList = 3C95942A1550C7D000627182 /* Build configuration list for PBXProject "MenuPics" */;
			compatibilityVersion = "Xcode 3.2";
			developmentRegion = English;
			hasScannedForEncodings = 0;
			knownRegions = (
				en,
			);
			mainGroup = 3C9594251550C7D000627182;
			productRefGroup = 3C9594311550C7D100627182 /* Products */;
			projectDirPath = "";
			projectRoot = "";
			targets = (
				3C95942F1550C7D100627182 /* MenuPics */,
			);
		};
/* End PBXProject section */

/* Begin PBXResourcesBuildPhase section */
		3C95942E1550C7D100627182 /* Resources */ = {
			isa = PBXResourcesBuildPhase;
			buildActionMask = 2147483647;
			files = (
				3C95943F1550C7D100627182 /* InfoPlist.strings in Resources */,
				3C9594681552211300627182 /* NavController.xib in Resources */,
				3C959478155252BA00627182 /* menu_header_separator.png in Resources */,
				3C95947C1552554600627182 /* menu_separator.png in Resources */,
				3C9594C21553B7B200627182 /* nav_menu_icon.png in Resources */,
				3C9594C41553B95B00627182 /* nav_menu_icon@2x.png in Resources */,
				3C9594CF15589E2600627182 /* ViewProfileViewController.xib in Resources */,
				3C9594D615589FE900627182 /* TakePhotoViewController.xib in Resources */,
				3C9594D91558B9D600627182 /* find_menu_nav.png in Resources */,
				3C9594DB1558BA3E00627182 /* take_photo_nav.png in Resources */,
				3C9594DD1558BA5500627182 /* view_profile_nav.png in Resources */,
				3C9594E41558BE9C00627182 /* HomeViewController.xib in Resources */,
				3CD8BDC71558C4A600890F62 /* find_menu.png in Resources */,
				3CD8BDC91558C4B900890F62 /* take_photo.png in Resources */,
				3CD8BDCB1558C4C700890F62 /* view_profile.png in Resources */,
				3CD8BDD01558D0AE00890F62 /* Segoe Print.ttf in Resources */,
				3CD8BDD51558DBEC00890F62 /* arrow.png in Resources */,
				3CD8BDD61558DBEC00890F62 /* arrow@2x.png in Resources */,
				3C256E131558FEE50092FD9C /* find_menu@2x.png in Resources */,
				3C256E171558FEF50092FD9C /* view_profile@2x.png in Resources */,
				3C256E181558FEF50092FD9C /* take_photo@2x.png in Resources */,
				3C1F96021559CE280062C7E1 /* LocationCell.xib in Resources */,
				3C1F9604155A074A0062C7E1 /* FindMenuViewController.xib in Resources */,
				3C99ACCD155C6D0100656885 /* RootMenuViewController.xib in Resources */,
				3C99ACD3155C6DDA00656885 /* menu_icon.png in Resources */,
				3C99ACD4155C6DDA00656885 /* menu_icon@2x.png in Resources */,
				3C99ACD9155C6EAA00656885 /* camera_icon.png in Resources */,
				3C99ACDA155C6EAA00656885 /* camera_icon@2x.png in Resources */,
				3C99ACDD155C6F7400656885 /* restaurant_icon.png in Resources */,
				3C99ACDE155C6F7400656885 /* restaurant_icon@2x.png in Resources */,
				3C99ACE1155C700D00656885 /* like_icon.png in Resources */,
				3C99ACE2155C700D00656885 /* like_icon@2x.png in Resources */,
				3C99ACE9155C73B100656885 /* more_menu_icon.png in Resources */,
				3C99ACEA155C73B100656885 /* more_menu_icon@2x.png in Resources */,
				3C99ACF8155CE34D00656885 /* nav_logo.png in Resources */,
				3C99ACFA155CE43200656885 /* nav_logo@2x.png in Resources */,
				3C5F9D8A1561897F002ED96E /* nav_bar_background.png in Resources */,
				3C5F9D8C15618A2F002ED96E /* nav_bar_background@2x.png in Resources */,
				3C2086FB15620E8400A16BF0 /* CurrentMenuView.xib in Resources */,
				3C2086FD1562248600A16BF0 /* MostLikedView.xib in Resources */,
				3C2086FF156224C400A16BF0 /* RestaurantView.xib in Resources */,
				3C2087031562261C00A16BF0 /* AllMenusView.xib in Resources */,
				3C20870815635E3D00A16BF0 /* MenuItemCell.xib in Resources */,
				3C5D56BC15660634003F3EC7 /* add_photo.png in Resources */,
				3C5D56BD15660634003F3EC7 /* add_photo@2x.png in Resources */,
				3C141D46156B679C000D884E /* image_loading.png in Resources */,
				3CFD3756156B9F1E006CEC4F /* sweep_2.png in Resources */,
				3CFD3757156B9F1E006CEC4F /* sweep_3.png in Resources */,
				3CFD3758156B9F1E006CEC4F /* sweep_4.png in Resources */,
				3CFD3759156B9F1E006CEC4F /* sweep_5.png in Resources */,
				3CFD375A156B9F1E006CEC4F /* sweep_6.png in Resources */,
				3CFD375B156B9F1E006CEC4F /* sweep_7.png in Resources */,
				3CFD375C156B9F1E006CEC4F /* sweep_8.png in Resources */,
				3CFD375D156B9F1E006CEC4F /* sweep_9.png in Resources */,
				3CFD375E156B9F1E006CEC4F /* sweep_10.png in Resources */,
				3CFD375F156B9F1E006CEC4F /* sweep_11.png in Resources */,
				3CFD3760156B9F1E006CEC4F /* sweep_12.png in Resources */,
				3CFD3761156B9F1E006CEC4F /* sweep_13.png in Resources */,
				3CFD3762156B9F1E006CEC4F /* sweep_14.png in Resources */,
				3CFD3763156B9F1E006CEC4F /* sweep_15.png in Resources */,
				3CFD3764156B9F1E006CEC4F /* sweep_16.png in Resources */,
				3CFD3765156B9F1E006CEC4F /* sweep_17.png in Resources */,
				3CFD3766156B9F1E006CEC4F /* sweep_18.png in Resources */,
				3CFD3767156B9F1E006CEC4F /* sweep_19.png in Resources */,
				3CFD3768156B9F1E006CEC4F /* sweep_20.png in Resources */,
				3CFD3769156B9F1E006CEC4F /* sweep_21.png in Resources */,
				3CFD376A156B9F1E006CEC4F /* sweep_22.png in Resources */,
				3CFD376B156B9F1E006CEC4F /* sweep_23.png in Resources */,
				3CFD376C156B9F1E006CEC4F /* sweep_24.png in Resources */,
				3CFD376D156B9F1E006CEC4F /* sweep_25.png in Resources */,
				3CFD376E156B9F1E006CEC4F /* sweep_26.png in Resources */,
				3CFD376F156B9F1E006CEC4F /* sweep_27.png in Resources */,
				3CFD3770156B9F1E006CEC4F /* sweep_28.png in Resources */,
				3CFD3771156B9F1E006CEC4F /* sweep_29.png in Resources */,
				3CFD3772156B9F1E006CEC4F /* sweep_30.png in Resources */,
				3CFD3773156B9F1E006CEC4F /* sweep_31.png in Resources */,
				3CFD3774156B9F1E006CEC4F /* sweep_32.png in Resources */,
				3CFD3775156B9F1E006CEC4F /* sweep_33.png in Resources */,
				3CFD3776156B9F1E006CEC4F /* sweep_34.png in Resources */,
				3CFD3777156B9F1E006CEC4F /* sweep_35.png in Resources */,
				3CFD3778156B9F1E006CEC4F /* sweep_36.png in Resources */,
				3CFD3779156B9F1E006CEC4F /* sweep_37.png in Resources */,
				3CFD377A156B9F1E006CEC4F /* sweep_38.png in Resources */,
				3CFD377B156B9F1E006CEC4F /* sweep_39.png in Resources */,
				3CFD377C156B9F1E006CEC4F /* sweep_40.png in Resources */,
				3CFD377D156B9F1E006CEC4F /* sweep_41.png in Resources */,
				3CFD377E156B9F1E006CEC4F /* sweep_42.png in Resources */,
				3CFD377F156B9F1E006CEC4F /* sweep_43.png in Resources */,
				3CFD3780156B9F1E006CEC4F /* sweep_44.png in Resources */,
				3CFD3781156B9F1E006CEC4F /* sweep_45.png in Resources */,
				3CFD3782156B9F1E006CEC4F /* sweep_46.png in Resources */,
				3CFD3783156B9F1E006CEC4F /* sweep_47.png in Resources */,
				3CFD3784156B9F1E006CEC4F /* sweep_48.png in Resources */,
				3CFD3785156B9F1E006CEC4F /* sweep_49.png in Resources */,
				3CFD3786156B9F1E006CEC4F /* sweep_50.png in Resources */,
				3CFD3787156B9F1E006CEC4F /* sweep_51.png in Resources */,
				3CFD3788156B9F1E006CEC4F /* sweep_52.png in Resources */,
				3CFD3789156B9F1E006CEC4F /* sweep_53.png in Resources */,
				3CFD378A156B9F1E006CEC4F /* sweep_54.png in Resources */,
				3CFD378B156B9F1E006CEC4F /* sweep_55.png in Resources */,
				3CFD378C156B9F1E006CEC4F /* sweep_56.png in Resources */,
				3CFD378D156B9F1E006CEC4F /* sweep_57.png in Resources */,
				3CFD378E156B9F1E006CEC4F /* sweep_58.png in Resources */,
				3CFD378F156B9F1E006CEC4F /* sweep_59.png in Resources */,
				3CFD3790156B9F1E006CEC4F /* sweep_60.png in Resources */,
				3CFD3791156B9F1E006CEC4F /* sweep_61.png in Resources */,
				3CFD3792156B9F1E006CEC4F /* sweep_62.png in Resources */,
				3CFD3793156B9F1E006CEC4F /* sweep_63.png in Resources */,
				3CFD3794156B9F1E006CEC4F /* sweep_64.png in Resources */,
				3CFD3795156B9F1E006CEC4F /* sweep.png in Resources */,
				3CFD3796156B9F1E006CEC4F /* unsweep_2.png in Resources */,
				3CFD3797156B9F1E006CEC4F /* unsweep_3.png in Resources */,
				3CFD3798156B9F1E006CEC4F /* unsweep_4.png in Resources */,
				3CFD3799156B9F1E006CEC4F /* unsweep_5.png in Resources */,
				3CFD379A156B9F1E006CEC4F /* unsweep_6.png in Resources */,
				3CFD379B156B9F1E006CEC4F /* unsweep_7.png in Resources */,
				3CFD379C156B9F1E006CEC4F /* unsweep_8.png in Resources */,
				3CFD379D156B9F1E006CEC4F /* unsweep_9.png in Resources */,
				3CFD379E156B9F1E006CEC4F /* unsweep_10.png in Resources */,
				3CFD379F156B9F1E006CEC4F /* unsweep_11.png in Resources */,
				3CFD37A0156B9F1E006CEC4F /* unsweep_12.png in Resources */,
				3CFD37A1156B9F1E006CEC4F /* unsweep_13.png in Resources */,
				3CFD37A2156B9F1E006CEC4F /* unsweep_14.png in Resources */,
				3CFD37A3156B9F1E006CEC4F /* unsweep_15.png in Resources */,
				3CFD37A4156B9F1E006CEC4F /* unsweep_16.png in Resources */,
				3CFD37A5156B9F1E006CEC4F /* unsweep_17.png in Resources */,
				3CFD37A6156B9F1E006CEC4F /* unsweep_18.png in Resources */,
				3CFD37A7156B9F1E006CEC4F /* unsweep_19.png in Resources */,
				3CFD37A8156B9F1E006CEC4F /* unsweep_20.png in Resources */,
				3CFD37A9156B9F1E006CEC4F /* unsweep_21.png in Resources */,
				3CFD37AA156B9F1E006CEC4F /* unsweep_22.png in Resources */,
				3CFD37AB156B9F1E006CEC4F /* unsweep_23.png in Resources */,
				3CFD37AC156B9F1E006CEC4F /* unsweep_24.png in Resources */,
				3CFD37AD156B9F1E006CEC4F /* unsweep_25.png in Resources */,
				3CFD37AE156B9F1E006CEC4F /* unsweep_26.png in Resources */,
				3CFD37AF156B9F1E006CEC4F /* unsweep_27.png in Resources */,
				3CFD37B0156B9F1E006CEC4F /* unsweep_28.png in Resources */,
				3CFD37B1156B9F1E006CEC4F /* unsweep_29.png in Resources */,
				3CFD37B2156B9F1E006CEC4F /* unsweep_30.png in Resources */,
				3CFD37B3156B9F1E006CEC4F /* unsweep_31.png in Resources */,
				3CFD37B4156B9F1E006CEC4F /* unsweep_32.png in Resources */,
				3CFD37B5156B9F1E006CEC4F /* unsweep_33.png in Resources */,
				3CFD37B6156B9F1E006CEC4F /* unsweep_34.png in Resources */,
				3CFD37B7156B9F1E006CEC4F /* unsweep_35.png in Resources */,
				3CFD37B8156B9F1E006CEC4F /* unsweep_36.png in Resources */,
				3CFD37B9156B9F1E006CEC4F /* unsweep_37.png in Resources */,
				3CFD37BA156B9F1E006CEC4F /* unsweep_38.png in Resources */,
				3CFD37BB156B9F1E006CEC4F /* unsweep_39.png in Resources */,
				3CFD37BC156B9F1E006CEC4F /* unsweep_40.png in Resources */,
				3CFD37BD156B9F1E006CEC4F /* unsweep_41.png in Resources */,
				3CFD37BE156B9F1E006CEC4F /* unsweep_42.png in Resources */,
				3CFD37BF156B9F1E006CEC4F /* unsweep_43.png in Resources */,
				3CFD37C0156B9F1E006CEC4F /* unsweep_44.png in Resources */,
				3CFD37C1156B9F1E006CEC4F /* unsweep_45.png in Resources */,
				3CFD37C2156B9F1E006CEC4F /* unsweep_46.png in Resources */,
				3CFD37C3156B9F1E006CEC4F /* unsweep_47.png in Resources */,
				3CFD37C4156B9F1E006CEC4F /* unsweep_48.png in Resources */,
				3CFD37C5156B9F1E006CEC4F /* unsweep_49.png in Resources */,
				3CFD37C6156B9F1E006CEC4F /* unsweep_50.png in Resources */,
				3CFD37C7156B9F1E006CEC4F /* unsweep_51.png in Resources */,
				3CFD37C8156B9F1E006CEC4F /* unsweep_52.png in Resources */,
				3CFD37C9156B9F1E006CEC4F /* unsweep_53.png in Resources */,
				3CFD37CA156B9F1E006CEC4F /* unsweep_54.png in Resources */,
				3CFD37CB156B9F1E006CEC4F /* unsweep_55.png in Resources */,
				3CFD37CC156B9F1E006CEC4F /* unsweep_56.png in Resources */,
				3CFD37CD156B9F1E006CEC4F /* unsweep_57.png in Resources */,
				3CFD37CE156B9F1E006CEC4F /* unsweep_58.png in Resources */,
				3CFD37CF156B9F1E006CEC4F /* unsweep_59.png in Resources */,
				3CFD37D0156B9F1E006CEC4F /* unsweep_60.png in Resources */,
				3CFD37D1156B9F1E006CEC4F /* unsweep_61.png in Resources */,
				3CFD37D2156B9F1E006CEC4F /* unsweep_62.png in Resources */,
				3CFD37D3156B9F1E006CEC4F /* unsweep_63.png in Resources */,
				3CFD37D4156B9F1E006CEC4F /* unsweep_64.png in Resources */,
				3CFD37D5156B9F1E006CEC4F /* unsweep.png in Resources */,
			);
			runOnlyForDeploymentPostprocessing = 0;
		};
/* End PBXResourcesBuildPhase section */

/* Begin PBXSourcesBuildPhase section */
		3C95942C1550C7D100627182 /* Sources */ = {
			isa = PBXSourcesBuildPhase;
			buildActionMask = 2147483647;
			files = (
				3C9594411550C7D100627182 /* main.m in Sources */,
				3C9594451550C7D100627182 /* AppDelegate.m in Sources */,
				3C95945B15521F1D00627182 /* IIViewDeckController.m in Sources */,
				3C95945E15521F3600627182 /* WrapController.m in Sources */,
				3C9594671552211300627182 /* NavController.m in Sources */,
				3C95948C1552851C00627182 /* ImageUtil.m in Sources */,
				3C95949B155338FA00627182 /* FindMenuViewController.m in Sources */,
				3C9594AB15536CA300627182 /* UIColor+ExtendedColor.m in Sources */,
				3C9594CE15589E2600627182 /* ViewProfileViewController.m in Sources */,
				3C9594D515589FE900627182 /* TakePhotoViewController.m in Sources */,
				3C9594E31558BE9C00627182 /* HomeViewController.m in Sources */,
				3C1F96001559981C0062C7E1 /* Location.m in Sources */,
				3C99ACCC155C6D0100656885 /* RootMenuViewController.m in Sources */,
				3C5F9D7E155E6760002ED96E /* MenuItem.m in Sources */,
				3C208706156235EE00A16BF0 /* OrderedDictionary.m in Sources */,
				3C5D56C0156614D9003F3EC7 /* Restaurant.m in Sources */,
			);
			runOnlyForDeploymentPostprocessing = 0;
		};
/* End PBXSourcesBuildPhase section */

/* Begin PBXVariantGroup section */
		3C95943D1550C7D100627182 /* InfoPlist.strings */ = {
			isa = PBXVariantGroup;
			children = (
				3C95943E1550C7D100627182 /* en */,
			);
			name = InfoPlist.strings;
			sourceTree = "<group>";
		};
/* End PBXVariantGroup section */

/* Begin XCBuildConfiguration section */
		3C95944C1550C7D100627182 /* Debug */ = {
			isa = XCBuildConfiguration;
			buildSettings = {
				ALWAYS_SEARCH_USER_PATHS = NO;
				ARCHS = "$(ARCHS_STANDARD_32_BIT)";
				CLANG_ENABLE_OBJC_ARC = YES;
				"CODE_SIGN_IDENTITY[sdk=iphoneos*]" = "iPhone Developer";
				COPY_PHASE_STRIP = NO;
				GCC_C_LANGUAGE_STANDARD = gnu99;
				GCC_DYNAMIC_NO_PIC = NO;
				GCC_OPTIMIZATION_LEVEL = 0;
				GCC_PREPROCESSOR_DEFINITIONS = (
					"DEBUG=1",
					"$(inherited)",
				);
				GCC_SYMBOLS_PRIVATE_EXTERN = NO;
				GCC_VERSION = com.apple.compilers.llvm.clang.1_0;
				GCC_WARN_ABOUT_RETURN_TYPE = YES;
				GCC_WARN_UNINITIALIZED_AUTOS = YES;
				GCC_WARN_UNUSED_VARIABLE = YES;
				IPHONEOS_DEPLOYMENT_TARGET = 5.1;
				SDKROOT = iphoneos;
				USER_HEADER_SEARCH_PATHS = "$(BUILT_PRODUCTS_DIR)";
			};
			name = Debug;
		};
		3C95944D1550C7D100627182 /* Release */ = {
			isa = XCBuildConfiguration;
			buildSettings = {
				ALWAYS_SEARCH_USER_PATHS = NO;
				ARCHS = "$(ARCHS_STANDARD_32_BIT)";
				CLANG_ENABLE_OBJC_ARC = YES;
				"CODE_SIGN_IDENTITY[sdk=iphoneos*]" = "iPhone Developer";
				COPY_PHASE_STRIP = YES;
				GCC_C_LANGUAGE_STANDARD = gnu99;
				GCC_VERSION = com.apple.compilers.llvm.clang.1_0;
				GCC_WARN_ABOUT_RETURN_TYPE = YES;
				GCC_WARN_UNINITIALIZED_AUTOS = YES;
				GCC_WARN_UNUSED_VARIABLE = YES;
				IPHONEOS_DEPLOYMENT_TARGET = 5.1;
				OTHER_CFLAGS = "-DNS_BLOCK_ASSERTIONS=1";
				SDKROOT = iphoneos;
				"USER_HEADER_SEARCH_PATHS[arch=*]" = "$(PROJECT_DIR)";
				VALIDATE_PRODUCT = YES;
			};
			name = Release;
		};
		3C95944F1550C7D100627182 /* Debug */ = {
			isa = XCBuildConfiguration;
			buildSettings = {
				GCC_PRECOMPILE_PREFIX_HEADER = YES;
				GCC_PREFIX_HEADER = "MenuPics/MenuPics-Prefix.pch";
				INCLUDED_RECURSIVE_SEARCH_PATH_SUBDIRECTORIES = "$(BUILT_PRODUCTS_DIR)/../../Headers";
				INFOPLIST_FILE = "MenuPics/MenuPics-Info.plist";
				"OTHER_LDFLAGS[arch=*]" = "-ObjC";
				PRODUCT_NAME = MenuPics;
				USER_HEADER_SEARCH_PATHS = "$(BUILT_PRODUCTS_DIR)/../../Headers/**";
				WRAPPER_EXTENSION = app;
			};
			name = Debug;
		};
		3C9594501550C7D100627182 /* Release */ = {
			isa = XCBuildConfiguration;
			buildSettings = {
				GCC_PRECOMPILE_PREFIX_HEADER = YES;
				GCC_PREFIX_HEADER = "MenuPics/MenuPics-Prefix.pch";
				INCLUDED_RECURSIVE_SEARCH_PATH_SUBDIRECTORIES = "$(BUILT_PRODUCTS_DIR)/../../Headers";
				INFOPLIST_FILE = "MenuPics/MenuPics-Info.plist";
				"OTHER_LDFLAGS[arch=*]" = "-ObjC";
				PRODUCT_NAME = MenuPics;
				USER_HEADER_SEARCH_PATHS = "$(BUILT_PRODUCTS_DIR)/../../Headers/**";
				WRAPPER_EXTENSION = app;
			};
			name = Release;
		};
/* End XCBuildConfiguration section */

/* Begin XCConfigurationList section */
		3C95942A1550C7D000627182 /* Build configuration list for PBXProject "MenuPics" */ = {
			isa = XCConfigurationList;
			buildConfigurations = (
				3C95944C1550C7D100627182 /* Debug */,
				3C95944D1550C7D100627182 /* Release */,
			);
			defaultConfigurationIsVisible = 0;
			defaultConfigurationName = Release;
		};
		3C95944E1550C7D100627182 /* Build configuration list for PBXNativeTarget "MenuPics" */ = {
			isa = XCConfigurationList;
			buildConfigurations = (
				3C95944F1550C7D100627182 /* Debug */,
				3C9594501550C7D100627182 /* Release */,
			);
			defaultConfigurationIsVisible = 0;
			defaultConfigurationName = Release;
		};
/* End XCConfigurationList section */
	};
	rootObject = 3C9594271550C7D000627182 /* Project object */;
}
