// !$*UTF8*$!
{
	archiveVersion = 1;
	classes = {
	};
	objectVersion = 46;
	objects = {

/* Begin PBXBuildFile section */
		3C048A041605BF7D0002D4A7 /* 57x57.png in Resources */ = {isa = PBXBuildFile; fileRef = 3C048A031605BF7D0002D4A7 /* 57x57.png */; };
		3C048A071605BF870002D4A7 /* 114x114.png in Resources */ = {isa = PBXBuildFile; fileRef = 3C048A061605BF870002D4A7 /* 114x114.png */; };
		3C048A0A1605C1E80002D4A7 /* Default@2x.png in Resources */ = {isa = PBXBuildFile; fileRef = 3C048A091605C1E80002D4A7 /* Default@2x.png */; };
		3C048A0C1605C1EB0002D4A7 /* Default.png in Resources */ = {isa = PBXBuildFile; fileRef = 3C048A0B1605C1EB0002D4A7 /* Default.png */; };
		3C048A0F1606D4FE0002D4A7 /* Photo.m in Sources */ = {isa = PBXBuildFile; fileRef = 3C048A0E1606D4FE0002D4A7 /* Photo.m */; };
		3C048A13160710620002D4A7 /* AddPhotoCell.m in Sources */ = {isa = PBXBuildFile; fileRef = 3C048A12160710620002D4A7 /* AddPhotoCell.m */; };
		3C048A16160711580002D4A7 /* MenuItemThumbnailCell.m in Sources */ = {isa = PBXBuildFile; fileRef = 3C048A15160711580002D4A7 /* MenuItemThumbnailCell.m */; };
		3C048A191607FFD00002D4A7 /* SavedPhoto.m in Sources */ = {isa = PBXBuildFile; fileRef = 3C048A181607FFCF0002D4A7 /* SavedPhoto.m */; };
		3C048A1D160921DA0002D4A7 /* PhotoThumbnailCell.m in Sources */ = {isa = PBXBuildFile; fileRef = 3C048A1C160921DA0002D4A7 /* PhotoThumbnailCell.m */; };
		3C048A1F160946270002D4A7 /* nav_bar_translucent@2x.png in Resources */ = {isa = PBXBuildFile; fileRef = 3C048A1E160946270002D4A7 /* nav_bar_translucent@2x.png */; };
		3C048A24160971940002D4A7 /* photo.png in Resources */ = {isa = PBXBuildFile; fileRef = 3C048A23160971940002D4A7 /* photo.png */; };
		3C048A2B160BC1820002D4A7 /* flash_auto_pressed@2x.png in Resources */ = {isa = PBXBuildFile; fileRef = 3C048A25160BC1820002D4A7 /* flash_auto_pressed@2x.png */; };
		3C048A2C160BC1820002D4A7 /* flash_auto@2x.png in Resources */ = {isa = PBXBuildFile; fileRef = 3C048A26160BC1820002D4A7 /* flash_auto@2x.png */; };
		3C048A2D160BC1820002D4A7 /* flash_off_pressed@2x.png in Resources */ = {isa = PBXBuildFile; fileRef = 3C048A27160BC1820002D4A7 /* flash_off_pressed@2x.png */; };
		3C048A2E160BC1820002D4A7 /* flash_off@2x.png in Resources */ = {isa = PBXBuildFile; fileRef = 3C048A28160BC1820002D4A7 /* flash_off@2x.png */; };
		3C048A2F160BC1820002D4A7 /* flash_on_pressed@2x.png in Resources */ = {isa = PBXBuildFile; fileRef = 3C048A29160BC1820002D4A7 /* flash_on_pressed@2x.png */; };
		3C048A30160BC1820002D4A7 /* flash_on@2x.png in Resources */ = {isa = PBXBuildFile; fileRef = 3C048A2A160BC1820002D4A7 /* flash_on@2x.png */; };
		3C0912CB1611A52B00920A99 /* profile_no_image.jpg in Resources */ = {isa = PBXBuildFile; fileRef = 3C0912CA1611A52B00920A99 /* profile_no_image.jpg */; };
		3C13F44A160204E000B244F7 /* Accounts.framework in Frameworks */ = {isa = PBXBuildFile; fileRef = 3C13F449160204E000B244F7 /* Accounts.framework */; };
		3C13F44D1602072B00B244F7 /* Social.framework in Frameworks */ = {isa = PBXBuildFile; fileRef = 3C13F44C1602072B00B244F7 /* Social.framework */; };
		3C1871301601B6EF0043C684 /* Default-568h@2x.png in Resources */ = {isa = PBXBuildFile; fileRef = 3C18712F1601B6EF0043C684 /* Default-568h@2x.png */; };
		3C198C4116366DDD00A0C22F /* restaurant_placeholder@2x.png in Resources */ = {isa = PBXBuildFile; fileRef = 3C198C3F16366DDD00A0C22F /* restaurant_placeholder@2x.png */; };
		3C198C4216366DDD00A0C22F /* restaurant_placeholder.png in Resources */ = {isa = PBXBuildFile; fileRef = 3C198C4016366DDD00A0C22F /* restaurant_placeholder.png */; };
		3C22AF76160F1EBE00A3C8EE /* CameraOverlayView5.xib in Resources */ = {isa = PBXBuildFile; fileRef = 3C22AF75160F1EBE00A3C8EE /* CameraOverlayView5.xib */; };
		3C3A8D7B16450155005A2C7F /* sp_splash.png in Resources */ = {isa = PBXBuildFile; fileRef = 3C3A8D7A16450155005A2C7F /* sp_splash.png */; };
		3C573F0115F4D0D800CE7BE3 /* UIKit.framework in Frameworks */ = {isa = PBXBuildFile; fileRef = 3C573F0015F4D0D800CE7BE3 /* UIKit.framework */; };
		3C573F0315F4D0D800CE7BE3 /* Foundation.framework in Frameworks */ = {isa = PBXBuildFile; fileRef = 3C573F0215F4D0D800CE7BE3 /* Foundation.framework */; };
		3C573F0515F4D0D800CE7BE3 /* CoreGraphics.framework in Frameworks */ = {isa = PBXBuildFile; fileRef = 3C573F0415F4D0D800CE7BE3 /* CoreGraphics.framework */; };
		3C573F0715F4D0D800CE7BE3 /* CoreData.framework in Frameworks */ = {isa = PBXBuildFile; fileRef = 3C573F0615F4D0D800CE7BE3 /* CoreData.framework */; };
		3C573F0D15F4D0D800CE7BE3 /* InfoPlist.strings in Resources */ = {isa = PBXBuildFile; fileRef = 3C573F0B15F4D0D800CE7BE3 /* InfoPlist.strings */; };
		3C573F0F15F4D0D800CE7BE3 /* main.m in Sources */ = {isa = PBXBuildFile; fileRef = 3C573F0E15F4D0D800CE7BE3 /* main.m */; };
		3C573F1315F4D0D800CE7BE3 /* AppDelegate.m in Sources */ = {isa = PBXBuildFile; fileRef = 3C573F1215F4D0D800CE7BE3 /* AppDelegate.m */; };
		3C573F1615F4D0D800CE7BE3 /* MenuPics.xcdatamodeld in Sources */ = {isa = PBXBuildFile; fileRef = 3C573F1415F4D0D800CE7BE3 /* MenuPics.xcdatamodeld */; };
		3C573F1D15F4D0FC00CE7BE3 /* Storyboard.storyboard in Resources */ = {isa = PBXBuildFile; fileRef = 3C573F1C15F4D0FC00CE7BE3 /* Storyboard.storyboard */; };
		3C573F2015F4D26C00CE7BE3 /* nav_bar_background.png in Resources */ = {isa = PBXBuildFile; fileRef = 3C573F1E15F4D26C00CE7BE3 /* nav_bar_background.png */; };
		3C573F2115F4D26C00CE7BE3 /* nav_bar_background@2x.png in Resources */ = {isa = PBXBuildFile; fileRef = 3C573F1F15F4D26C00CE7BE3 /* nav_bar_background@2x.png */; };
		3C573F2715F4D2B800CE7BE3 /* HomeViewController.m in Sources */ = {isa = PBXBuildFile; fileRef = 3C573F2615F4D2B800CE7BE3 /* HomeViewController.m */; };
		3C573F2B15F4D35E00CE7BE3 /* nav_logo.png in Resources */ = {isa = PBXBuildFile; fileRef = 3C573F2915F4D35E00CE7BE3 /* nav_logo.png */; };
		3C573F2C15F4D35E00CE7BE3 /* nav_logo@2x.png in Resources */ = {isa = PBXBuildFile; fileRef = 3C573F2A15F4D35E00CE7BE3 /* nav_logo@2x.png */; };
		3C573F4715F542AE00CE7BE3 /* AFHTTPClient.m in Sources */ = {isa = PBXBuildFile; fileRef = 3C573F3315F542AE00CE7BE3 /* AFHTTPClient.m */; settings = {COMPILER_FLAGS = "-fno-objc-arc"; }; };
		3C573F4815F542AE00CE7BE3 /* AFHTTPRequestOperation.m in Sources */ = {isa = PBXBuildFile; fileRef = 3C573F3515F542AE00CE7BE3 /* AFHTTPRequestOperation.m */; settings = {COMPILER_FLAGS = "-fno-objc-arc"; }; };
		3C573F4915F542AE00CE7BE3 /* AFImageRequestOperation.m in Sources */ = {isa = PBXBuildFile; fileRef = 3C573F3715F542AE00CE7BE3 /* AFImageRequestOperation.m */; settings = {COMPILER_FLAGS = "-fno-objc-arc"; }; };
		3C573F4A15F542AE00CE7BE3 /* AFJSONRequestOperation.m in Sources */ = {isa = PBXBuildFile; fileRef = 3C573F3915F542AE00CE7BE3 /* AFJSONRequestOperation.m */; settings = {COMPILER_FLAGS = "-fno-objc-arc"; }; };
		3C573F4B15F542AE00CE7BE3 /* AFJSONUtilities.m in Sources */ = {isa = PBXBuildFile; fileRef = 3C573F3B15F542AE00CE7BE3 /* AFJSONUtilities.m */; settings = {COMPILER_FLAGS = "-fno-objc-arc"; }; };
		3C573F4C15F542AE00CE7BE3 /* AFNetworkActivityIndicatorManager.m in Sources */ = {isa = PBXBuildFile; fileRef = 3C573F3D15F542AE00CE7BE3 /* AFNetworkActivityIndicatorManager.m */; settings = {COMPILER_FLAGS = "-fno-objc-arc"; }; };
		3C573F4D15F542AE00CE7BE3 /* AFPropertyListRequestOperation.m in Sources */ = {isa = PBXBuildFile; fileRef = 3C573F4015F542AE00CE7BE3 /* AFPropertyListRequestOperation.m */; settings = {COMPILER_FLAGS = "-fno-objc-arc"; }; };
		3C573F4E15F542AE00CE7BE3 /* AFURLConnectionOperation.m in Sources */ = {isa = PBXBuildFile; fileRef = 3C573F4215F542AE00CE7BE3 /* AFURLConnectionOperation.m */; settings = {COMPILER_FLAGS = "-fno-objc-arc"; }; };
		3C573F4F15F542AE00CE7BE3 /* AFXMLRequestOperation.m in Sources */ = {isa = PBXBuildFile; fileRef = 3C573F4415F542AE00CE7BE3 /* AFXMLRequestOperation.m */; settings = {COMPILER_FLAGS = "-fno-objc-arc"; }; };
		3C573F5015F542AE00CE7BE3 /* UIImageView+AFNetworking.m in Sources */ = {isa = PBXBuildFile; fileRef = 3C573F4615F542AE00CE7BE3 /* UIImageView+AFNetworking.m */; settings = {COMPILER_FLAGS = "-fno-objc-arc"; }; };
		3C573F5415F545D400CE7BE3 /* MenuPicsAPIClient.m in Sources */ = {isa = PBXBuildFile; fileRef = 3C573F5315F545D400CE7BE3 /* MenuPicsAPIClient.m */; };
		3C573F5615F557FD00CE7BE3 /* CoreLocation.framework in Frameworks */ = {isa = PBXBuildFile; fileRef = 3C573F5515F557FD00CE7BE3 /* CoreLocation.framework */; };
		3C573F5B15F563FB00CE7BE3 /* SVProgressHUD.bundle in Resources */ = {isa = PBXBuildFile; fileRef = 3C573F5815F563FB00CE7BE3 /* SVProgressHUD.bundle */; };
		3C573F5C15F563FB00CE7BE3 /* SVProgressHUD.m in Sources */ = {isa = PBXBuildFile; fileRef = 3C573F5A15F563FB00CE7BE3 /* SVProgressHUD.m */; };
		3C573F6015F5C49A00CE7BE3 /* JSONCachedResponse.m in Sources */ = {isa = PBXBuildFile; fileRef = 3C573F5F15F5C49A00CE7BE3 /* JSONCachedResponse.m */; };
		3C573F6515F5E26C00CE7BE3 /* Location.m in Sources */ = {isa = PBXBuildFile; fileRef = 3C573F6415F5E26C00CE7BE3 /* Location.m */; };
		3C573F8115F5E81D00CE7BE3 /* MKAnnotationView+WebCache.m in Sources */ = {isa = PBXBuildFile; fileRef = 3C573F6E15F5E81D00CE7BE3 /* MKAnnotationView+WebCache.m */; };
		3C573F8215F5E81D00CE7BE3 /* SDImageCache.m in Sources */ = {isa = PBXBuildFile; fileRef = 3C573F7015F5E81D00CE7BE3 /* SDImageCache.m */; };
		3C573F8315F5E81D00CE7BE3 /* SDWebImageDecoder.m in Sources */ = {isa = PBXBuildFile; fileRef = 3C573F7415F5E81D00CE7BE3 /* SDWebImageDecoder.m */; };
		3C573F8415F5E81D00CE7BE3 /* SDWebImageDownloader.m in Sources */ = {isa = PBXBuildFile; fileRef = 3C573F7615F5E81D00CE7BE3 /* SDWebImageDownloader.m */; };
		3C573F8515F5E81D00CE7BE3 /* SDWebImageManager.m in Sources */ = {isa = PBXBuildFile; fileRef = 3C573F7915F5E81D00CE7BE3 /* SDWebImageManager.m */; };
		3C573F8615F5E81D00CE7BE3 /* SDWebImagePrefetcher.m in Sources */ = {isa = PBXBuildFile; fileRef = 3C573F7C15F5E81D00CE7BE3 /* SDWebImagePrefetcher.m */; };
		3C573F8715F5E81D00CE7BE3 /* UIButton+WebCache.m in Sources */ = {isa = PBXBuildFile; fileRef = 3C573F7E15F5E81D00CE7BE3 /* UIButton+WebCache.m */; };
		3C573F8815F5E81D00CE7BE3 /* UIImageView+WebCache.m in Sources */ = {isa = PBXBuildFile; fileRef = 3C573F8015F5E81D00CE7BE3 /* UIImageView+WebCache.m */; };
		3C573F8A15F5E91400CE7BE3 /* ImageIO.framework in Frameworks */ = {isa = PBXBuildFile; fileRef = 3C573F8915F5E91400CE7BE3 /* ImageIO.framework */; };
		3C573F8C15F5E92F00CE7BE3 /* MapKit.framework in Frameworks */ = {isa = PBXBuildFile; fileRef = 3C573F8B15F5E92F00CE7BE3 /* MapKit.framework */; };
		3C573F9315F748B600CE7BE3 /* MenuPicsDBClient.m in Sources */ = {isa = PBXBuildFile; fileRef = 3C573F9215F748B600CE7BE3 /* MenuPicsDBClient.m */; };
		3C573F9B15F7559B00CE7BE3 /* LocationCell.m in Sources */ = {isa = PBXBuildFile; fileRef = 3C573F9A15F7559B00CE7BE3 /* LocationCell.m */; };
		3C573FC115F7F01100CE7BE3 /* add_photo.png in Resources */ = {isa = PBXBuildFile; fileRef = 3C573FB515F7F01100CE7BE3 /* add_photo.png */; };
		3C573FC215F7F01100CE7BE3 /* add_photo@2x.png in Resources */ = {isa = PBXBuildFile; fileRef = 3C573FB615F7F01100CE7BE3 /* add_photo@2x.png */; };
		3C573FC315F7F01100CE7BE3 /* favorite_icon.png in Resources */ = {isa = PBXBuildFile; fileRef = 3C573FB715F7F01100CE7BE3 /* favorite_icon.png */; };
		3C573FC415F7F01100CE7BE3 /* favorite_icon@2x.png in Resources */ = {isa = PBXBuildFile; fileRef = 3C573FB815F7F01100CE7BE3 /* favorite_icon@2x.png */; };
		3C573FC515F7F01100CE7BE3 /* restaurant_icon.png in Resources */ = {isa = PBXBuildFile; fileRef = 3C573FB915F7F01100CE7BE3 /* restaurant_icon.png */; };
		3C573FC615F7F01100CE7BE3 /* restaurant_icon@2x.png in Resources */ = {isa = PBXBuildFile; fileRef = 3C573FBA15F7F01100CE7BE3 /* restaurant_icon@2x.png */; };
		3C573FC915F7F01100CE7BE3 /* menu_icon.png in Resources */ = {isa = PBXBuildFile; fileRef = 3C573FBD15F7F01100CE7BE3 /* menu_icon.png */; };
		3C573FCA15F7F01100CE7BE3 /* menu_icon@2x.png in Resources */ = {isa = PBXBuildFile; fileRef = 3C573FBE15F7F01100CE7BE3 /* menu_icon@2x.png */; };
		3C573FCB15F7F01100CE7BE3 /* more_menu_icon.png in Resources */ = {isa = PBXBuildFile; fileRef = 3C573FBF15F7F01100CE7BE3 /* more_menu_icon.png */; };
		3C573FCC15F7F01100CE7BE3 /* more_menu_icon@2x.png in Resources */ = {isa = PBXBuildFile; fileRef = 3C573FC015F7F01100CE7BE3 /* more_menu_icon@2x.png */; };
		3C573FCF15F7F1B600CE7BE3 /* MenuViewController.m in Sources */ = {isa = PBXBuildFile; fileRef = 3C573FCE15F7F1B600CE7BE3 /* MenuViewController.m */; };
		3C573FD315F80A3100CE7BE3 /* OrderedDictionary.m in Sources */ = {isa = PBXBuildFile; fileRef = 3C573FD215F80A3100CE7BE3 /* OrderedDictionary.m */; };
		3C573FD615F80AD000CE7BE3 /* Restaurant.m in Sources */ = {isa = PBXBuildFile; fileRef = 3C573FD515F80AD000CE7BE3 /* Restaurant.m */; };
		3C573FD915F81C7700CE7BE3 /* RestaurantViewController.m in Sources */ = {isa = PBXBuildFile; fileRef = 3C573FD815F81C7700CE7BE3 /* RestaurantViewController.m */; };
		3C573FDC15F8358100CE7BE3 /* MenuItem.m in Sources */ = {isa = PBXBuildFile; fileRef = 3C573FDB15F8358000CE7BE3 /* MenuItem.m */; };
		3C573FDF15F84C3900CE7BE3 /* CurrentMenuViewController.m in Sources */ = {isa = PBXBuildFile; fileRef = 3C573FDE15F84C3900CE7BE3 /* CurrentMenuViewController.m */; };
		3C573FE315F84E3700CE7BE3 /* MenuItemCell.m in Sources */ = {isa = PBXBuildFile; fileRef = 3C573FE215F84E3700CE7BE3 /* MenuItemCell.m */; };
		3C573FE515F8579300CE7BE3 /* QuartzCore.framework in Frameworks */ = {isa = PBXBuildFile; fileRef = 3C573FE415F8579200CE7BE3 /* QuartzCore.framework */; };
		3C573FE815F8844F00CE7BE3 /* EmptyMenuItemCell.m in Sources */ = {isa = PBXBuildFile; fileRef = 3C573FE715F8844F00CE7BE3 /* EmptyMenuItemCell.m */; };
		3C57403415F9777200CE7BE3 /* AllMenusViewController.m in Sources */ = {isa = PBXBuildFile; fileRef = 3C57403315F9777200CE7BE3 /* AllMenusViewController.m */; };
		3C57403715F9779A00CE7BE3 /* PopularMenuViewController.m in Sources */ = {isa = PBXBuildFile; fileRef = 3C57403615F9779900CE7BE3 /* PopularMenuViewController.m */; };
		3C57403A15F98A8500CE7BE3 /* AllMenusCell.m in Sources */ = {isa = PBXBuildFile; fileRef = 3C57403915F98A8400CE7BE3 /* AllMenusCell.m */; };
		3C658090162B59DD00EA04BC /* MWCaptionView.m in Sources */ = {isa = PBXBuildFile; fileRef = 3C658084162B59DD00EA04BC /* MWCaptionView.m */; settings = {COMPILER_FLAGS = "-fno-objc-arc"; }; };
		3C658091162B59DD00EA04BC /* MWPhoto.m in Sources */ = {isa = PBXBuildFile; fileRef = 3C658086162B59DD00EA04BC /* MWPhoto.m */; settings = {COMPILER_FLAGS = "-fno-objc-arc"; }; };
		3C658092162B59DD00EA04BC /* MWPhotoBrowser.m in Sources */ = {isa = PBXBuildFile; fileRef = 3C658088162B59DD00EA04BC /* MWPhotoBrowser.m */; settings = {COMPILER_FLAGS = "-fno-objc-arc"; }; };
		3C658093162B59DD00EA04BC /* MWTapDetectingImageView.m in Sources */ = {isa = PBXBuildFile; fileRef = 3C65808B162B59DD00EA04BC /* MWTapDetectingImageView.m */; settings = {COMPILER_FLAGS = "-fno-objc-arc"; }; };
		3C658094162B59DD00EA04BC /* MWTapDetectingView.m in Sources */ = {isa = PBXBuildFile; fileRef = 3C65808D162B59DD00EA04BC /* MWTapDetectingView.m */; settings = {COMPILER_FLAGS = "-fno-objc-arc"; }; };
		3C658095162B59DD00EA04BC /* MWZoomingScrollView.m in Sources */ = {isa = PBXBuildFile; fileRef = 3C65808F162B59DD00EA04BC /* MWZoomingScrollView.m */; settings = {COMPILER_FLAGS = "-fno-objc-arc"; }; };
		3C658097162B5A7800EA04BC /* MWPhotoBrowser.bundle in Resources */ = {isa = PBXBuildFile; fileRef = 3C658096162B5A7800EA04BC /* MWPhotoBrowser.bundle */; };
		3C65809C162B5A9700EA04BC /* MBProgressHUD.m in Sources */ = {isa = PBXBuildFile; fileRef = 3C65809A162B5A9700EA04BC /* MBProgressHUD.m */; settings = {COMPILER_FLAGS = "-fno-objc-arc"; }; };
		3C65809D162B5A9700EA04BC /* README.mdown in Resources */ = {isa = PBXBuildFile; fileRef = 3C65809B162B5A9700EA04BC /* README.mdown */; };
		3C6580A0162CA8BC00EA04BC /* image_loading.png in Resources */ = {isa = PBXBuildFile; fileRef = 3C65809E162CA8BC00EA04BC /* image_loading.png */; };
		3C6580A1162CA8BC00EA04BC /* image_loading@2x.png in Resources */ = {isa = PBXBuildFile; fileRef = 3C65809F162CA8BC00EA04BC /* image_loading@2x.png */; };
		3C6580A7162CFC0F00EA04BC /* FeedbackViewController.m in Sources */ = {isa = PBXBuildFile; fileRef = 3C6580A6162CFC0F00EA04BC /* FeedbackViewController.m */; };
		3C6580AC162CFCCB00EA04BC /* send_feedback_button_pressed@2x.png in Resources */ = {isa = PBXBuildFile; fileRef = 3C6580A9162CFCCB00EA04BC /* send_feedback_button_pressed@2x.png */; };
		3C6580AD162CFCCB00EA04BC /* send_feedback_button@2x.png in Resources */ = {isa = PBXBuildFile; fileRef = 3C6580AA162CFCCB00EA04BC /* send_feedback_button@2x.png */; };
		3C6580AE162CFCCB00EA04BC /* feedback_textview@2x.png in Resources */ = {isa = PBXBuildFile; fileRef = 3C6580AB162CFCCB00EA04BC /* feedback_textview@2x.png */; };
		3C6580B1162D03D400EA04BC /* share_photo_button_pressed@2x.png in Resources */ = {isa = PBXBuildFile; fileRef = 3C6580AF162D03D400EA04BC /* share_photo_button_pressed@2x.png */; };
		3C6580B2162D03D400EA04BC /* share_photo_button@2x.png in Resources */ = {isa = PBXBuildFile; fileRef = 3C6580B0162D03D400EA04BC /* share_photo_button@2x.png */; };
		3C8DEFDA162678080086459E /* favorite_button_selected@2x.png in Resources */ = {isa = PBXBuildFile; fileRef = 3C8DEFD5162678080086459E /* favorite_button_selected@2x.png */; };
		3C8DEFDB162678080086459E /* favorite_button@2x.png in Resources */ = {isa = PBXBuildFile; fileRef = 3C8DEFD6162678080086459E /* favorite_button@2x.png */; };
		3C8DEFDC162678080086459E /* menu_button_highlighted@2x.png in Resources */ = {isa = PBXBuildFile; fileRef = 3C8DEFD7162678080086459E /* menu_button_highlighted@2x.png */; };
		3C8DEFDD162678080086459E /* menu_button@2x.png in Resources */ = {isa = PBXBuildFile; fileRef = 3C8DEFD8162678080086459E /* menu_button@2x.png */; };
		3C8DEFE0162680260086459E /* favorite_button_highlighted@2x.png in Resources */ = {isa = PBXBuildFile; fileRef = 3C8DEFDF162680260086459E /* favorite_button_highlighted@2x.png */; };
		3CA6CDB215FABDE000175850 /* TakePhotoViewController.m in Sources */ = {isa = PBXBuildFile; fileRef = 3CA6CDB115FABDE000175850 /* TakePhotoViewController.m */; };
		3CA6CDBB15FADB9B00175850 /* CameraOverlayView.xib in Resources */ = {isa = PBXBuildFile; fileRef = 3CA6CDBA15FADB9B00175850 /* CameraOverlayView.xib */; };
		3CA6CDBF15FAEE8700175850 /* MenuItemViewController.m in Sources */ = {isa = PBXBuildFile; fileRef = 3CA6CDBE15FAEE8700175850 /* MenuItemViewController.m */; };
		3CA6CDC315FB3F8000175850 /* ViewProfileViewController.m in Sources */ = {isa = PBXBuildFile; fileRef = 3CA6CDC215FB3F8000175850 /* ViewProfileViewController.m */; };
		3CA6CDC915FB452800175850 /* photos-white.png in Resources */ = {isa = PBXBuildFile; fileRef = 3CA6CDC515FB452800175850 /* photos-white.png */; };
		3CA6CDCA15FB452800175850 /* photos-white@2x.png in Resources */ = {isa = PBXBuildFile; fileRef = 3CA6CDC615FB452800175850 /* photos-white@2x.png */; };
		3CA6CDCB15FB452800175850 /* user-white.png in Resources */ = {isa = PBXBuildFile; fileRef = 3CA6CDC715FB452800175850 /* user-white.png */; };
		3CA6CDCC15FB452800175850 /* user-white@2x.png in Resources */ = {isa = PBXBuildFile; fileRef = 3CA6CDC815FB452800175850 /* user-white@2x.png */; };
		3CA6CDCF15FB460E00175850 /* PhotosViewController.m in Sources */ = {isa = PBXBuildFile; fileRef = 3CA6CDCE15FB460E00175850 /* PhotosViewController.m */; };
		3CA6CDD215FB462C00175850 /* ProfileViewController.m in Sources */ = {isa = PBXBuildFile; fileRef = 3CA6CDD115FB462C00175850 /* ProfileViewController.m */; };
		3CA6CDE415FC5A3100175850 /* CreateAccountViewController.m in Sources */ = {isa = PBXBuildFile; fileRef = 3CA6CDE315FC5A3100175850 /* CreateAccountViewController.m */; };
		3CA6CDE815FC5A6400175850 /* UpdateAccountViewController.m in Sources */ = {isa = PBXBuildFile; fileRef = 3CA6CDE715FC5A6400175850 /* UpdateAccountViewController.m */; };
		3CA6CDEB15FC5B2900175850 /* SignInViewController.m in Sources */ = {isa = PBXBuildFile; fileRef = 3CA6CDEA15FC5B2900175850 /* SignInViewController.m */; };
		3CA6CDEE15FC781800175850 /* User.m in Sources */ = {isa = PBXBuildFile; fileRef = 3CA6CDED15FC781800175850 /* User.m */; };
		3CA6CDFA15FC8A3D00175850 /* update_account_button_pressed@2x.png in Resources */ = {isa = PBXBuildFile; fileRef = 3CA6CDF015FC8A3D00175850 /* update_account_button_pressed@2x.png */; };
		3CA6CDFB15FC8A3D00175850 /* update_account_button@2x.png in Resources */ = {isa = PBXBuildFile; fileRef = 3CA6CDF115FC8A3D00175850 /* update_account_button@2x.png */; };
		3CA6CDFC15FC8A3D00175850 /* create_account_button@2x.png in Resources */ = {isa = PBXBuildFile; fileRef = 3CA6CDF215FC8A3D00175850 /* create_account_button@2x.png */; };
		3CA6CDFD15FC8A3D00175850 /* create_account_button_pressed@2x.png in Resources */ = {isa = PBXBuildFile; fileRef = 3CA6CDF315FC8A3D00175850 /* create_account_button_pressed@2x.png */; };
		3CA6CDFE15FC8A3D00175850 /* sign_in_button@2x.png in Resources */ = {isa = PBXBuildFile; fileRef = 3CA6CDF415FC8A3D00175850 /* sign_in_button@2x.png */; };
		3CA6CDFF15FC8A3D00175850 /* sign_in_button_pressed@2x.png in Resources */ = {isa = PBXBuildFile; fileRef = 3CA6CDF515FC8A3D00175850 /* sign_in_button_pressed@2x.png */; };
		3CA6CE0015FC8A3D00175850 /* LoginWithFacebookNormal.png in Resources */ = {isa = PBXBuildFile; fileRef = 3CA6CDF615FC8A3D00175850 /* LoginWithFacebookNormal.png */; };
		3CA6CE0115FC8A3D00175850 /* LoginWithFacebookNormal@2x.png in Resources */ = {isa = PBXBuildFile; fileRef = 3CA6CDF715FC8A3D00175850 /* LoginWithFacebookNormal@2x.png */; };
		3CA6CE0215FC8A3D00175850 /* LoginWithFacebookPressed.png in Resources */ = {isa = PBXBuildFile; fileRef = 3CA6CDF815FC8A3D00175850 /* LoginWithFacebookPressed.png */; };
		3CA6CE0315FC8A3D00175850 /* LoginWithFacebookPressed@2x.png in Resources */ = {isa = PBXBuildFile; fileRef = 3CA6CDF915FC8A3D00175850 /* LoginWithFacebookPressed@2x.png */; };
/* End PBXBuildFile section */

/* Begin PBXFileReference section */
		3C048A031605BF7D0002D4A7 /* 57x57.png */ = {isa = PBXFileReference; lastKnownFileType = image.png; name = 57x57.png; path = ../57x57.png; sourceTree = "<group>"; };
		3C048A061605BF870002D4A7 /* 114x114.png */ = {isa = PBXFileReference; lastKnownFileType = image.png; name = 114x114.png; path = ../114x114.png; sourceTree = "<group>"; };
		3C048A091605C1E80002D4A7 /* Default@2x.png */ = {isa = PBXFileReference; lastKnownFileType = image.png; name = "Default@2x.png"; path = "../Default@2x.png"; sourceTree = "<group>"; };
		3C048A0B1605C1EB0002D4A7 /* Default.png */ = {isa = PBXFileReference; lastKnownFileType = image.png; name = Default.png; path = ../Default.png; sourceTree = "<group>"; };
		3C048A0D1606D4FE0002D4A7 /* Photo.h */ = {isa = PBXFileReference; fileEncoding = 4; lastKnownFileType = sourcecode.c.h; path = Photo.h; sourceTree = "<group>"; };
		3C048A0E1606D4FE0002D4A7 /* Photo.m */ = {isa = PBXFileReference; fileEncoding = 4; lastKnownFileType = sourcecode.c.objc; path = Photo.m; sourceTree = "<group>"; };
		3C048A11160710620002D4A7 /* AddPhotoCell.h */ = {isa = PBXFileReference; fileEncoding = 4; lastKnownFileType = sourcecode.c.h; path = AddPhotoCell.h; sourceTree = "<group>"; };
		3C048A12160710620002D4A7 /* AddPhotoCell.m */ = {isa = PBXFileReference; fileEncoding = 4; lastKnownFileType = sourcecode.c.objc; path = AddPhotoCell.m; sourceTree = "<group>"; };
		3C048A14160711580002D4A7 /* MenuItemThumbnailCell.h */ = {isa = PBXFileReference; fileEncoding = 4; lastKnownFileType = sourcecode.c.h; path = MenuItemThumbnailCell.h; sourceTree = "<group>"; };
		3C048A15160711580002D4A7 /* MenuItemThumbnailCell.m */ = {isa = PBXFileReference; fileEncoding = 4; lastKnownFileType = sourcecode.c.objc; path = MenuItemThumbnailCell.m; sourceTree = "<group>"; };
		3C048A171607FFCF0002D4A7 /* SavedPhoto.h */ = {isa = PBXFileReference; fileEncoding = 4; lastKnownFileType = sourcecode.c.h; path = SavedPhoto.h; sourceTree = "<group>"; };
		3C048A181607FFCF0002D4A7 /* SavedPhoto.m */ = {isa = PBXFileReference; fileEncoding = 4; lastKnownFileType = sourcecode.c.objc; path = SavedPhoto.m; sourceTree = "<group>"; };
		3C048A1B160921DA0002D4A7 /* PhotoThumbnailCell.h */ = {isa = PBXFileReference; fileEncoding = 4; lastKnownFileType = sourcecode.c.h; path = PhotoThumbnailCell.h; sourceTree = "<group>"; };
		3C048A1C160921DA0002D4A7 /* PhotoThumbnailCell.m */ = {isa = PBXFileReference; fileEncoding = 4; lastKnownFileType = sourcecode.c.objc; path = PhotoThumbnailCell.m; sourceTree = "<group>"; };
		3C048A1E160946270002D4A7 /* nav_bar_translucent@2x.png */ = {isa = PBXFileReference; lastKnownFileType = image.png; path = "nav_bar_translucent@2x.png"; sourceTree = "<group>"; };
		3C048A23160971940002D4A7 /* photo.png */ = {isa = PBXFileReference; lastKnownFileType = image.png; path = photo.png; sourceTree = "<group>"; };
		3C048A25160BC1820002D4A7 /* flash_auto_pressed@2x.png */ = {isa = PBXFileReference; lastKnownFileType = image.png; path = "flash_auto_pressed@2x.png"; sourceTree = "<group>"; };
		3C048A26160BC1820002D4A7 /* flash_auto@2x.png */ = {isa = PBXFileReference; lastKnownFileType = image.png; path = "flash_auto@2x.png"; sourceTree = "<group>"; };
		3C048A27160BC1820002D4A7 /* flash_off_pressed@2x.png */ = {isa = PBXFileReference; lastKnownFileType = image.png; path = "flash_off_pressed@2x.png"; sourceTree = "<group>"; };
		3C048A28160BC1820002D4A7 /* flash_off@2x.png */ = {isa = PBXFileReference; lastKnownFileType = image.png; path = "flash_off@2x.png"; sourceTree = "<group>"; };
		3C048A29160BC1820002D4A7 /* flash_on_pressed@2x.png */ = {isa = PBXFileReference; lastKnownFileType = image.png; path = "flash_on_pressed@2x.png"; sourceTree = "<group>"; };
		3C048A2A160BC1820002D4A7 /* flash_on@2x.png */ = {isa = PBXFileReference; lastKnownFileType = image.png; path = "flash_on@2x.png"; sourceTree = "<group>"; };
		3C0912CA1611A52B00920A99 /* profile_no_image.jpg */ = {isa = PBXFileReference; lastKnownFileType = image.jpeg; path = profile_no_image.jpg; sourceTree = "<group>"; };
		3C13F449160204E000B244F7 /* Accounts.framework */ = {isa = PBXFileReference; lastKnownFileType = wrapper.framework; name = Accounts.framework; path = System/Library/Frameworks/Accounts.framework; sourceTree = SDKROOT; };
		3C13F44C1602072B00B244F7 /* Social.framework */ = {isa = PBXFileReference; lastKnownFileType = wrapper.framework; name = Social.framework; path = System/Library/Frameworks/Social.framework; sourceTree = SDKROOT; };
		3C18712F1601B6EF0043C684 /* Default-568h@2x.png */ = {isa = PBXFileReference; lastKnownFileType = image.png; name = "Default-568h@2x.png"; path = "../Default-568h@2x.png"; sourceTree = "<group>"; };
		3C198C3F16366DDD00A0C22F /* restaurant_placeholder@2x.png */ = {isa = PBXFileReference; lastKnownFileType = image.png; path = "restaurant_placeholder@2x.png"; sourceTree = "<group>"; };
		3C198C4016366DDD00A0C22F /* restaurant_placeholder.png */ = {isa = PBXFileReference; lastKnownFileType = image.png; path = restaurant_placeholder.png; sourceTree = "<group>"; };
		3C22AF75160F1EBE00A3C8EE /* CameraOverlayView5.xib */ = {isa = PBXFileReference; fileEncoding = 4; lastKnownFileType = file.xib; path = CameraOverlayView5.xib; sourceTree = "<group>"; };
		3C3A8D7A16450155005A2C7F /* sp_splash.png */ = {isa = PBXFileReference; lastKnownFileType = image.png; path = sp_splash.png; sourceTree = "<group>"; };
		3C573EFC15F4D0D800CE7BE3 /* MenuPics.app */ = {isa = PBXFileReference; explicitFileType = wrapper.application; includeInIndex = 0; path = MenuPics.app; sourceTree = BUILT_PRODUCTS_DIR; };
		3C573F0015F4D0D800CE7BE3 /* UIKit.framework */ = {isa = PBXFileReference; lastKnownFileType = wrapper.framework; name = UIKit.framework; path = System/Library/Frameworks/UIKit.framework; sourceTree = SDKROOT; };
		3C573F0215F4D0D800CE7BE3 /* Foundation.framework */ = {isa = PBXFileReference; lastKnownFileType = wrapper.framework; name = Foundation.framework; path = System/Library/Frameworks/Foundation.framework; sourceTree = SDKROOT; };
		3C573F0415F4D0D800CE7BE3 /* CoreGraphics.framework */ = {isa = PBXFileReference; lastKnownFileType = wrapper.framework; name = CoreGraphics.framework; path = System/Library/Frameworks/CoreGraphics.framework; sourceTree = SDKROOT; };
		3C573F0615F4D0D800CE7BE3 /* CoreData.framework */ = {isa = PBXFileReference; lastKnownFileType = wrapper.framework; name = CoreData.framework; path = System/Library/Frameworks/CoreData.framework; sourceTree = SDKROOT; };
		3C573F0A15F4D0D800CE7BE3 /* MenuPics-Info.plist */ = {isa = PBXFileReference; lastKnownFileType = text.plist.xml; path = "MenuPics-Info.plist"; sourceTree = "<group>"; };
		3C573F0C15F4D0D800CE7BE3 /* en */ = {isa = PBXFileReference; lastKnownFileType = text.plist.strings; name = en; path = en.lproj/InfoPlist.strings; sourceTree = "<group>"; };
		3C573F0E15F4D0D800CE7BE3 /* main.m */ = {isa = PBXFileReference; lastKnownFileType = sourcecode.c.objc; path = main.m; sourceTree = "<group>"; };
		3C573F1015F4D0D800CE7BE3 /* MenuPics-Prefix.pch */ = {isa = PBXFileReference; lastKnownFileType = sourcecode.c.h; path = "MenuPics-Prefix.pch"; sourceTree = "<group>"; };
		3C573F1115F4D0D800CE7BE3 /* AppDelegate.h */ = {isa = PBXFileReference; lastKnownFileType = sourcecode.c.h; path = AppDelegate.h; sourceTree = "<group>"; };
		3C573F1215F4D0D800CE7BE3 /* AppDelegate.m */ = {isa = PBXFileReference; lastKnownFileType = sourcecode.c.objc; path = AppDelegate.m; sourceTree = "<group>"; };
		3C573F1515F4D0D800CE7BE3 /* MenuPics.xcdatamodel */ = {isa = PBXFileReference; lastKnownFileType = wrapper.xcdatamodel; path = MenuPics.xcdatamodel; sourceTree = "<group>"; };
		3C573F1C15F4D0FC00CE7BE3 /* Storyboard.storyboard */ = {isa = PBXFileReference; fileEncoding = 4; lastKnownFileType = file.storyboard; name = Storyboard.storyboard; path = ../Storyboard.storyboard; sourceTree = "<group>"; };
		3C573F1E15F4D26C00CE7BE3 /* nav_bar_background.png */ = {isa = PBXFileReference; lastKnownFileType = image.png; path = nav_bar_background.png; sourceTree = "<group>"; };
		3C573F1F15F4D26C00CE7BE3 /* nav_bar_background@2x.png */ = {isa = PBXFileReference; lastKnownFileType = image.png; path = "nav_bar_background@2x.png"; sourceTree = "<group>"; };
		3C573F2515F4D2B800CE7BE3 /* HomeViewController.h */ = {isa = PBXFileReference; fileEncoding = 4; lastKnownFileType = sourcecode.c.h; path = HomeViewController.h; sourceTree = "<group>"; };
		3C573F2615F4D2B800CE7BE3 /* HomeViewController.m */ = {isa = PBXFileReference; fileEncoding = 4; lastKnownFileType = sourcecode.c.objc; path = HomeViewController.m; sourceTree = "<group>"; };
		3C573F2915F4D35E00CE7BE3 /* nav_logo.png */ = {isa = PBXFileReference; lastKnownFileType = image.png; path = nav_logo.png; sourceTree = "<group>"; };
		3C573F2A15F4D35E00CE7BE3 /* nav_logo@2x.png */ = {isa = PBXFileReference; lastKnownFileType = image.png; path = "nav_logo@2x.png"; sourceTree = "<group>"; };
		3C573F3215F542AE00CE7BE3 /* AFHTTPClient.h */ = {isa = PBXFileReference; fileEncoding = 4; lastKnownFileType = sourcecode.c.h; path = AFHTTPClient.h; sourceTree = "<group>"; };
		3C573F3315F542AE00CE7BE3 /* AFHTTPClient.m */ = {isa = PBXFileReference; fileEncoding = 4; lastKnownFileType = sourcecode.c.objc; path = AFHTTPClient.m; sourceTree = "<group>"; };
		3C573F3415F542AE00CE7BE3 /* AFHTTPRequestOperation.h */ = {isa = PBXFileReference; fileEncoding = 4; lastKnownFileType = sourcecode.c.h; path = AFHTTPRequestOperation.h; sourceTree = "<group>"; };
		3C573F3515F542AE00CE7BE3 /* AFHTTPRequestOperation.m */ = {isa = PBXFileReference; fileEncoding = 4; lastKnownFileType = sourcecode.c.objc; path = AFHTTPRequestOperation.m; sourceTree = "<group>"; };
		3C573F3615F542AE00CE7BE3 /* AFImageRequestOperation.h */ = {isa = PBXFileReference; fileEncoding = 4; lastKnownFileType = sourcecode.c.h; path = AFImageRequestOperation.h; sourceTree = "<group>"; };
		3C573F3715F542AE00CE7BE3 /* AFImageRequestOperation.m */ = {isa = PBXFileReference; fileEncoding = 4; lastKnownFileType = sourcecode.c.objc; path = AFImageRequestOperation.m; sourceTree = "<group>"; };
		3C573F3815F542AE00CE7BE3 /* AFJSONRequestOperation.h */ = {isa = PBXFileReference; fileEncoding = 4; lastKnownFileType = sourcecode.c.h; path = AFJSONRequestOperation.h; sourceTree = "<group>"; };
		3C573F3915F542AE00CE7BE3 /* AFJSONRequestOperation.m */ = {isa = PBXFileReference; fileEncoding = 4; lastKnownFileType = sourcecode.c.objc; path = AFJSONRequestOperation.m; sourceTree = "<group>"; };
		3C573F3A15F542AE00CE7BE3 /* AFJSONUtilities.h */ = {isa = PBXFileReference; fileEncoding = 4; lastKnownFileType = sourcecode.c.h; path = AFJSONUtilities.h; sourceTree = "<group>"; };
		3C573F3B15F542AE00CE7BE3 /* AFJSONUtilities.m */ = {isa = PBXFileReference; fileEncoding = 4; lastKnownFileType = sourcecode.c.objc; path = AFJSONUtilities.m; sourceTree = "<group>"; };
		3C573F3C15F542AE00CE7BE3 /* AFNetworkActivityIndicatorManager.h */ = {isa = PBXFileReference; fileEncoding = 4; lastKnownFileType = sourcecode.c.h; path = AFNetworkActivityIndicatorManager.h; sourceTree = "<group>"; };
		3C573F3D15F542AE00CE7BE3 /* AFNetworkActivityIndicatorManager.m */ = {isa = PBXFileReference; fileEncoding = 4; lastKnownFileType = sourcecode.c.objc; path = AFNetworkActivityIndicatorManager.m; sourceTree = "<group>"; };
		3C573F3E15F542AE00CE7BE3 /* AFNetworking.h */ = {isa = PBXFileReference; fileEncoding = 4; lastKnownFileType = sourcecode.c.h; path = AFNetworking.h; sourceTree = "<group>"; };
		3C573F3F15F542AE00CE7BE3 /* AFPropertyListRequestOperation.h */ = {isa = PBXFileReference; fileEncoding = 4; lastKnownFileType = sourcecode.c.h; path = AFPropertyListRequestOperation.h; sourceTree = "<group>"; };
		3C573F4015F542AE00CE7BE3 /* AFPropertyListRequestOperation.m */ = {isa = PBXFileReference; fileEncoding = 4; lastKnownFileType = sourcecode.c.objc; path = AFPropertyListRequestOperation.m; sourceTree = "<group>"; };
		3C573F4115F542AE00CE7BE3 /* AFURLConnectionOperation.h */ = {isa = PBXFileReference; fileEncoding = 4; lastKnownFileType = sourcecode.c.h; path = AFURLConnectionOperation.h; sourceTree = "<group>"; };
		3C573F4215F542AE00CE7BE3 /* AFURLConnectionOperation.m */ = {isa = PBXFileReference; fileEncoding = 4; lastKnownFileType = sourcecode.c.objc; path = AFURLConnectionOperation.m; sourceTree = "<group>"; };
		3C573F4315F542AE00CE7BE3 /* AFXMLRequestOperation.h */ = {isa = PBXFileReference; fileEncoding = 4; lastKnownFileType = sourcecode.c.h; path = AFXMLRequestOperation.h; sourceTree = "<group>"; };
		3C573F4415F542AE00CE7BE3 /* AFXMLRequestOperation.m */ = {isa = PBXFileReference; fileEncoding = 4; lastKnownFileType = sourcecode.c.objc; path = AFXMLRequestOperation.m; sourceTree = "<group>"; };
		3C573F4515F542AE00CE7BE3 /* UIImageView+AFNetworking.h */ = {isa = PBXFileReference; fileEncoding = 4; lastKnownFileType = sourcecode.c.h; path = "UIImageView+AFNetworking.h"; sourceTree = "<group>"; };
		3C573F4615F542AE00CE7BE3 /* UIImageView+AFNetworking.m */ = {isa = PBXFileReference; fileEncoding = 4; lastKnownFileType = sourcecode.c.objc; path = "UIImageView+AFNetworking.m"; sourceTree = "<group>"; };
		3C573F5215F545D400CE7BE3 /* MenuPicsAPIClient.h */ = {isa = PBXFileReference; fileEncoding = 4; lastKnownFileType = sourcecode.c.h; path = MenuPicsAPIClient.h; sourceTree = "<group>"; };
		3C573F5315F545D400CE7BE3 /* MenuPicsAPIClient.m */ = {isa = PBXFileReference; fileEncoding = 4; lastKnownFileType = sourcecode.c.objc; path = MenuPicsAPIClient.m; sourceTree = "<group>"; };
		3C573F5515F557FD00CE7BE3 /* CoreLocation.framework */ = {isa = PBXFileReference; lastKnownFileType = wrapper.framework; name = CoreLocation.framework; path = System/Library/Frameworks/CoreLocation.framework; sourceTree = SDKROOT; };
		3C573F5815F563FB00CE7BE3 /* SVProgressHUD.bundle */ = {isa = PBXFileReference; lastKnownFileType = "wrapper.plug-in"; path = SVProgressHUD.bundle; sourceTree = "<group>"; };
		3C573F5915F563FB00CE7BE3 /* SVProgressHUD.h */ = {isa = PBXFileReference; fileEncoding = 4; lastKnownFileType = sourcecode.c.h; path = SVProgressHUD.h; sourceTree = "<group>"; };
		3C573F5A15F563FB00CE7BE3 /* SVProgressHUD.m */ = {isa = PBXFileReference; fileEncoding = 4; lastKnownFileType = sourcecode.c.objc; path = SVProgressHUD.m; sourceTree = "<group>"; };
		3C573F5E15F5C49A00CE7BE3 /* JSONCachedResponse.h */ = {isa = PBXFileReference; fileEncoding = 4; lastKnownFileType = sourcecode.c.h; path = JSONCachedResponse.h; sourceTree = "<group>"; };
		3C573F5F15F5C49A00CE7BE3 /* JSONCachedResponse.m */ = {isa = PBXFileReference; fileEncoding = 4; lastKnownFileType = sourcecode.c.objc; path = JSONCachedResponse.m; sourceTree = "<group>"; };
		3C573F6115F5D33D00CE7BE3 /* Base.xcdatamodel */ = {isa = PBXFileReference; lastKnownFileType = wrapper.xcdatamodel; path = Base.xcdatamodel; sourceTree = "<group>"; };
		3C573F6315F5E26C00CE7BE3 /* Location.h */ = {isa = PBXFileReference; fileEncoding = 4; lastKnownFileType = sourcecode.c.h; path = Location.h; sourceTree = "<group>"; };
		3C573F6415F5E26C00CE7BE3 /* Location.m */ = {isa = PBXFileReference; fileEncoding = 4; lastKnownFileType = sourcecode.c.objc; path = Location.m; sourceTree = "<group>"; };
		3C573F6D15F5E81D00CE7BE3 /* MKAnnotationView+WebCache.h */ = {isa = PBXFileReference; fileEncoding = 4; lastKnownFileType = sourcecode.c.h; path = "MKAnnotationView+WebCache.h"; sourceTree = "<group>"; };
		3C573F6E15F5E81D00CE7BE3 /* MKAnnotationView+WebCache.m */ = {isa = PBXFileReference; fileEncoding = 4; lastKnownFileType = sourcecode.c.objc; path = "MKAnnotationView+WebCache.m"; sourceTree = "<group>"; };
		3C573F6F15F5E81D00CE7BE3 /* SDImageCache.h */ = {isa = PBXFileReference; fileEncoding = 4; lastKnownFileType = sourcecode.c.h; path = SDImageCache.h; sourceTree = "<group>"; };
		3C573F7015F5E81D00CE7BE3 /* SDImageCache.m */ = {isa = PBXFileReference; fileEncoding = 4; lastKnownFileType = sourcecode.c.objc; path = SDImageCache.m; sourceTree = "<group>"; };
		3C573F7115F5E81D00CE7BE3 /* SDImageCacheDelegate.h */ = {isa = PBXFileReference; fileEncoding = 4; lastKnownFileType = sourcecode.c.h; path = SDImageCacheDelegate.h; sourceTree = "<group>"; };
		3C573F7215F5E81D00CE7BE3 /* SDWebImageCompat.h */ = {isa = PBXFileReference; fileEncoding = 4; lastKnownFileType = sourcecode.c.h; path = SDWebImageCompat.h; sourceTree = "<group>"; };
		3C573F7315F5E81D00CE7BE3 /* SDWebImageDecoder.h */ = {isa = PBXFileReference; fileEncoding = 4; lastKnownFileType = sourcecode.c.h; path = SDWebImageDecoder.h; sourceTree = "<group>"; };
		3C573F7415F5E81D00CE7BE3 /* SDWebImageDecoder.m */ = {isa = PBXFileReference; fileEncoding = 4; lastKnownFileType = sourcecode.c.objc; path = SDWebImageDecoder.m; sourceTree = "<group>"; };
		3C573F7515F5E81D00CE7BE3 /* SDWebImageDownloader.h */ = {isa = PBXFileReference; fileEncoding = 4; lastKnownFileType = sourcecode.c.h; path = SDWebImageDownloader.h; sourceTree = "<group>"; };
		3C573F7615F5E81D00CE7BE3 /* SDWebImageDownloader.m */ = {isa = PBXFileReference; fileEncoding = 4; lastKnownFileType = sourcecode.c.objc; path = SDWebImageDownloader.m; sourceTree = "<group>"; };
		3C573F7715F5E81D00CE7BE3 /* SDWebImageDownloaderDelegate.h */ = {isa = PBXFileReference; fileEncoding = 4; lastKnownFileType = sourcecode.c.h; path = SDWebImageDownloaderDelegate.h; sourceTree = "<group>"; };
		3C573F7815F5E81D00CE7BE3 /* SDWebImageManager.h */ = {isa = PBXFileReference; fileEncoding = 4; lastKnownFileType = sourcecode.c.h; path = SDWebImageManager.h; sourceTree = "<group>"; };
		3C573F7915F5E81D00CE7BE3 /* SDWebImageManager.m */ = {isa = PBXFileReference; fileEncoding = 4; lastKnownFileType = sourcecode.c.objc; path = SDWebImageManager.m; sourceTree = "<group>"; };
		3C573F7A15F5E81D00CE7BE3 /* SDWebImageManagerDelegate.h */ = {isa = PBXFileReference; fileEncoding = 4; lastKnownFileType = sourcecode.c.h; path = SDWebImageManagerDelegate.h; sourceTree = "<group>"; };
		3C573F7B15F5E81D00CE7BE3 /* SDWebImagePrefetcher.h */ = {isa = PBXFileReference; fileEncoding = 4; lastKnownFileType = sourcecode.c.h; path = SDWebImagePrefetcher.h; sourceTree = "<group>"; };
		3C573F7C15F5E81D00CE7BE3 /* SDWebImagePrefetcher.m */ = {isa = PBXFileReference; fileEncoding = 4; lastKnownFileType = sourcecode.c.objc; path = SDWebImagePrefetcher.m; sourceTree = "<group>"; };
		3C573F7D15F5E81D00CE7BE3 /* UIButton+WebCache.h */ = {isa = PBXFileReference; fileEncoding = 4; lastKnownFileType = sourcecode.c.h; path = "UIButton+WebCache.h"; sourceTree = "<group>"; };
		3C573F7E15F5E81D00CE7BE3 /* UIButton+WebCache.m */ = {isa = PBXFileReference; fileEncoding = 4; lastKnownFileType = sourcecode.c.objc; path = "UIButton+WebCache.m"; sourceTree = "<group>"; };
		3C573F7F15F5E81D00CE7BE3 /* UIImageView+WebCache.h */ = {isa = PBXFileReference; fileEncoding = 4; lastKnownFileType = sourcecode.c.h; path = "UIImageView+WebCache.h"; sourceTree = "<group>"; };
		3C573F8015F5E81D00CE7BE3 /* UIImageView+WebCache.m */ = {isa = PBXFileReference; fileEncoding = 4; lastKnownFileType = sourcecode.c.objc; path = "UIImageView+WebCache.m"; sourceTree = "<group>"; };
		3C573F8915F5E91400CE7BE3 /* ImageIO.framework */ = {isa = PBXFileReference; lastKnownFileType = wrapper.framework; name = ImageIO.framework; path = System/Library/Frameworks/ImageIO.framework; sourceTree = SDKROOT; };
		3C573F8B15F5E92F00CE7BE3 /* MapKit.framework */ = {isa = PBXFileReference; lastKnownFileType = wrapper.framework; name = MapKit.framework; path = System/Library/Frameworks/MapKit.framework; sourceTree = SDKROOT; };
		3C573F9115F748B600CE7BE3 /* MenuPicsDBClient.h */ = {isa = PBXFileReference; fileEncoding = 4; lastKnownFileType = sourcecode.c.h; path = MenuPicsDBClient.h; sourceTree = "<group>"; };
		3C573F9215F748B600CE7BE3 /* MenuPicsDBClient.m */ = {isa = PBXFileReference; fileEncoding = 4; lastKnownFileType = sourcecode.c.objc; path = MenuPicsDBClient.m; sourceTree = "<group>"; };
		3C573F9915F7559B00CE7BE3 /* LocationCell.h */ = {isa = PBXFileReference; fileEncoding = 4; lastKnownFileType = sourcecode.c.h; path = LocationCell.h; sourceTree = "<group>"; };
		3C573F9A15F7559B00CE7BE3 /* LocationCell.m */ = {isa = PBXFileReference; fileEncoding = 4; lastKnownFileType = sourcecode.c.objc; path = LocationCell.m; sourceTree = "<group>"; };
		3C573FB515F7F01100CE7BE3 /* add_photo.png */ = {isa = PBXFileReference; lastKnownFileType = image.png; path = add_photo.png; sourceTree = "<group>"; };
		3C573FB615F7F01100CE7BE3 /* add_photo@2x.png */ = {isa = PBXFileReference; lastKnownFileType = image.png; path = "add_photo@2x.png"; sourceTree = "<group>"; };
		3C573FB715F7F01100CE7BE3 /* favorite_icon.png */ = {isa = PBXFileReference; lastKnownFileType = image.png; path = favorite_icon.png; sourceTree = "<group>"; };
		3C573FB815F7F01100CE7BE3 /* favorite_icon@2x.png */ = {isa = PBXFileReference; lastKnownFileType = image.png; path = "favorite_icon@2x.png"; sourceTree = "<group>"; };
		3C573FB915F7F01100CE7BE3 /* restaurant_icon.png */ = {isa = PBXFileReference; lastKnownFileType = image.png; path = restaurant_icon.png; sourceTree = "<group>"; };
		3C573FBA15F7F01100CE7BE3 /* restaurant_icon@2x.png */ = {isa = PBXFileReference; lastKnownFileType = image.png; path = "restaurant_icon@2x.png"; sourceTree = "<group>"; };
		3C573FBD15F7F01100CE7BE3 /* menu_icon.png */ = {isa = PBXFileReference; lastKnownFileType = image.png; path = menu_icon.png; sourceTree = "<group>"; };
		3C573FBE15F7F01100CE7BE3 /* menu_icon@2x.png */ = {isa = PBXFileReference; lastKnownFileType = image.png; path = "menu_icon@2x.png"; sourceTree = "<group>"; };
		3C573FBF15F7F01100CE7BE3 /* more_menu_icon.png */ = {isa = PBXFileReference; lastKnownFileType = image.png; path = more_menu_icon.png; sourceTree = "<group>"; };
		3C573FC015F7F01100CE7BE3 /* more_menu_icon@2x.png */ = {isa = PBXFileReference; lastKnownFileType = image.png; path = "more_menu_icon@2x.png"; sourceTree = "<group>"; };
		3C573FCD15F7F1B500CE7BE3 /* MenuViewController.h */ = {isa = PBXFileReference; fileEncoding = 4; lastKnownFileType = sourcecode.c.h; path = MenuViewController.h; sourceTree = "<group>"; };
		3C573FCE15F7F1B600CE7BE3 /* MenuViewController.m */ = {isa = PBXFileReference; fileEncoding = 4; lastKnownFileType = sourcecode.c.objc; path = MenuViewController.m; sourceTree = "<group>"; };
		3C573FD115F80A3100CE7BE3 /* OrderedDictionary.h */ = {isa = PBXFileReference; fileEncoding = 4; lastKnownFileType = sourcecode.c.h; path = OrderedDictionary.h; sourceTree = "<group>"; };
		3C573FD215F80A3100CE7BE3 /* OrderedDictionary.m */ = {isa = PBXFileReference; fileEncoding = 4; lastKnownFileType = sourcecode.c.objc; path = OrderedDictionary.m; sourceTree = "<group>"; };
		3C573FD415F80AD000CE7BE3 /* Restaurant.h */ = {isa = PBXFileReference; fileEncoding = 4; lastKnownFileType = sourcecode.c.h; path = Restaurant.h; sourceTree = "<group>"; };
		3C573FD515F80AD000CE7BE3 /* Restaurant.m */ = {isa = PBXFileReference; fileEncoding = 4; lastKnownFileType = sourcecode.c.objc; path = Restaurant.m; sourceTree = "<group>"; };
		3C573FD715F81C7700CE7BE3 /* RestaurantViewController.h */ = {isa = PBXFileReference; fileEncoding = 4; lastKnownFileType = sourcecode.c.h; path = RestaurantViewController.h; sourceTree = "<group>"; };
		3C573FD815F81C7700CE7BE3 /* RestaurantViewController.m */ = {isa = PBXFileReference; fileEncoding = 4; lastKnownFileType = sourcecode.c.objc; path = RestaurantViewController.m; sourceTree = "<group>"; };
		3C573FDA15F8358000CE7BE3 /* MenuItem.h */ = {isa = PBXFileReference; fileEncoding = 4; lastKnownFileType = sourcecode.c.h; path = MenuItem.h; sourceTree = "<group>"; };
		3C573FDB15F8358000CE7BE3 /* MenuItem.m */ = {isa = PBXFileReference; fileEncoding = 4; lastKnownFileType = sourcecode.c.objc; path = MenuItem.m; sourceTree = "<group>"; };
		3C573FDD15F84C3900CE7BE3 /* CurrentMenuViewController.h */ = {isa = PBXFileReference; fileEncoding = 4; lastKnownFileType = sourcecode.c.h; path = CurrentMenuViewController.h; sourceTree = "<group>"; };
		3C573FDE15F84C3900CE7BE3 /* CurrentMenuViewController.m */ = {isa = PBXFileReference; fileEncoding = 4; lastKnownFileType = sourcecode.c.objc; path = CurrentMenuViewController.m; sourceTree = "<group>"; };
		3C573FE115F84E3700CE7BE3 /* MenuItemCell.h */ = {isa = PBXFileReference; fileEncoding = 4; lastKnownFileType = sourcecode.c.h; path = MenuItemCell.h; sourceTree = "<group>"; };
		3C573FE215F84E3700CE7BE3 /* MenuItemCell.m */ = {isa = PBXFileReference; fileEncoding = 4; lastKnownFileType = sourcecode.c.objc; path = MenuItemCell.m; sourceTree = "<group>"; };
		3C573FE415F8579200CE7BE3 /* QuartzCore.framework */ = {isa = PBXFileReference; lastKnownFileType = wrapper.framework; name = QuartzCore.framework; path = System/Library/Frameworks/QuartzCore.framework; sourceTree = SDKROOT; };
		3C573FE615F8844F00CE7BE3 /* EmptyMenuItemCell.h */ = {isa = PBXFileReference; fileEncoding = 4; lastKnownFileType = sourcecode.c.h; path = EmptyMenuItemCell.h; sourceTree = "<group>"; };
		3C573FE715F8844F00CE7BE3 /* EmptyMenuItemCell.m */ = {isa = PBXFileReference; fileEncoding = 4; lastKnownFileType = sourcecode.c.objc; path = EmptyMenuItemCell.m; sourceTree = "<group>"; };
		3C57403215F9777200CE7BE3 /* AllMenusViewController.h */ = {isa = PBXFileReference; fileEncoding = 4; lastKnownFileType = sourcecode.c.h; path = AllMenusViewController.h; sourceTree = "<group>"; };
		3C57403315F9777200CE7BE3 /* AllMenusViewController.m */ = {isa = PBXFileReference; fileEncoding = 4; lastKnownFileType = sourcecode.c.objc; path = AllMenusViewController.m; sourceTree = "<group>"; };
		3C57403515F9779900CE7BE3 /* PopularMenuViewController.h */ = {isa = PBXFileReference; fileEncoding = 4; lastKnownFileType = sourcecode.c.h; path = PopularMenuViewController.h; sourceTree = "<group>"; };
		3C57403615F9779900CE7BE3 /* PopularMenuViewController.m */ = {isa = PBXFileReference; fileEncoding = 4; lastKnownFileType = sourcecode.c.objc; path = PopularMenuViewController.m; sourceTree = "<group>"; };
		3C57403815F98A8400CE7BE3 /* AllMenusCell.h */ = {isa = PBXFileReference; fileEncoding = 4; lastKnownFileType = sourcecode.c.h; path = AllMenusCell.h; sourceTree = "<group>"; };
		3C57403915F98A8400CE7BE3 /* AllMenusCell.m */ = {isa = PBXFileReference; fileEncoding = 4; lastKnownFileType = sourcecode.c.objc; path = AllMenusCell.m; sourceTree = "<group>"; };
		3C658083162B59DD00EA04BC /* MWCaptionView.h */ = {isa = PBXFileReference; fileEncoding = 4; lastKnownFileType = sourcecode.c.h; path = MWCaptionView.h; sourceTree = "<group>"; };
		3C658084162B59DD00EA04BC /* MWCaptionView.m */ = {isa = PBXFileReference; fileEncoding = 4; lastKnownFileType = sourcecode.c.objc; path = MWCaptionView.m; sourceTree = "<group>"; };
		3C658085162B59DD00EA04BC /* MWPhoto.h */ = {isa = PBXFileReference; fileEncoding = 4; lastKnownFileType = sourcecode.c.h; path = MWPhoto.h; sourceTree = "<group>"; };
		3C658086162B59DD00EA04BC /* MWPhoto.m */ = {isa = PBXFileReference; fileEncoding = 4; lastKnownFileType = sourcecode.c.objc; path = MWPhoto.m; sourceTree = "<group>"; };
		3C658087162B59DD00EA04BC /* MWPhotoBrowser.h */ = {isa = PBXFileReference; fileEncoding = 4; lastKnownFileType = sourcecode.c.h; path = MWPhotoBrowser.h; sourceTree = "<group>"; };
		3C658088162B59DD00EA04BC /* MWPhotoBrowser.m */ = {isa = PBXFileReference; fileEncoding = 4; lastKnownFileType = sourcecode.c.objc; path = MWPhotoBrowser.m; sourceTree = "<group>"; };
		3C658089162B59DD00EA04BC /* MWPhotoProtocol.h */ = {isa = PBXFileReference; fileEncoding = 4; lastKnownFileType = sourcecode.c.h; path = MWPhotoProtocol.h; sourceTree = "<group>"; };
		3C65808A162B59DD00EA04BC /* MWTapDetectingImageView.h */ = {isa = PBXFileReference; fileEncoding = 4; lastKnownFileType = sourcecode.c.h; path = MWTapDetectingImageView.h; sourceTree = "<group>"; };
		3C65808B162B59DD00EA04BC /* MWTapDetectingImageView.m */ = {isa = PBXFileReference; fileEncoding = 4; lastKnownFileType = sourcecode.c.objc; path = MWTapDetectingImageView.m; sourceTree = "<group>"; };
		3C65808C162B59DD00EA04BC /* MWTapDetectingView.h */ = {isa = PBXFileReference; fileEncoding = 4; lastKnownFileType = sourcecode.c.h; path = MWTapDetectingView.h; sourceTree = "<group>"; };
		3C65808D162B59DD00EA04BC /* MWTapDetectingView.m */ = {isa = PBXFileReference; fileEncoding = 4; lastKnownFileType = sourcecode.c.objc; path = MWTapDetectingView.m; sourceTree = "<group>"; };
		3C65808E162B59DD00EA04BC /* MWZoomingScrollView.h */ = {isa = PBXFileReference; fileEncoding = 4; lastKnownFileType = sourcecode.c.h; path = MWZoomingScrollView.h; sourceTree = "<group>"; };
		3C65808F162B59DD00EA04BC /* MWZoomingScrollView.m */ = {isa = PBXFileReference; fileEncoding = 4; lastKnownFileType = sourcecode.c.objc; path = MWZoomingScrollView.m; sourceTree = "<group>"; };
		3C658096162B5A7800EA04BC /* MWPhotoBrowser.bundle */ = {isa = PBXFileReference; lastKnownFileType = "wrapper.plug-in"; path = MWPhotoBrowser.bundle; sourceTree = "<group>"; };
		3C658099162B5A9700EA04BC /* MBProgressHUD.h */ = {isa = PBXFileReference; fileEncoding = 4; lastKnownFileType = sourcecode.c.h; path = MBProgressHUD.h; sourceTree = "<group>"; };
		3C65809A162B5A9700EA04BC /* MBProgressHUD.m */ = {isa = PBXFileReference; fileEncoding = 4; lastKnownFileType = sourcecode.c.objc; path = MBProgressHUD.m; sourceTree = "<group>"; };
		3C65809B162B5A9700EA04BC /* README.mdown */ = {isa = PBXFileReference; fileEncoding = 4; lastKnownFileType = text; path = README.mdown; sourceTree = "<group>"; };
		3C65809E162CA8BC00EA04BC /* image_loading.png */ = {isa = PBXFileReference; lastKnownFileType = image.png; path = image_loading.png; sourceTree = "<group>"; };
		3C65809F162CA8BC00EA04BC /* image_loading@2x.png */ = {isa = PBXFileReference; lastKnownFileType = image.png; path = "image_loading@2x.png"; sourceTree = "<group>"; };
		3C6580A5162CFC0F00EA04BC /* FeedbackViewController.h */ = {isa = PBXFileReference; fileEncoding = 4; lastKnownFileType = sourcecode.c.h; path = FeedbackViewController.h; sourceTree = "<group>"; };
		3C6580A6162CFC0F00EA04BC /* FeedbackViewController.m */ = {isa = PBXFileReference; fileEncoding = 4; lastKnownFileType = sourcecode.c.objc; path = FeedbackViewController.m; sourceTree = "<group>"; };
		3C6580A9162CFCCB00EA04BC /* send_feedback_button_pressed@2x.png */ = {isa = PBXFileReference; lastKnownFileType = image.png; path = "send_feedback_button_pressed@2x.png"; sourceTree = "<group>"; };
		3C6580AA162CFCCB00EA04BC /* send_feedback_button@2x.png */ = {isa = PBXFileReference; lastKnownFileType = image.png; path = "send_feedback_button@2x.png"; sourceTree = "<group>"; };
		3C6580AB162CFCCB00EA04BC /* feedback_textview@2x.png */ = {isa = PBXFileReference; lastKnownFileType = image.png; path = "feedback_textview@2x.png"; sourceTree = "<group>"; };
		3C6580AF162D03D400EA04BC /* share_photo_button_pressed@2x.png */ = {isa = PBXFileReference; lastKnownFileType = image.png; path = "share_photo_button_pressed@2x.png"; sourceTree = "<group>"; };
		3C6580B0162D03D400EA04BC /* share_photo_button@2x.png */ = {isa = PBXFileReference; lastKnownFileType = image.png; path = "share_photo_button@2x.png"; sourceTree = "<group>"; };
		3C8DEFD5162678080086459E /* favorite_button_selected@2x.png */ = {isa = PBXFileReference; lastKnownFileType = image.png; path = "favorite_button_selected@2x.png"; sourceTree = "<group>"; };
		3C8DEFD6162678080086459E /* favorite_button@2x.png */ = {isa = PBXFileReference; lastKnownFileType = image.png; path = "favorite_button@2x.png"; sourceTree = "<group>"; };
		3C8DEFD7162678080086459E /* menu_button_highlighted@2x.png */ = {isa = PBXFileReference; lastKnownFileType = image.png; path = "menu_button_highlighted@2x.png"; sourceTree = "<group>"; };
		3C8DEFD8162678080086459E /* menu_button@2x.png */ = {isa = PBXFileReference; lastKnownFileType = image.png; path = "menu_button@2x.png"; sourceTree = "<group>"; };
		3C8DEFDF162680260086459E /* favorite_button_highlighted@2x.png */ = {isa = PBXFileReference; lastKnownFileType = image.png; path = "favorite_button_highlighted@2x.png"; sourceTree = "<group>"; };
		3CA6CDB015FABDE000175850 /* TakePhotoViewController.h */ = {isa = PBXFileReference; fileEncoding = 4; lastKnownFileType = sourcecode.c.h; path = TakePhotoViewController.h; sourceTree = "<group>"; };
		3CA6CDB115FABDE000175850 /* TakePhotoViewController.m */ = {isa = PBXFileReference; fileEncoding = 4; lastKnownFileType = sourcecode.c.objc; path = TakePhotoViewController.m; sourceTree = "<group>"; };
		3CA6CDBA15FADB9B00175850 /* CameraOverlayView.xib */ = {isa = PBXFileReference; fileEncoding = 4; lastKnownFileType = file.xib; path = CameraOverlayView.xib; sourceTree = "<group>"; };
		3CA6CDBD15FAEE8700175850 /* MenuItemViewController.h */ = {isa = PBXFileReference; fileEncoding = 4; lastKnownFileType = sourcecode.c.h; path = MenuItemViewController.h; sourceTree = "<group>"; };
		3CA6CDBE15FAEE8700175850 /* MenuItemViewController.m */ = {isa = PBXFileReference; fileEncoding = 4; lastKnownFileType = sourcecode.c.objc; path = MenuItemViewController.m; sourceTree = "<group>"; };
		3CA6CDC115FB3F8000175850 /* ViewProfileViewController.h */ = {isa = PBXFileReference; fileEncoding = 4; lastKnownFileType = sourcecode.c.h; path = ViewProfileViewController.h; sourceTree = "<group>"; };
		3CA6CDC215FB3F8000175850 /* ViewProfileViewController.m */ = {isa = PBXFileReference; fileEncoding = 4; lastKnownFileType = sourcecode.c.objc; path = ViewProfileViewController.m; sourceTree = "<group>"; };
		3CA6CDC515FB452800175850 /* photos-white.png */ = {isa = PBXFileReference; lastKnownFileType = image.png; path = "photos-white.png"; sourceTree = "<group>"; };
		3CA6CDC615FB452800175850 /* photos-white@2x.png */ = {isa = PBXFileReference; lastKnownFileType = image.png; path = "photos-white@2x.png"; sourceTree = "<group>"; };
		3CA6CDC715FB452800175850 /* user-white.png */ = {isa = PBXFileReference; lastKnownFileType = image.png; path = "user-white.png"; sourceTree = "<group>"; };
		3CA6CDC815FB452800175850 /* user-white@2x.png */ = {isa = PBXFileReference; lastKnownFileType = image.png; path = "user-white@2x.png"; sourceTree = "<group>"; };
		3CA6CDCD15FB460E00175850 /* PhotosViewController.h */ = {isa = PBXFileReference; fileEncoding = 4; lastKnownFileType = sourcecode.c.h; path = PhotosViewController.h; sourceTree = "<group>"; };
		3CA6CDCE15FB460E00175850 /* PhotosViewController.m */ = {isa = PBXFileReference; fileEncoding = 4; lastKnownFileType = sourcecode.c.objc; path = PhotosViewController.m; sourceTree = "<group>"; };
		3CA6CDD015FB462C00175850 /* ProfileViewController.h */ = {isa = PBXFileReference; fileEncoding = 4; lastKnownFileType = sourcecode.c.h; path = ProfileViewController.h; sourceTree = "<group>"; };
		3CA6CDD115FB462C00175850 /* ProfileViewController.m */ = {isa = PBXFileReference; fileEncoding = 4; lastKnownFileType = sourcecode.c.objc; path = ProfileViewController.m; sourceTree = "<group>"; };
		3CA6CDE215FC5A3100175850 /* CreateAccountViewController.h */ = {isa = PBXFileReference; fileEncoding = 4; lastKnownFileType = sourcecode.c.h; path = CreateAccountViewController.h; sourceTree = "<group>"; };
		3CA6CDE315FC5A3100175850 /* CreateAccountViewController.m */ = {isa = PBXFileReference; fileEncoding = 4; lastKnownFileType = sourcecode.c.objc; path = CreateAccountViewController.m; sourceTree = "<group>"; };
		3CA6CDE615FC5A6400175850 /* UpdateAccountViewController.h */ = {isa = PBXFileReference; fileEncoding = 4; lastKnownFileType = sourcecode.c.h; path = UpdateAccountViewController.h; sourceTree = "<group>"; };
		3CA6CDE715FC5A6400175850 /* UpdateAccountViewController.m */ = {isa = PBXFileReference; fileEncoding = 4; lastKnownFileType = sourcecode.c.objc; path = UpdateAccountViewController.m; sourceTree = "<group>"; };
		3CA6CDE915FC5B2900175850 /* SignInViewController.h */ = {isa = PBXFileReference; fileEncoding = 4; lastKnownFileType = sourcecode.c.h; path = SignInViewController.h; sourceTree = "<group>"; };
		3CA6CDEA15FC5B2900175850 /* SignInViewController.m */ = {isa = PBXFileReference; fileEncoding = 4; lastKnownFileType = sourcecode.c.objc; path = SignInViewController.m; sourceTree = "<group>"; };
		3CA6CDEC15FC781800175850 /* User.h */ = {isa = PBXFileReference; fileEncoding = 4; lastKnownFileType = sourcecode.c.h; path = User.h; sourceTree = "<group>"; };
		3CA6CDED15FC781800175850 /* User.m */ = {isa = PBXFileReference; fileEncoding = 4; lastKnownFileType = sourcecode.c.objc; path = User.m; sourceTree = "<group>"; };
		3CA6CDF015FC8A3D00175850 /* update_account_button_pressed@2x.png */ = {isa = PBXFileReference; lastKnownFileType = image.png; path = "update_account_button_pressed@2x.png"; sourceTree = "<group>"; };
		3CA6CDF115FC8A3D00175850 /* update_account_button@2x.png */ = {isa = PBXFileReference; lastKnownFileType = image.png; path = "update_account_button@2x.png"; sourceTree = "<group>"; };
		3CA6CDF215FC8A3D00175850 /* create_account_button@2x.png */ = {isa = PBXFileReference; lastKnownFileType = image.png; path = "create_account_button@2x.png"; sourceTree = "<group>"; };
		3CA6CDF315FC8A3D00175850 /* create_account_button_pressed@2x.png */ = {isa = PBXFileReference; lastKnownFileType = image.png; path = "create_account_button_pressed@2x.png"; sourceTree = "<group>"; };
		3CA6CDF415FC8A3D00175850 /* sign_in_button@2x.png */ = {isa = PBXFileReference; lastKnownFileType = image.png; path = "sign_in_button@2x.png"; sourceTree = "<group>"; };
		3CA6CDF515FC8A3D00175850 /* sign_in_button_pressed@2x.png */ = {isa = PBXFileReference; lastKnownFileType = image.png; path = "sign_in_button_pressed@2x.png"; sourceTree = "<group>"; };
		3CA6CDF615FC8A3D00175850 /* LoginWithFacebookNormal.png */ = {isa = PBXFileReference; lastKnownFileType = image.png; path = LoginWithFacebookNormal.png; sourceTree = "<group>"; };
		3CA6CDF715FC8A3D00175850 /* LoginWithFacebookNormal@2x.png */ = {isa = PBXFileReference; lastKnownFileType = image.png; path = "LoginWithFacebookNormal@2x.png"; sourceTree = "<group>"; };
		3CA6CDF815FC8A3D00175850 /* LoginWithFacebookPressed.png */ = {isa = PBXFileReference; lastKnownFileType = image.png; path = LoginWithFacebookPressed.png; sourceTree = "<group>"; };
		3CA6CDF915FC8A3D00175850 /* LoginWithFacebookPressed@2x.png */ = {isa = PBXFileReference; lastKnownFileType = image.png; path = "LoginWithFacebookPressed@2x.png"; sourceTree = "<group>"; };
/* End PBXFileReference section */

/* Begin PBXFrameworksBuildPhase section */
		3C573EF915F4D0D800CE7BE3 /* Frameworks */ = {
			isa = PBXFrameworksBuildPhase;
			buildActionMask = 2147483647;
			files = (
				3C13F44A160204E000B244F7 /* Accounts.framework in Frameworks */,
				3C573F0715F4D0D800CE7BE3 /* CoreData.framework in Frameworks */,
				3C573F0515F4D0D800CE7BE3 /* CoreGraphics.framework in Frameworks */,
				3C573F5615F557FD00CE7BE3 /* CoreLocation.framework in Frameworks */,
				3C573F0315F4D0D800CE7BE3 /* Foundation.framework in Frameworks */,
				3C573F8A15F5E91400CE7BE3 /* ImageIO.framework in Frameworks */,
				3C573F8C15F5E92F00CE7BE3 /* MapKit.framework in Frameworks */,
				3C573FE515F8579300CE7BE3 /* QuartzCore.framework in Frameworks */,
				3C13F44D1602072B00B244F7 /* Social.framework in Frameworks */,
				3C573F0115F4D0D800CE7BE3 /* UIKit.framework in Frameworks */,
			);
			runOnlyForDeploymentPostprocessing = 0;
		};
/* End PBXFrameworksBuildPhase section */

/* Begin PBXGroup section */
		3C048A081605C0280002D4A7 /* Application Images */ = {
			isa = PBXGroup;
			children = (
				3C048A0B1605C1EB0002D4A7 /* Default.png */,
				3C048A091605C1E80002D4A7 /* Default@2x.png */,
				3C18712F1601B6EF0043C684 /* Default-568h@2x.png */,
				3C048A031605BF7D0002D4A7 /* 57x57.png */,
				3C048A061605BF870002D4A7 /* 114x114.png */,
			);
			name = "Application Images";
			sourceTree = "<group>";
		};
		3C048A10160710250002D4A7 /* CollectionViewCells */ = {
			isa = PBXGroup;
			children = (
				3C048A11160710620002D4A7 /* AddPhotoCell.h */,
				3C048A12160710620002D4A7 /* AddPhotoCell.m */,
				3C048A14160711580002D4A7 /* MenuItemThumbnailCell.h */,
				3C048A15160711580002D4A7 /* MenuItemThumbnailCell.m */,
			);
			name = CollectionViewCells;
			sourceTree = "<group>";
		};
		3C048A1A160921AD0002D4A7 /* CollectionViewCells */ = {
			isa = PBXGroup;
			children = (
				3C048A1B160921DA0002D4A7 /* PhotoThumbnailCell.h */,
				3C048A1C160921DA0002D4A7 /* PhotoThumbnailCell.m */,
			);
			name = CollectionViewCells;
			sourceTree = "<group>";
		};
		3C0912CD1611A52F00920A99 /* Images */ = {
			isa = PBXGroup;
			children = (
				3C8DEFDF162680260086459E /* favorite_button_highlighted@2x.png */,
				3C8DEFD5162678080086459E /* favorite_button_selected@2x.png */,
				3C8DEFD6162678080086459E /* favorite_button@2x.png */,
				3C8DEFD7162678080086459E /* menu_button_highlighted@2x.png */,
				3C8DEFD8162678080086459E /* menu_button@2x.png */,
				3C0912CA1611A52B00920A99 /* profile_no_image.jpg */,
			);
			name = Images;
			sourceTree = "<group>";
		};
		3C573EF115F4D0D800CE7BE3 = {
			isa = PBXGroup;
			children = (
				3C573F0815F4D0D800CE7BE3 /* MenuPics */,
				3C573EFF15F4D0D800CE7BE3 /* Frameworks */,
				3C573EFD15F4D0D800CE7BE3 /* Products */,
			);
			sourceTree = "<group>";
		};
		3C573EFD15F4D0D800CE7BE3 /* Products */ = {
			isa = PBXGroup;
			children = (
				3C573EFC15F4D0D800CE7BE3 /* MenuPics.app */,
			);
			name = Products;
			sourceTree = "<group>";
		};
		3C573EFF15F4D0D800CE7BE3 /* Frameworks */ = {
			isa = PBXGroup;
			children = (
				3C13F449160204E000B244F7 /* Accounts.framework */,
				3C573F0615F4D0D800CE7BE3 /* CoreData.framework */,
				3C573F0415F4D0D800CE7BE3 /* CoreGraphics.framework */,
				3C573F5515F557FD00CE7BE3 /* CoreLocation.framework */,
				3C573F0215F4D0D800CE7BE3 /* Foundation.framework */,
				3C573F8915F5E91400CE7BE3 /* ImageIO.framework */,
				3C573FE415F8579200CE7BE3 /* QuartzCore.framework */,
				3C13F44C1602072B00B244F7 /* Social.framework */,
				3C573F8B15F5E92F00CE7BE3 /* MapKit.framework */,
				3C573F0015F4D0D800CE7BE3 /* UIKit.framework */,
			);
			name = Frameworks;
			sourceTree = "<group>";
		};
		3C573F0815F4D0D800CE7BE3 /* MenuPics */ = {
			isa = PBXGroup;
			children = (
				3C573F6215F5E22000CE7BE3 /* Models */,
				3C573F2215F4D27300CE7BE3 /* Application */,
				3C573F2415F4D29B00CE7BE3 /* Home */,
				3C573F9515F750FE00CE7BE3 /* Menu */,
				3C6580A4162CFB2800EA04BC /* Feedback */,
				3CA6CDC015FB3F3C00175850 /* Profile */,
				3CA6CDBC15FAEE7300175850 /* Menu Item */,
				3CA6CDB415FABDE600175850 /* TakePhoto */,
				3C573F0915F4D0D800CE7BE3 /* Supporting Files */,
				3C573F3115F5429500CE7BE3 /* Vendor */,
			);
			path = MenuPics;
			sourceTree = "<group>";
		};
		3C573F0915F4D0D800CE7BE3 /* Supporting Files */ = {
			isa = PBXGroup;
			children = (
				3C573F0A15F4D0D800CE7BE3 /* MenuPics-Info.plist */,
				3C573F0B15F4D0D800CE7BE3 /* InfoPlist.strings */,
				3C573F0E15F4D0D800CE7BE3 /* main.m */,
				3C573F1015F4D0D800CE7BE3 /* MenuPics-Prefix.pch */,
			);
			name = "Supporting Files";
			sourceTree = "<group>";
		};
		3C573F2215F4D27300CE7BE3 /* Application */ = {
			isa = PBXGroup;
			children = (
				3C573F2315F4D27D00CE7BE3 /* Images */,
				3C573F1115F4D0D800CE7BE3 /* AppDelegate.h */,
				3C573F1215F4D0D800CE7BE3 /* AppDelegate.m */,
				3C573F1C15F4D0FC00CE7BE3 /* Storyboard.storyboard */,
				3C573F1415F4D0D800CE7BE3 /* MenuPics.xcdatamodeld */,
				3C573F5215F545D400CE7BE3 /* MenuPicsAPIClient.h */,
				3C573F5315F545D400CE7BE3 /* MenuPicsAPIClient.m */,
				3C573F9115F748B600CE7BE3 /* MenuPicsDBClient.h */,
				3C573F9215F748B600CE7BE3 /* MenuPicsDBClient.m */,
			);
			name = Application;
			sourceTree = "<group>";
		};
		3C573F2315F4D27D00CE7BE3 /* Images */ = {
			isa = PBXGroup;
			children = (
				3C048A081605C0280002D4A7 /* Application Images */,
				3C573F1E15F4D26C00CE7BE3 /* nav_bar_background.png */,
				3C573F1F15F4D26C00CE7BE3 /* nav_bar_background@2x.png */,
			);
			name = Images;
			sourceTree = "<group>";
		};
		3C573F2415F4D29B00CE7BE3 /* Home */ = {
			isa = PBXGroup;
			children = (
				3C573F6815F5E52F00CE7BE3 /* Views */,
				3C573F2815F4D31B00CE7BE3 /* Images */,
				3C573F2515F4D2B800CE7BE3 /* HomeViewController.h */,
				3C573F2615F4D2B800CE7BE3 /* HomeViewController.m */,
			);
			name = Home;
			sourceTree = "<group>";
		};
		3C573F2815F4D31B00CE7BE3 /* Images */ = {
			isa = PBXGroup;
			children = (
				3C65809E162CA8BC00EA04BC /* image_loading.png */,
				3C65809F162CA8BC00EA04BC /* image_loading@2x.png */,
				3C573F2915F4D35E00CE7BE3 /* nav_logo.png */,
				3C573F2A15F4D35E00CE7BE3 /* nav_logo@2x.png */,
				3C198C3F16366DDD00A0C22F /* restaurant_placeholder@2x.png */,
				3C198C4016366DDD00A0C22F /* restaurant_placeholder.png */,
			);
			name = Images;
			sourceTree = "<group>";
		};
		3C573F3115F5429500CE7BE3 /* Vendor */ = {
			isa = PBXGroup;
			children = (
				3C658082162B598700EA04BC /* MWPhotoBrowser */,
				3C573F5115F5454B00CE7BE3 /* AFNetworking */,
				3C573FD015F80A1800CE7BE3 /* OrderedDictionary */,
				3C573F6C15F5E80D00CE7BE3 /* SDWebImage */,
				3C573F5715F563C800CE7BE3 /* SVProgressHUD */,
			);
			name = Vendor;
			sourceTree = "<group>";
		};
		3C573F5115F5454B00CE7BE3 /* AFNetworking */ = {
			isa = PBXGroup;
			children = (
				3C573F3215F542AE00CE7BE3 /* AFHTTPClient.h */,
				3C573F3315F542AE00CE7BE3 /* AFHTTPClient.m */,
				3C573F3415F542AE00CE7BE3 /* AFHTTPRequestOperation.h */,
				3C573F3515F542AE00CE7BE3 /* AFHTTPRequestOperation.m */,
				3C573F3615F542AE00CE7BE3 /* AFImageRequestOperation.h */,
				3C573F3715F542AE00CE7BE3 /* AFImageRequestOperation.m */,
				3C573F3815F542AE00CE7BE3 /* AFJSONRequestOperation.h */,
				3C573F3915F542AE00CE7BE3 /* AFJSONRequestOperation.m */,
				3C573F3A15F542AE00CE7BE3 /* AFJSONUtilities.h */,
				3C573F3B15F542AE00CE7BE3 /* AFJSONUtilities.m */,
				3C573F3C15F542AE00CE7BE3 /* AFNetworkActivityIndicatorManager.h */,
				3C573F3D15F542AE00CE7BE3 /* AFNetworkActivityIndicatorManager.m */,
				3C573F3E15F542AE00CE7BE3 /* AFNetworking.h */,
				3C573F3F15F542AE00CE7BE3 /* AFPropertyListRequestOperation.h */,
				3C573F4015F542AE00CE7BE3 /* AFPropertyListRequestOperation.m */,
				3C573F4115F542AE00CE7BE3 /* AFURLConnectionOperation.h */,
				3C573F4215F542AE00CE7BE3 /* AFURLConnectionOperation.m */,
				3C573F4315F542AE00CE7BE3 /* AFXMLRequestOperation.h */,
				3C573F4415F542AE00CE7BE3 /* AFXMLRequestOperation.m */,
				3C573F4515F542AE00CE7BE3 /* UIImageView+AFNetworking.h */,
				3C573F4615F542AE00CE7BE3 /* UIImageView+AFNetworking.m */,
			);
			name = AFNetworking;
			sourceTree = "<group>";
		};
		3C573F5715F563C800CE7BE3 /* SVProgressHUD */ = {
			isa = PBXGroup;
			children = (
				3C573F5815F563FB00CE7BE3 /* SVProgressHUD.bundle */,
				3C573F5915F563FB00CE7BE3 /* SVProgressHUD.h */,
				3C573F5A15F563FB00CE7BE3 /* SVProgressHUD.m */,
			);
			name = SVProgressHUD;
			sourceTree = "<group>";
		};
		3C573F6215F5E22000CE7BE3 /* Models */ = {
			isa = PBXGroup;
			children = (
				3C573F5E15F5C49A00CE7BE3 /* JSONCachedResponse.h */,
				3C573F5F15F5C49A00CE7BE3 /* JSONCachedResponse.m */,
				3C573F6315F5E26C00CE7BE3 /* Location.h */,
				3C573F6415F5E26C00CE7BE3 /* Location.m */,
				3C573FDA15F8358000CE7BE3 /* MenuItem.h */,
				3C573FDB15F8358000CE7BE3 /* MenuItem.m */,
				3C048A0D1606D4FE0002D4A7 /* Photo.h */,
				3C048A0E1606D4FE0002D4A7 /* Photo.m */,
				3C573FD415F80AD000CE7BE3 /* Restaurant.h */,
				3C573FD515F80AD000CE7BE3 /* Restaurant.m */,
				3C048A171607FFCF0002D4A7 /* SavedPhoto.h */,
				3C048A181607FFCF0002D4A7 /* SavedPhoto.m */,
				3CA6CDEC15FC781800175850 /* User.h */,
				3CA6CDED15FC781800175850 /* User.m */,
			);
			name = Models;
			sourceTree = "<group>";
		};
		3C573F6815F5E52F00CE7BE3 /* Views */ = {
			isa = PBXGroup;
			children = (
				3C573F9915F7559B00CE7BE3 /* LocationCell.h */,
				3C573F9A15F7559B00CE7BE3 /* LocationCell.m */,
			);
			name = Views;
			sourceTree = "<group>";
		};
		3C573F6C15F5E80D00CE7BE3 /* SDWebImage */ = {
			isa = PBXGroup;
			children = (
				3C573F6D15F5E81D00CE7BE3 /* MKAnnotationView+WebCache.h */,
				3C573F6E15F5E81D00CE7BE3 /* MKAnnotationView+WebCache.m */,
				3C573F6F15F5E81D00CE7BE3 /* SDImageCache.h */,
				3C573F7015F5E81D00CE7BE3 /* SDImageCache.m */,
				3C573F7115F5E81D00CE7BE3 /* SDImageCacheDelegate.h */,
				3C573F7215F5E81D00CE7BE3 /* SDWebImageCompat.h */,
				3C573F7315F5E81D00CE7BE3 /* SDWebImageDecoder.h */,
				3C573F7415F5E81D00CE7BE3 /* SDWebImageDecoder.m */,
				3C573F7515F5E81D00CE7BE3 /* SDWebImageDownloader.h */,
				3C573F7615F5E81D00CE7BE3 /* SDWebImageDownloader.m */,
				3C573F7715F5E81D00CE7BE3 /* SDWebImageDownloaderDelegate.h */,
				3C573F7815F5E81D00CE7BE3 /* SDWebImageManager.h */,
				3C573F7915F5E81D00CE7BE3 /* SDWebImageManager.m */,
				3C573F7A15F5E81D00CE7BE3 /* SDWebImageManagerDelegate.h */,
				3C573F7B15F5E81D00CE7BE3 /* SDWebImagePrefetcher.h */,
				3C573F7C15F5E81D00CE7BE3 /* SDWebImagePrefetcher.m */,
				3C573F7D15F5E81D00CE7BE3 /* UIButton+WebCache.h */,
				3C573F7E15F5E81D00CE7BE3 /* UIButton+WebCache.m */,
				3C573F7F15F5E81D00CE7BE3 /* UIImageView+WebCache.h */,
				3C573F8015F5E81D00CE7BE3 /* UIImageView+WebCache.m */,
			);
			name = SDWebImage;
			sourceTree = "<group>";
		};
		3C573F9515F750FE00CE7BE3 /* Menu */ = {
			isa = PBXGroup;
			children = (
				3C573FE015F84E1600CE7BE3 /* Views */,
				3C573FB315F7EFEC00CE7BE3 /* Images */,
				3C573FCD15F7F1B500CE7BE3 /* MenuViewController.h */,
				3C573FCE15F7F1B600CE7BE3 /* MenuViewController.m */,
				3C573FDD15F84C3900CE7BE3 /* CurrentMenuViewController.h */,
				3C573FDE15F84C3900CE7BE3 /* CurrentMenuViewController.m */,
				3C57403515F9779900CE7BE3 /* PopularMenuViewController.h */,
				3C57403615F9779900CE7BE3 /* PopularMenuViewController.m */,
				3C573FD715F81C7700CE7BE3 /* RestaurantViewController.h */,
				3C573FD815F81C7700CE7BE3 /* RestaurantViewController.m */,
				3C57403215F9777200CE7BE3 /* AllMenusViewController.h */,
				3C57403315F9777200CE7BE3 /* AllMenusViewController.m */,
			);
			name = Menu;
			sourceTree = "<group>";
		};
		3C573FB315F7EFEC00CE7BE3 /* Images */ = {
			isa = PBXGroup;
			children = (
				3C573FB515F7F01100CE7BE3 /* add_photo.png */,
				3C573FB615F7F01100CE7BE3 /* add_photo@2x.png */,
				3C573FB715F7F01100CE7BE3 /* favorite_icon.png */,
				3C573FB815F7F01100CE7BE3 /* favorite_icon@2x.png */,
				3C573FB915F7F01100CE7BE3 /* restaurant_icon.png */,
				3C573FBA15F7F01100CE7BE3 /* restaurant_icon@2x.png */,
				3C573FBD15F7F01100CE7BE3 /* menu_icon.png */,
				3C573FBE15F7F01100CE7BE3 /* menu_icon@2x.png */,
				3C573FBF15F7F01100CE7BE3 /* more_menu_icon.png */,
				3C573FC015F7F01100CE7BE3 /* more_menu_icon@2x.png */,
				3C3A8D7A16450155005A2C7F /* sp_splash.png */,
			);
			name = Images;
			sourceTree = "<group>";
		};
		3C573FD015F80A1800CE7BE3 /* OrderedDictionary */ = {
			isa = PBXGroup;
			children = (
				3C573FD115F80A3100CE7BE3 /* OrderedDictionary.h */,
				3C573FD215F80A3100CE7BE3 /* OrderedDictionary.m */,
			);
			name = OrderedDictionary;
			sourceTree = "<group>";
		};
		3C573FE015F84E1600CE7BE3 /* Views */ = {
			isa = PBXGroup;
			children = (
				3C57403815F98A8400CE7BE3 /* AllMenusCell.h */,
				3C57403915F98A8400CE7BE3 /* AllMenusCell.m */,
				3C573FE115F84E3700CE7BE3 /* MenuItemCell.h */,
				3C573FE215F84E3700CE7BE3 /* MenuItemCell.m */,
				3C573FE615F8844F00CE7BE3 /* EmptyMenuItemCell.h */,
				3C573FE715F8844F00CE7BE3 /* EmptyMenuItemCell.m */,
			);
			name = Views;
			sourceTree = "<group>";
		};
		3C658082162B598700EA04BC /* MWPhotoBrowser */ = {
			isa = PBXGroup;
			children = (
				3C658098162B5A9700EA04BC /* MBProgressHUD */,
				3C658096162B5A7800EA04BC /* MWPhotoBrowser.bundle */,
				3C658083162B59DD00EA04BC /* MWCaptionView.h */,
				3C658084162B59DD00EA04BC /* MWCaptionView.m */,
				3C658085162B59DD00EA04BC /* MWPhoto.h */,
				3C658086162B59DD00EA04BC /* MWPhoto.m */,
				3C658087162B59DD00EA04BC /* MWPhotoBrowser.h */,
				3C658088162B59DD00EA04BC /* MWPhotoBrowser.m */,
				3C658089162B59DD00EA04BC /* MWPhotoProtocol.h */,
				3C65808A162B59DD00EA04BC /* MWTapDetectingImageView.h */,
				3C65808B162B59DD00EA04BC /* MWTapDetectingImageView.m */,
				3C65808C162B59DD00EA04BC /* MWTapDetectingView.h */,
				3C65808D162B59DD00EA04BC /* MWTapDetectingView.m */,
				3C65808E162B59DD00EA04BC /* MWZoomingScrollView.h */,
				3C65808F162B59DD00EA04BC /* MWZoomingScrollView.m */,
			);
			name = MWPhotoBrowser;
			sourceTree = "<group>";
		};
		3C658098162B5A9700EA04BC /* MBProgressHUD */ = {
			isa = PBXGroup;
			children = (
				3C658099162B5A9700EA04BC /* MBProgressHUD.h */,
				3C65809A162B5A9700EA04BC /* MBProgressHUD.m */,
				3C65809B162B5A9700EA04BC /* README.mdown */,
			);
			path = MBProgressHUD;
			sourceTree = "<group>";
		};
		3C6580A4162CFB2800EA04BC /* Feedback */ = {
			isa = PBXGroup;
			children = (
				3C6580A8162CFCB600EA04BC /* Images */,
				3C6580A5162CFC0F00EA04BC /* FeedbackViewController.h */,
				3C6580A6162CFC0F00EA04BC /* FeedbackViewController.m */,
			);
			name = Feedback;
			sourceTree = "<group>";
		};
		3C6580A8162CFCB600EA04BC /* Images */ = {
			isa = PBXGroup;
			children = (
				3C6580A9162CFCCB00EA04BC /* send_feedback_button_pressed@2x.png */,
				3C6580AA162CFCCB00EA04BC /* send_feedback_button@2x.png */,
				3C6580AB162CFCCB00EA04BC /* feedback_textview@2x.png */,
			);
			name = Images;
			sourceTree = "<group>";
		};
		3CA6CDB415FABDE600175850 /* TakePhoto */ = {
			isa = PBXGroup;
			children = (
				3CA6CDB915FAD75F00175850 /* Images */,
				3CA6CDBA15FADB9B00175850 /* CameraOverlayView.xib */,
				3C22AF75160F1EBE00A3C8EE /* CameraOverlayView5.xib */,
				3CA6CDB015FABDE000175850 /* TakePhotoViewController.h */,
				3CA6CDB115FABDE000175850 /* TakePhotoViewController.m */,
			);
			name = TakePhoto;
			sourceTree = "<group>";
		};
		3CA6CDB915FAD75F00175850 /* Images */ = {
			isa = PBXGroup;
			children = (
				3C048A25160BC1820002D4A7 /* flash_auto_pressed@2x.png */,
				3C048A26160BC1820002D4A7 /* flash_auto@2x.png */,
				3C048A27160BC1820002D4A7 /* flash_off_pressed@2x.png */,
				3C048A28160BC1820002D4A7 /* flash_off@2x.png */,
				3C048A29160BC1820002D4A7 /* flash_on_pressed@2x.png */,
				3C048A2A160BC1820002D4A7 /* flash_on@2x.png */,
				3C048A23160971940002D4A7 /* photo.png */,
				3C6580B0162D03D400EA04BC /* share_photo_button@2x.png */,
				3C6580AF162D03D400EA04BC /* share_photo_button_pressed@2x.png */,
			);
			name = Images;
			sourceTree = "<group>";
		};
		3CA6CDBC15FAEE7300175850 /* Menu Item */ = {
			isa = PBXGroup;
			children = (
				3C048A10160710250002D4A7 /* CollectionViewCells */,
				3C0912CD1611A52F00920A99 /* Images */,
				3CA6CDBD15FAEE8700175850 /* MenuItemViewController.h */,
				3CA6CDBE15FAEE8700175850 /* MenuItemViewController.m */,
			);
			name = "Menu Item";
			sourceTree = "<group>";
		};
		3CA6CDC015FB3F3C00175850 /* Profile */ = {
			isa = PBXGroup;
			children = (
				3C048A1A160921AD0002D4A7 /* CollectionViewCells */,
				3CA6CDE515FC5A3700175850 /* Account */,
				3CA6CDC415FB44DF00175850 /* Images */,
				3CA6CDC115FB3F8000175850 /* ViewProfileViewController.h */,
				3CA6CDC215FB3F8000175850 /* ViewProfileViewController.m */,
				3CA6CDD015FB462C00175850 /* ProfileViewController.h */,
				3CA6CDD115FB462C00175850 /* ProfileViewController.m */,
				3CA6CDCD15FB460E00175850 /* PhotosViewController.h */,
				3CA6CDCE15FB460E00175850 /* PhotosViewController.m */,
			);
			name = Profile;
			sourceTree = "<group>";
		};
		3CA6CDC415FB44DF00175850 /* Images */ = {
			isa = PBXGroup;
			children = (
				3C048A1E160946270002D4A7 /* nav_bar_translucent@2x.png */,
				3CA6CDC515FB452800175850 /* photos-white.png */,
				3CA6CDC615FB452800175850 /* photos-white@2x.png */,
				3CA6CDC715FB452800175850 /* user-white.png */,
				3CA6CDC815FB452800175850 /* user-white@2x.png */,
			);
			name = Images;
			sourceTree = "<group>";
		};
		3CA6CDE515FC5A3700175850 /* Account */ = {
			isa = PBXGroup;
			children = (
				3CA6CDEF15FC8A1E00175850 /* Images */,
				3CA6CDE215FC5A3100175850 /* CreateAccountViewController.h */,
				3CA6CDE315FC5A3100175850 /* CreateAccountViewController.m */,
				3CA6CDE915FC5B2900175850 /* SignInViewController.h */,
				3CA6CDEA15FC5B2900175850 /* SignInViewController.m */,
				3CA6CDE615FC5A6400175850 /* UpdateAccountViewController.h */,
				3CA6CDE715FC5A6400175850 /* UpdateAccountViewController.m */,
			);
			name = Account;
			sourceTree = "<group>";
		};
		3CA6CDEF15FC8A1E00175850 /* Images */ = {
			isa = PBXGroup;
			children = (
				3CA6CDF015FC8A3D00175850 /* update_account_button_pressed@2x.png */,
				3CA6CDF115FC8A3D00175850 /* update_account_button@2x.png */,
				3CA6CDF215FC8A3D00175850 /* create_account_button@2x.png */,
				3CA6CDF315FC8A3D00175850 /* create_account_button_pressed@2x.png */,
				3CA6CDF415FC8A3D00175850 /* sign_in_button@2x.png */,
				3CA6CDF515FC8A3D00175850 /* sign_in_button_pressed@2x.png */,
				3CA6CDF615FC8A3D00175850 /* LoginWithFacebookNormal.png */,
				3CA6CDF715FC8A3D00175850 /* LoginWithFacebookNormal@2x.png */,
				3CA6CDF815FC8A3D00175850 /* LoginWithFacebookPressed.png */,
				3CA6CDF915FC8A3D00175850 /* LoginWithFacebookPressed@2x.png */,
			);
			name = Images;
			sourceTree = "<group>";
		};
/* End PBXGroup section */

/* Begin PBXNativeTarget section */
		3C573EFB15F4D0D800CE7BE3 /* MenuPics */ = {
			isa = PBXNativeTarget;
			buildConfigurationList = 3C573F1915F4D0D800CE7BE3 /* Build configuration list for PBXNativeTarget "MenuPics" */;
			buildPhases = (
				3C573EF815F4D0D800CE7BE3 /* Sources */,
				3C573EF915F4D0D800CE7BE3 /* Frameworks */,
				3C573EFA15F4D0D800CE7BE3 /* Resources */,
			);
			buildRules = (
			);
			dependencies = (
			);
			name = MenuPics;
			productName = MenuPics;
			productReference = 3C573EFC15F4D0D800CE7BE3 /* MenuPics.app */;
			productType = "com.apple.product-type.application";
		};
/* End PBXNativeTarget section */

/* Begin PBXProject section */
		3C573EF315F4D0D800CE7BE3 /* Project object */ = {
			isa = PBXProject;
			attributes = {
				LastUpgradeCheck = 0450;
				ORGANIZATIONNAME = "Christian Deonier";
			};
			buildConfigurationList = 3C573EF615F4D0D800CE7BE3 /* Build configuration list for PBXProject "MenuPics" */;
			compatibilityVersion = "Xcode 3.2";
			developmentRegion = English;
			hasScannedForEncodings = 0;
			knownRegions = (
				en,
			);
			mainGroup = 3C573EF115F4D0D800CE7BE3;
			productRefGroup = 3C573EFD15F4D0D800CE7BE3 /* Products */;
			projectDirPath = "";
			projectRoot = "";
			targets = (
				3C573EFB15F4D0D800CE7BE3 /* MenuPics */,
			);
		};
/* End PBXProject section */

/* Begin PBXResourcesBuildPhase section */
		3C573EFA15F4D0D800CE7BE3 /* Resources */ = {
			isa = PBXResourcesBuildPhase;
			buildActionMask = 2147483647;
			files = (
				3C573F0D15F4D0D800CE7BE3 /* InfoPlist.strings in Resources */,
				3C573F1D15F4D0FC00CE7BE3 /* Storyboard.storyboard in Resources */,
				3C573F2015F4D26C00CE7BE3 /* nav_bar_background.png in Resources */,
				3C573F2115F4D26C00CE7BE3 /* nav_bar_background@2x.png in Resources */,
				3C573F2B15F4D35E00CE7BE3 /* nav_logo.png in Resources */,
				3C573F2C15F4D35E00CE7BE3 /* nav_logo@2x.png in Resources */,
				3C573F5B15F563FB00CE7BE3 /* SVProgressHUD.bundle in Resources */,
				3C573FC115F7F01100CE7BE3 /* add_photo.png in Resources */,
				3C573FC215F7F01100CE7BE3 /* add_photo@2x.png in Resources */,
				3C573FC315F7F01100CE7BE3 /* favorite_icon.png in Resources */,
				3C573FC415F7F01100CE7BE3 /* favorite_icon@2x.png in Resources */,
				3C573FC515F7F01100CE7BE3 /* restaurant_icon.png in Resources */,
				3C573FC615F7F01100CE7BE3 /* restaurant_icon@2x.png in Resources */,
				3C573FC915F7F01100CE7BE3 /* menu_icon.png in Resources */,
				3C573FCA15F7F01100CE7BE3 /* menu_icon@2x.png in Resources */,
				3C573FCB15F7F01100CE7BE3 /* more_menu_icon.png in Resources */,
				3C573FCC15F7F01100CE7BE3 /* more_menu_icon@2x.png in Resources */,
				3CA6CDBB15FADB9B00175850 /* CameraOverlayView.xib in Resources */,
				3CA6CDC915FB452800175850 /* photos-white.png in Resources */,
				3CA6CDCA15FB452800175850 /* photos-white@2x.png in Resources */,
				3CA6CDCB15FB452800175850 /* user-white.png in Resources */,
				3CA6CDCC15FB452800175850 /* user-white@2x.png in Resources */,
				3CA6CDFA15FC8A3D00175850 /* update_account_button_pressed@2x.png in Resources */,
				3CA6CDFB15FC8A3D00175850 /* update_account_button@2x.png in Resources */,
				3CA6CDFC15FC8A3D00175850 /* create_account_button@2x.png in Resources */,
				3CA6CDFD15FC8A3D00175850 /* create_account_button_pressed@2x.png in Resources */,
				3CA6CDFE15FC8A3D00175850 /* sign_in_button@2x.png in Resources */,
				3CA6CDFF15FC8A3D00175850 /* sign_in_button_pressed@2x.png in Resources */,
				3CA6CE0015FC8A3D00175850 /* LoginWithFacebookNormal.png in Resources */,
				3CA6CE0115FC8A3D00175850 /* LoginWithFacebookNormal@2x.png in Resources */,
				3CA6CE0215FC8A3D00175850 /* LoginWithFacebookPressed.png in Resources */,
				3CA6CE0315FC8A3D00175850 /* LoginWithFacebookPressed@2x.png in Resources */,
				3C1871301601B6EF0043C684 /* Default-568h@2x.png in Resources */,
				3C048A041605BF7D0002D4A7 /* 57x57.png in Resources */,
				3C048A071605BF870002D4A7 /* 114x114.png in Resources */,
				3C048A0A1605C1E80002D4A7 /* Default@2x.png in Resources */,
				3C048A0C1605C1EB0002D4A7 /* Default.png in Resources */,
				3C048A1F160946270002D4A7 /* nav_bar_translucent@2x.png in Resources */,
				3C048A24160971940002D4A7 /* photo.png in Resources */,
				3C048A2B160BC1820002D4A7 /* flash_auto_pressed@2x.png in Resources */,
				3C048A2C160BC1820002D4A7 /* flash_auto@2x.png in Resources */,
				3C048A2D160BC1820002D4A7 /* flash_off_pressed@2x.png in Resources */,
				3C048A2E160BC1820002D4A7 /* flash_off@2x.png in Resources */,
				3C048A2F160BC1820002D4A7 /* flash_on_pressed@2x.png in Resources */,
				3C048A30160BC1820002D4A7 /* flash_on@2x.png in Resources */,
				3C22AF76160F1EBE00A3C8EE /* CameraOverlayView5.xib in Resources */,
				3C0912CB1611A52B00920A99 /* profile_no_image.jpg in Resources */,
				3C8DEFDA162678080086459E /* favorite_button_selected@2x.png in Resources */,
				3C8DEFDB162678080086459E /* favorite_button@2x.png in Resources */,
				3C8DEFDC162678080086459E /* menu_button_highlighted@2x.png in Resources */,
				3C8DEFDD162678080086459E /* menu_button@2x.png in Resources */,
				3C8DEFE0162680260086459E /* favorite_button_highlighted@2x.png in Resources */,
				3C658097162B5A7800EA04BC /* MWPhotoBrowser.bundle in Resources */,
				3C65809D162B5A9700EA04BC /* README.mdown in Resources */,
				3C6580A0162CA8BC00EA04BC /* image_loading.png in Resources */,
				3C6580A1162CA8BC00EA04BC /* image_loading@2x.png in Resources */,
				3C6580AC162CFCCB00EA04BC /* send_feedback_button_pressed@2x.png in Resources */,
				3C6580AD162CFCCB00EA04BC /* send_feedback_button@2x.png in Resources */,
				3C6580AE162CFCCB00EA04BC /* feedback_textview@2x.png in Resources */,
				3C6580B1162D03D400EA04BC /* share_photo_button_pressed@2x.png in Resources */,
				3C6580B2162D03D400EA04BC /* share_photo_button@2x.png in Resources */,
				3C198C4116366DDD00A0C22F /* restaurant_placeholder@2x.png in Resources */,
				3C198C4216366DDD00A0C22F /* restaurant_placeholder.png in Resources */,
				3C3A8D7B16450155005A2C7F /* sp_splash.png in Resources */,
			);
			runOnlyForDeploymentPostprocessing = 0;
		};
/* End PBXResourcesBuildPhase section */

/* Begin PBXSourcesBuildPhase section */
		3C573EF815F4D0D800CE7BE3 /* Sources */ = {
			isa = PBXSourcesBuildPhase;
			buildActionMask = 2147483647;
			files = (
				3C573F0F15F4D0D800CE7BE3 /* main.m in Sources */,
				3C573F1315F4D0D800CE7BE3 /* AppDelegate.m in Sources */,
				3C573F1615F4D0D800CE7BE3 /* MenuPics.xcdatamodeld in Sources */,
				3C573F2715F4D2B800CE7BE3 /* HomeViewController.m in Sources */,
				3C573F4715F542AE00CE7BE3 /* AFHTTPClient.m in Sources */,
				3C573F4815F542AE00CE7BE3 /* AFHTTPRequestOperation.m in Sources */,
				3C573F4915F542AE00CE7BE3 /* AFImageRequestOperation.m in Sources */,
				3C573F4A15F542AE00CE7BE3 /* AFJSONRequestOperation.m in Sources */,
				3C573F4B15F542AE00CE7BE3 /* AFJSONUtilities.m in Sources */,
				3C573F4C15F542AE00CE7BE3 /* AFNetworkActivityIndicatorManager.m in Sources */,
				3C573F4D15F542AE00CE7BE3 /* AFPropertyListRequestOperation.m in Sources */,
				3C573F4E15F542AE00CE7BE3 /* AFURLConnectionOperation.m in Sources */,
				3C573F4F15F542AE00CE7BE3 /* AFXMLRequestOperation.m in Sources */,
				3C573F5015F542AE00CE7BE3 /* UIImageView+AFNetworking.m in Sources */,
				3C573F5415F545D400CE7BE3 /* MenuPicsAPIClient.m in Sources */,
				3C573F5C15F563FB00CE7BE3 /* SVProgressHUD.m in Sources */,
				3C573F6015F5C49A00CE7BE3 /* JSONCachedResponse.m in Sources */,
				3C573F6515F5E26C00CE7BE3 /* Location.m in Sources */,
				3C573F8115F5E81D00CE7BE3 /* MKAnnotationView+WebCache.m in Sources */,
				3C573F8215F5E81D00CE7BE3 /* SDImageCache.m in Sources */,
				3C573F8315F5E81D00CE7BE3 /* SDWebImageDecoder.m in Sources */,
				3C573F8415F5E81D00CE7BE3 /* SDWebImageDownloader.m in Sources */,
				3C573F8515F5E81D00CE7BE3 /* SDWebImageManager.m in Sources */,
				3C573F8615F5E81D00CE7BE3 /* SDWebImagePrefetcher.m in Sources */,
				3C573F8715F5E81D00CE7BE3 /* UIButton+WebCache.m in Sources */,
				3C573F8815F5E81D00CE7BE3 /* UIImageView+WebCache.m in Sources */,
				3C573F9315F748B600CE7BE3 /* MenuPicsDBClient.m in Sources */,
				3C573F9B15F7559B00CE7BE3 /* LocationCell.m in Sources */,
				3C573FCF15F7F1B600CE7BE3 /* MenuViewController.m in Sources */,
				3C573FD315F80A3100CE7BE3 /* OrderedDictionary.m in Sources */,
				3C573FD615F80AD000CE7BE3 /* Restaurant.m in Sources */,
				3C573FD915F81C7700CE7BE3 /* RestaurantViewController.m in Sources */,
				3C573FDC15F8358100CE7BE3 /* MenuItem.m in Sources */,
				3C573FDF15F84C3900CE7BE3 /* CurrentMenuViewController.m in Sources */,
				3C573FE315F84E3700CE7BE3 /* MenuItemCell.m in Sources */,
				3C573FE815F8844F00CE7BE3 /* EmptyMenuItemCell.m in Sources */,
				3C57403415F9777200CE7BE3 /* AllMenusViewController.m in Sources */,
				3C57403715F9779A00CE7BE3 /* PopularMenuViewController.m in Sources */,
				3C57403A15F98A8500CE7BE3 /* AllMenusCell.m in Sources */,
				3CA6CDB215FABDE000175850 /* TakePhotoViewController.m in Sources */,
				3CA6CDBF15FAEE8700175850 /* MenuItemViewController.m in Sources */,
				3CA6CDC315FB3F8000175850 /* ViewProfileViewController.m in Sources */,
				3CA6CDCF15FB460E00175850 /* PhotosViewController.m in Sources */,
				3CA6CDD215FB462C00175850 /* ProfileViewController.m in Sources */,
				3CA6CDE415FC5A3100175850 /* CreateAccountViewController.m in Sources */,
				3CA6CDE815FC5A6400175850 /* UpdateAccountViewController.m in Sources */,
				3CA6CDEB15FC5B2900175850 /* SignInViewController.m in Sources */,
				3CA6CDEE15FC781800175850 /* User.m in Sources */,
				3C048A0F1606D4FE0002D4A7 /* Photo.m in Sources */,
				3C048A13160710620002D4A7 /* AddPhotoCell.m in Sources */,
				3C048A16160711580002D4A7 /* MenuItemThumbnailCell.m in Sources */,
				3C048A191607FFD00002D4A7 /* SavedPhoto.m in Sources */,
				3C048A1D160921DA0002D4A7 /* PhotoThumbnailCell.m in Sources */,
				3C658090162B59DD00EA04BC /* MWCaptionView.m in Sources */,
				3C658091162B59DD00EA04BC /* MWPhoto.m in Sources */,
				3C658092162B59DD00EA04BC /* MWPhotoBrowser.m in Sources */,
				3C658093162B59DD00EA04BC /* MWTapDetectingImageView.m in Sources */,
				3C658094162B59DD00EA04BC /* MWTapDetectingView.m in Sources */,
				3C658095162B59DD00EA04BC /* MWZoomingScrollView.m in Sources */,
				3C65809C162B5A9700EA04BC /* MBProgressHUD.m in Sources */,
				3C6580A7162CFC0F00EA04BC /* FeedbackViewController.m in Sources */,
			);
			runOnlyForDeploymentPostprocessing = 0;
		};
/* End PBXSourcesBuildPhase section */

/* Begin PBXVariantGroup section */
		3C573F0B15F4D0D800CE7BE3 /* InfoPlist.strings */ = {
			isa = PBXVariantGroup;
			children = (
				3C573F0C15F4D0D800CE7BE3 /* en */,
			);
			name = InfoPlist.strings;
			sourceTree = "<group>";
		};
/* End PBXVariantGroup section */

/* Begin XCBuildConfiguration section */
		3C573F1715F4D0D800CE7BE3 /* Debug */ = {
			isa = XCBuildConfiguration;
			buildSettings = {
				ALWAYS_SEARCH_USER_PATHS = NO;
				CLANG_CXX_LANGUAGE_STANDARD = "gnu++0x";
				CLANG_CXX_LIBRARY = "libc++";
				CLANG_ENABLE_OBJC_ARC = YES;
				CLANG_WARN__DUPLICATE_METHOD_MATCH = YES;
				"CODE_SIGN_IDENTITY[sdk=iphoneos*]" = "iPhone Developer";
				COPY_PHASE_STRIP = NO;
				GCC_C_LANGUAGE_STANDARD = gnu99;
				GCC_DYNAMIC_NO_PIC = NO;
				GCC_OPTIMIZATION_LEVEL = 0;
				GCC_PREPROCESSOR_DEFINITIONS = (
					"DEBUG=1",
					"$(inherited)",
				);
				GCC_SYMBOLS_PRIVATE_EXTERN = NO;
				GCC_WARN_ABOUT_RETURN_TYPE = YES;
				GCC_WARN_UNINITIALIZED_AUTOS = YES;
				GCC_WARN_UNUSED_VARIABLE = YES;
				IPHONEOS_DEPLOYMENT_TARGET = 6.0;
				SDKROOT = iphoneos;
			};
			name = Debug;
		};
		3C573F1815F4D0D800CE7BE3 /* Release */ = {
			isa = XCBuildConfiguration;
			buildSettings = {
				ALWAYS_SEARCH_USER_PATHS = NO;
				CLANG_CXX_LANGUAGE_STANDARD = "gnu++0x";
				CLANG_CXX_LIBRARY = "libc++";
				CLANG_ENABLE_OBJC_ARC = YES;
				CLANG_WARN__DUPLICATE_METHOD_MATCH = YES;
				"CODE_SIGN_IDENTITY[sdk=iphoneos*]" = "iPhone Developer";
				COPY_PHASE_STRIP = YES;
				GCC_C_LANGUAGE_STANDARD = gnu99;
				GCC_WARN_ABOUT_RETURN_TYPE = YES;
				GCC_WARN_UNINITIALIZED_AUTOS = YES;
				GCC_WARN_UNUSED_VARIABLE = YES;
				IPHONEOS_DEPLOYMENT_TARGET = 6.0;
				OTHER_CFLAGS = "-DNS_BLOCK_ASSERTIONS=1";
				SDKROOT = iphoneos;
				VALIDATE_PRODUCT = YES;
			};
			name = Release;
		};
		3C573F1A15F4D0D800CE7BE3 /* Debug */ = {
			isa = XCBuildConfiguration;
			buildSettings = {
				GCC_PRECOMPILE_PREFIX_HEADER = YES;
				GCC_PREFIX_HEADER = "MenuPics/MenuPics-Prefix.pch";
				INFOPLIST_FILE = "MenuPics/MenuPics-Info.plist";
				IPHONEOS_DEPLOYMENT_TARGET = 6.0;
				PRODUCT_NAME = "$(TARGET_NAME)";
				WRAPPER_EXTENSION = app;
			};
			name = Debug;
		};
		3C573F1B15F4D0D800CE7BE3 /* Release */ = {
			isa = XCBuildConfiguration;
			buildSettings = {
				GCC_PRECOMPILE_PREFIX_HEADER = YES;
				GCC_PREFIX_HEADER = "MenuPics/MenuPics-Prefix.pch";
				INFOPLIST_FILE = "MenuPics/MenuPics-Info.plist";
				IPHONEOS_DEPLOYMENT_TARGET = 6.0;
				PRODUCT_NAME = "$(TARGET_NAME)";
				WRAPPER_EXTENSION = app;
			};
			name = Release;
		};
/* End XCBuildConfiguration section */

/* Begin XCConfigurationList section */
		3C573EF615F4D0D800CE7BE3 /* Build configuration list for PBXProject "MenuPics" */ = {
			isa = XCConfigurationList;
			buildConfigurations = (
				3C573F1715F4D0D800CE7BE3 /* Debug */,
				3C573F1815F4D0D800CE7BE3 /* Release */,
			);
			defaultConfigurationIsVisible = 0;
			defaultConfigurationName = Release;
		};
		3C573F1915F4D0D800CE7BE3 /* Build configuration list for PBXNativeTarget "MenuPics" */ = {
			isa = XCConfigurationList;
			buildConfigurations = (
				3C573F1A15F4D0D800CE7BE3 /* Debug */,
				3C573F1B15F4D0D800CE7BE3 /* Release */,
			);
			defaultConfigurationIsVisible = 0;
			defaultConfigurationName = Release;
		};
/* End XCConfigurationList section */

/* Begin XCVersionGroup section */
		3C573F1415F4D0D800CE7BE3 /* MenuPics.xcdatamodeld */ = {
			isa = XCVersionGroup;
			children = (
				3C573F6115F5D33D00CE7BE3 /* Base.xcdatamodel */,
				3C573F1515F4D0D800CE7BE3 /* MenuPics.xcdatamodel */,
			);
			currentVersion = 3C573F6115F5D33D00CE7BE3 /* Base.xcdatamodel */;
			path = MenuPics.xcdatamodeld;
			sourceTree = "<group>";
			versionGroupType = wrapper.xcdatamodel;
		};
/* End XCVersionGroup section */
	};
	rootObject = 3C573EF315F4D0D800CE7BE3 /* Project object */;
}
